// !$*UTF8*$!
{
	archiveVersion = 1;
	classes = {
	};
	objectVersion = 46;
	objects = {

/* Begin PBXBuildFile section */
		34A32ECD1C433BE8009D3FA6 /* main.swift in Sources */ = {isa = PBXBuildFile; fileRef = F71748FC1C390F4900A1D7EA /* main.swift */; };
		34A32ECE1C433BE8009D3FA6 /* TerminalAlerter.swift in Sources */ = {isa = PBXBuildFile; fileRef = F71749121C3A47CE00A1D7EA /* TerminalAlerter.swift */; };
		34A32ECF1C433BE8009D3FA6 /* ArgsParser.swift in Sources */ = {isa = PBXBuildFile; fileRef = F71749141C3A47FA00A1D7EA /* ArgsParser.swift */; };
		34A32ED81C433C3A009D3FA6 /* Fake4SwiftKit.framework in Frameworks */ = {isa = PBXBuildFile; fileRef = F749C7441C310EBC00A0ACDC /* Fake4SwiftKit.framework */; };
		34A32EDA1C433C68009D3FA6 /* Fake4SwiftKit.framework in Copy Frameworks */ = {isa = PBXBuildFile; fileRef = F749C7441C310EBC00A0ACDC /* Fake4SwiftKit.framework */; settings = {ATTRIBUTES = (CodeSignOnCopy, RemoveHeadersOnCopy, ); }; };
		34A32EDC1C433DCC009D3FA6 /* Blindside.framework in Copy Frameworks */ = {isa = PBXBuildFile; fileRef = F7E0092D1B7FDA8A00B9E6E6 /* Blindside.framework */; settings = {ATTRIBUTES = (CodeSignOnCopy, RemoveHeadersOnCopy, ); }; };
		34C263731C44977B00CCBDBB /* Oracles.swift in Sources */ = {isa = PBXBuildFile; fileRef = 34C263721C44977B00CCBDBB /* Oracles.swift */; };
		F70354131C37B18600936B55 /* XMASSelectedSourceFileOracle.swift in Sources */ = {isa = PBXBuildFile; fileRef = F70354121C37B18600936B55 /* XMASSelectedSourceFileOracle.swift */; };
		F70354171C37BD3F00936B55 /* XMASGenerateFakeForSwiftProtocolUseCase.h in Headers */ = {isa = PBXBuildFile; fileRef = F70354151C37BD3F00936B55 /* XMASGenerateFakeForSwiftProtocolUseCase.h */; settings = {ATTRIBUTES = (Public, ); }; };
		F70354181C37BD3F00936B55 /* XMASGenerateFakeForSwiftProtocolUseCase.m in Sources */ = {isa = PBXBuildFile; fileRef = F70354161C37BD3F00936B55 /* XMASGenerateFakeForSwiftProtocolUseCase.m */; };
		F703541A1C37BD4C00936B55 /* XMASGenerateFakeForSwiftProtocolUseCaseSpec.mm in Sources */ = {isa = PBXBuildFile; fileRef = F70354191C37BD4C00936B55 /* XMASGenerateFakeForSwiftProtocolUseCaseSpec.mm */; };
		F72C17B01C33C366002B7FD9 /* main.mm in Sources */ = {isa = PBXBuildFile; fileRef = F72C17AF1C33C366002B7FD9 /* main.mm */; };
		F72C17EE1C33C3C2002B7FD9 /* Blindside.framework in Frameworks */ = {isa = PBXBuildFile; fileRef = F7E0092D1B7FDA8A00B9E6E6 /* Blindside.framework */; };
		F72C17EF1C33C3CA002B7FD9 /* Cedar.framework in Frameworks */ = {isa = PBXBuildFile; fileRef = F7BA625A1B2233D0005B99AF /* Cedar.framework */; };
		F72C18011C33C7FB002B7FD9 /* XMASParseSelectedProtocolWorkFlowSpec.mm in Sources */ = {isa = PBXBuildFile; fileRef = F72C18001C33C7FB002B7FD9 /* XMASParseSelectedProtocolWorkFlowSpec.mm */; };
		F72C18021C33C82D002B7FD9 /* XMASParseSelectedProtocolWorkFlow.swift in Sources */ = {isa = PBXBuildFile; fileRef = F747F8161C33BE7C0040827B /* XMASParseSelectedProtocolWorkFlow.swift */; };
		F72C18031C33C837002B7FD9 /* XMASSwiftParser.swift in Sources */ = {isa = PBXBuildFile; fileRef = F747F8111C33BC980040827B /* XMASSwiftParser.swift */; };
		F72C18041C33C839002B7FD9 /* XMASSelectedProtocolOracle.swift in Sources */ = {isa = PBXBuildFile; fileRef = F747F80C1C33BAD50040827B /* XMASSelectedProtocolOracle.swift */; };
		F72C18051C33C844002B7FD9 /* SwiftProtocolDeclaration.swift in Sources */ = {isa = PBXBuildFile; fileRef = F747F80F1C33BBAB0040827B /* SwiftProtocolDeclaration.swift */; };
		F72C180B1C33C8E7002B7FD9 /* Fake4SwiftKitModule.m in Sources */ = {isa = PBXBuildFile; fileRef = F72C18081C33C8E7002B7FD9 /* Fake4SwiftKitModule.m */; };
		F747F80D1C33BAD50040827B /* XMASSelectedProtocolOracle.swift in Sources */ = {isa = PBXBuildFile; fileRef = F747F80C1C33BAD50040827B /* XMASSelectedProtocolOracle.swift */; };
		F747F8101C33BBAB0040827B /* SwiftProtocolDeclaration.swift in Sources */ = {isa = PBXBuildFile; fileRef = F747F80F1C33BBAB0040827B /* SwiftProtocolDeclaration.swift */; };
		F747F8121C33BC980040827B /* XMASSwiftParser.swift in Sources */ = {isa = PBXBuildFile; fileRef = F747F8111C33BC980040827B /* XMASSwiftParser.swift */; };
		F747F8171C33BE7C0040827B /* XMASParseSelectedProtocolWorkFlow.swift in Sources */ = {isa = PBXBuildFile; fileRef = F747F8161C33BE7C0040827B /* XMASParseSelectedProtocolWorkFlow.swift */; };
		F749C7471C310EBC00A0ACDC /* Fake4SwiftKit.h in Headers */ = {isa = PBXBuildFile; fileRef = F749C7461C310EBC00A0ACDC /* Fake4SwiftKit.h */; settings = {ATTRIBUTES = (Public, ); }; };
		F749C77E1C31218700A0ACDC /* XMASAlerter.h in Headers */ = {isa = PBXBuildFile; fileRef = F749C77D1C31218700A0ACDC /* XMASAlerter.h */; settings = {ATTRIBUTES = (Public, ); }; };
		F75404071C580B480040749F /* XMASImplementEquatableUseCase.swift in Sources */ = {isa = PBXBuildFile; fileRef = F75404061C580B480040749F /* XMASImplementEquatableUseCase.swift */; };
		F75404081C580B480040749F /* XMASImplementEquatableUseCase.swift in Sources */ = {isa = PBXBuildFile; fileRef = F75404061C580B480040749F /* XMASImplementEquatableUseCase.swift */; };
		F75404321C580E7C0040749F /* XMASImplementEquatableUseCaseSpec.mm in Sources */ = {isa = PBXBuildFile; fileRef = F75404311C580E7C0040749F /* XMASImplementEquatableUseCaseSpec.mm */; };
		F754E93E1E3809CE008CD743 /* Nimble.framework in Frameworks */ = {isa = PBXBuildFile; fileRef = F754E93C1E380999008CD743 /* Nimble.framework */; };
		F754E93F1E3809CE008CD743 /* Quick.framework in Frameworks */ = {isa = PBXBuildFile; fileRef = F754E93D1E380999008CD743 /* Quick.framework */; };
		F754E9401E380A1F008CD743 /* FakeForMyMutatingProtocol.swift in Sources */ = {isa = PBXBuildFile; fileRef = F7CCB03A1E2F022D00AAA549 /* FakeForMyMutatingProtocol.swift */; };
		F754E9421E380AB1008CD743 /* MyMutatingProtocol.swift in Sources */ = {isa = PBXBuildFile; fileRef = F754E9411E380AB1008CD743 /* MyMutatingProtocol.swift */; };
		F754E9441E380BB6008CD743 /* MySomewhatSpecialProtocol.swift in Sources */ = {isa = PBXBuildFile; fileRef = F754E9431E380BB6008CD743 /* MySomewhatSpecialProtocol.swift */; };
		F754E9451E380BD4008CD743 /* FakeForMySomewhatSpecialProtocol.swift in Sources */ = {isa = PBXBuildFile; fileRef = F7ED4E801E2EFE4B00F482FF /* FakeForMySomewhatSpecialProtocol.swift */; };
		F75C4AF41C37BFAA00615FFF /* XMASLogger.swift in Sources */ = {isa = PBXBuildFile; fileRef = F7F670681C312B96007DDF2E /* XMASLogger.swift */; };
		F75C4B1D1C37C01A00615FFF /* XMASGenerateFakeForSwiftProtocolUseCase.m in Sources */ = {isa = PBXBuildFile; fileRef = F70354161C37BD3F00936B55 /* XMASGenerateFakeForSwiftProtocolUseCase.m */; };
		F75C4B1F1C37C08D00615FFF /* XMASAlerter.h in Headers */ = {isa = PBXBuildFile; fileRef = F749C77D1C31218700A0ACDC /* XMASAlerter.h */; settings = {ATTRIBUTES = (Public, ); }; };
		F75C4B201C37C09100615FFF /* XMASGenerateFakeForSwiftProtocolUseCase.h in Headers */ = {isa = PBXBuildFile; fileRef = F70354151C37BD3F00936B55 /* XMASGenerateFakeForSwiftProtocolUseCase.h */; settings = {ATTRIBUTES = (Public, ); }; };
		F75C4B211C37C09800615FFF /* Fake4SwiftKitModule.h in Headers */ = {isa = PBXBuildFile; fileRef = F72C18071C33C8E7002B7FD9 /* Fake4SwiftKitModule.h */; settings = {ATTRIBUTES = (Public, ); }; };
		F75C4B221C37C09B00615FFF /* Fake4SwiftKit.h in Headers */ = {isa = PBXBuildFile; fileRef = F749C7461C310EBC00A0ACDC /* Fake4SwiftKit.h */; settings = {ATTRIBUTES = (Public, ); }; };
		F75C4B231C37C0F500615FFF /* XMASSelectedSourceFileOracle.swift in Sources */ = {isa = PBXBuildFile; fileRef = F70354121C37B18600936B55 /* XMASSelectedSourceFileOracle.swift */; };
		F765113E1BE9FB2400BFDAD8 /* FakeMySomewhatSpecialProtocolSpec.swift in Sources */ = {isa = PBXBuildFile; fileRef = F765113D1BE9FB2400BFDAD8 /* FakeMySomewhatSpecialProtocolSpec.swift */; };
		F774D63A1E32D7F80069D1A3 /* SWXMLHash.framework in Frameworks */ = {isa = PBXBuildFile; fileRef = F774D6391E32D7F80069D1A3 /* SWXMLHash.framework */; };
		F774D63B1E32D7FE0069D1A3 /* SWXMLHash.framework in Copy Frameworks */ = {isa = PBXBuildFile; fileRef = F774D6391E32D7F80069D1A3 /* SWXMLHash.framework */; settings = {ATTRIBUTES = (CodeSignOnCopy, RemoveHeadersOnCopy, ); }; };
		F774D63C1E3699E00069D1A3 /* SWXMLHash.framework in Copy Frameworks */ = {isa = PBXBuildFile; fileRef = F774D6391E32D7F80069D1A3 /* SWXMLHash.framework */; settings = {ATTRIBUTES = (CodeSignOnCopy, RemoveHeadersOnCopy, ); }; };
		F78743A71C4572F2001DCFE7 /* XMASAddFileToXcodeProjectWorkflow.swift in Sources */ = {isa = PBXBuildFile; fileRef = F78743A61C4572F2001DCFE7 /* XMASAddFileToXcodeProjectWorkflow.swift */; };
		F78743A81C4572F2001DCFE7 /* XMASAddFileToXcodeProjectWorkflow.swift in Sources */ = {isa = PBXBuildFile; fileRef = F78743A61C4572F2001DCFE7 /* XMASAddFileToXcodeProjectWorkflow.swift */; };
		F7994F1B1E6406D50067A169 /* Nimble.framework in CopyFiles */ = {isa = PBXBuildFile; fileRef = F754E93C1E380999008CD743 /* Nimble.framework */; settings = {ATTRIBUTES = (CodeSignOnCopy, RemoveHeadersOnCopy, ); }; };
		F7994F1C1E6406D50067A169 /* Quick.framework in CopyFiles */ = {isa = PBXBuildFile; fileRef = F754E93D1E380999008CD743 /* Quick.framework */; settings = {ATTRIBUTES = (CodeSignOnCopy, RemoveHeadersOnCopy, ); }; };
		F7C74BFB1C57541F001F9CE6 /* XMASParseSelectedStructWorkflow.swift in Sources */ = {isa = PBXBuildFile; fileRef = F7C74BFA1C57541F001F9CE6 /* XMASParseSelectedStructWorkflow.swift */; };
		F7C74BFC1C57541F001F9CE6 /* XMASParseSelectedStructWorkflow.swift in Sources */ = {isa = PBXBuildFile; fileRef = F7C74BFA1C57541F001F9CE6 /* XMASParseSelectedStructWorkflow.swift */; };
		F7C74BFE1C57550C001F9CE6 /* XMASSelectedStructOracle.swift in Sources */ = {isa = PBXBuildFile; fileRef = F7C74BFD1C57550C001F9CE6 /* XMASSelectedStructOracle.swift */; };
		F7C74BFF1C57550C001F9CE6 /* XMASSelectedStructOracle.swift in Sources */ = {isa = PBXBuildFile; fileRef = F7C74BFD1C57550C001F9CE6 /* XMASSelectedStructOracle.swift */; };
		F7C74C011C57554C001F9CE6 /* SwiftStructDeclaration.swift in Sources */ = {isa = PBXBuildFile; fileRef = F7C74C001C57554C001F9CE6 /* SwiftStructDeclaration.swift */; };
		F7C74C021C57554C001F9CE6 /* SwiftStructDeclaration.swift in Sources */ = {isa = PBXBuildFile; fileRef = F7C74C001C57554C001F9CE6 /* SwiftStructDeclaration.swift */; };
		F7C74C051C57570C001F9CE6 /* XMASParseSelectedStructWorkflowSpec.mm in Sources */ = {isa = PBXBuildFile; fileRef = F7C74C041C57570C001F9CE6 /* XMASParseSelectedStructWorkflowSpec.mm */; };
		F7C74C101C57E42C001F9CE6 /* XMASEquatableWriter.swift in Sources */ = {isa = PBXBuildFile; fileRef = F7C74C0F1C57E42C001F9CE6 /* XMASEquatableWriter.swift */; };
		F7C74C111C57E42C001F9CE6 /* XMASEquatableWriter.swift in Sources */ = {isa = PBXBuildFile; fileRef = F7C74C0F1C57E42C001F9CE6 /* XMASEquatableWriter.swift */; };
		F7C74C131C57E4B2001F9CE6 /* XMASEquatableTemplateStamper.swift in Sources */ = {isa = PBXBuildFile; fileRef = F7C74C121C57E4B2001F9CE6 /* XMASEquatableTemplateStamper.swift */; };
		F7C74C141C57E4B2001F9CE6 /* XMASEquatableTemplateStamper.swift in Sources */ = {isa = PBXBuildFile; fileRef = F7C74C121C57E4B2001F9CE6 /* XMASEquatableTemplateStamper.swift */; };
		F7C74C161C57E617001F9CE6 /* XMASEquatableTemplateStamperSpec.mm in Sources */ = {isa = PBXBuildFile; fileRef = F7C74C151C57E617001F9CE6 /* XMASEquatableTemplateStamperSpec.mm */; };
		F7C74C2A1C57FACB001F9CE6 /* XMASEquatableWriterSpec.mm in Sources */ = {isa = PBXBuildFile; fileRef = F7C74C291C57FACB001F9CE6 /* XMASEquatableWriterSpec.mm */; };
		F7CCB0391E2F01C300AAA549 /* EmptyProtocol.swift in Copy Fixtures */ = {isa = PBXBuildFile; fileRef = F7CCB00A1E2F01B100AAA549 /* EmptyProtocol.swift */; };
		F7CCB03C1E2F024700AAA549 /* FakeForMyMutatingProtocol.swift in Copy Fixtures */ = {isa = PBXBuildFile; fileRef = F7CCB03A1E2F022D00AAA549 /* FakeForMyMutatingProtocol.swift */; };
		F7CCB03D1E2F039C00AAA549 /* Mustache.framework in Copy Frameworks */ = {isa = PBXBuildFile; fileRef = F7ED4E571E2EDE1700F482FF /* Mustache.framework */; settings = {ATTRIBUTES = (CodeSignOnCopy, RemoveHeadersOnCopy, ); }; };
		F7CCB03E1E2F03AC00AAA549 /* Yams.framework in Copy Frameworks */ = {isa = PBXBuildFile; fileRef = F7ED4E641E2EF7EA00F482FF /* Yams.framework */; settings = {ATTRIBUTES = (CodeSignOnCopy, RemoveHeadersOnCopy, ); }; };
		F7DB97581BEFFC9900A9C474 /* FakeMyMutatingProtocolSpec.swift in Sources */ = {isa = PBXBuildFile; fileRef = F7DB97571BEFFC9900A9C474 /* FakeMyMutatingProtocolSpec.swift */; };
		F7ED4E581E2EDE2300F482FF /* Mustache.framework in Frameworks */ = {isa = PBXBuildFile; fileRef = F7ED4E571E2EDE1700F482FF /* Mustache.framework */; };
		F7ED4E591E2EE13300F482FF /* Mustache.framework in Frameworks */ = {isa = PBXBuildFile; fileRef = F7ED4E571E2EDE1700F482FF /* Mustache.framework */; };
		F7ED4E5D1E2EE28B00F482FF /* TempFileHelper.h in Headers */ = {isa = PBXBuildFile; fileRef = F7ED4E5B1E2EE28B00F482FF /* TempFileHelper.h */; };
		F7ED4E5E1E2EE28B00F482FF /* TempFileHelper.m in Sources */ = {isa = PBXBuildFile; fileRef = F7ED4E5C1E2EE28B00F482FF /* TempFileHelper.m */; };
		F7ED4E5F1E2EE2B600F482FF /* Mustache.framework in Copy Frameworks */ = {isa = PBXBuildFile; fileRef = F7ED4E571E2EDE1700F482FF /* Mustache.framework */; settings = {ATTRIBUTES = (CodeSignOnCopy, RemoveHeadersOnCopy, ); }; };
		F7ED4E621E2EF7AF00F482FF /* SourceKittenFramework.framework in Copy Frameworks */ = {isa = PBXBuildFile; fileRef = F7ED4E601E2EF7AC00F482FF /* SourceKittenFramework.framework */; settings = {ATTRIBUTES = (CodeSignOnCopy, RemoveHeadersOnCopy, ); }; };
		F7ED4E661E2EF84C00F482FF /* SourceKittenFramework.framework in Copy Frameworks */ = {isa = PBXBuildFile; fileRef = F7ED4E601E2EF7AC00F482FF /* SourceKittenFramework.framework */; settings = {ATTRIBUTES = (CodeSignOnCopy, RemoveHeadersOnCopy, ); }; };
		F7ED4E671E2EF84C00F482FF /* Yams.framework in Copy Frameworks */ = {isa = PBXBuildFile; fileRef = F7ED4E641E2EF7EA00F482FF /* Yams.framework */; settings = {ATTRIBUTES = (CodeSignOnCopy, RemoveHeadersOnCopy, ); }; };
		F7ED4E681E2EF86200F482FF /* SourceKittenFramework.framework in Frameworks */ = {isa = PBXBuildFile; fileRef = F7ED4E601E2EF7AC00F482FF /* SourceKittenFramework.framework */; };
		F7ED4E701E2EFA9F00F482FF /* MySpecialStruct.swift in Copy Fixtures */ = {isa = PBXBuildFile; fileRef = F7ED4E6A1E2EF9F800F482FF /* MySpecialStruct.swift */; };
		F7ED4E741E2EFBAF00F482FF /* ProtocolEdgeCases.swift in Copy Fixtures */ = {isa = PBXBuildFile; fileRef = F7ED4E721E2EFB8100F482FF /* ProtocolEdgeCases.swift */; };
		F7ED4E751E2EFBAF00F482FF /* MySpecialStruct+Equatable.swift in Copy Fixtures */ = {isa = PBXBuildFile; fileRef = F7ED4E6B1E2EF9F800F482FF /* MySpecialStruct+Equatable.swift */; };
		F7ED4E781E2EFCB600F482FF /* MySpecialStructEquatableExtension.swift in Copy Fixtures */ = {isa = PBXBuildFile; fileRef = F7ED4E761E2EFC9A00F482FF /* MySpecialStructEquatableExtension.swift */; };
		F7ED4E821E2EFE6B00F482FF /* FakeForMySomewhatSpecialProtocol.swift in Copy Fixtures */ = {isa = PBXBuildFile; fileRef = F7ED4E801E2EFE4B00F482FF /* FakeForMySomewhatSpecialProtocol.swift */; };
		F7F670691C312B96007DDF2E /* XMASLogger.swift in Sources */ = {isa = PBXBuildFile; fileRef = F7F670681C312B96007DDF2E /* XMASLogger.swift */; };
		F7F8A6661E2FE3FE00BB3050 /* Blindside.framework in Frameworks */ = {isa = PBXBuildFile; fileRef = F7E0092D1B7FDA8A00B9E6E6 /* Blindside.framework */; };
		F7F8A6671E2FE3FE00BB3050 /* Mustache.framework in Frameworks */ = {isa = PBXBuildFile; fileRef = F7ED4E571E2EDE1700F482FF /* Mustache.framework */; };
		F7F8A6681E2FE3FE00BB3050 /* SourceKittenFramework.framework in Frameworks */ = {isa = PBXBuildFile; fileRef = F7ED4E601E2EF7AC00F482FF /* SourceKittenFramework.framework */; };
		F7F8A6691E2FE3FE00BB3050 /* Yams.framework in Frameworks */ = {isa = PBXBuildFile; fileRef = F7ED4E641E2EF7EA00F482FF /* Yams.framework */; };
		F7F8A66C1E2FE9AA00BB3050 /* SwiftCounterfeitClass.mustache in Copy Templates */ = {isa = PBXBuildFile; fileRef = F7ED4E7A1E2EFDCA00F482FF /* SwiftCounterfeitClass.mustache */; };
		F7F8A66D1E2FE9AA00BB3050 /* SwiftCounterfeitStruct.mustache in Copy Templates */ = {isa = PBXBuildFile; fileRef = F7ED4E7B1E2EFDCA00F482FF /* SwiftCounterfeitStruct.mustache */; };
		F7F8A66E1E2FE9AA00BB3050 /* SwiftEquatableStruct.mustache in Copy Templates */ = {isa = PBXBuildFile; fileRef = F7ED4E7C1E2EFDCA00F482FF /* SwiftEquatableStruct.mustache */; };
		F7F8A66F1E2FEB1E00BB3050 /* SwiftCounterfeitClass.mustache in Copy Fixtures */ = {isa = PBXBuildFile; fileRef = F7ED4E7A1E2EFDCA00F482FF /* SwiftCounterfeitClass.mustache */; };
		F7F8A6701E2FEB1E00BB3050 /* SwiftCounterfeitStruct.mustache in Copy Fixtures */ = {isa = PBXBuildFile; fileRef = F7ED4E7B1E2EFDCA00F482FF /* SwiftCounterfeitStruct.mustache */; };
		F7F8A6711E2FEB1E00BB3050 /* SwiftEquatableStruct.mustache in Copy Fixtures */ = {isa = PBXBuildFile; fileRef = F7ED4E7C1E2EFDCA00F482FF /* SwiftEquatableStruct.mustache */; };
		F7FB6F241C37C35900BC75AF /* XMASFileManager.swift in Sources */ = {isa = PBXBuildFile; fileRef = F7FB6F231C37C35900BC75AF /* XMASFileManager.swift */; };
		F7FB6F251C37C35900BC75AF /* XMASFileManager.swift in Sources */ = {isa = PBXBuildFile; fileRef = F7FB6F231C37C35900BC75AF /* XMASFileManager.swift */; };
		F7FCC2321C33D05300263EED /* Blindside.framework in Frameworks */ = {isa = PBXBuildFile; fileRef = F7E0092D1B7FDA8A00B9E6E6 /* Blindside.framework */; };
		F7FCC23A1C3519F900263EED /* XMASFakeProtocolPersisterSpec.mm in Sources */ = {isa = PBXBuildFile; fileRef = F7FCC2391C3519F900263EED /* XMASFakeProtocolPersisterSpec.mm */; };
		F7FCC23C1C351A5E00263EED /* XMASSwiftProtocolFaker.swift in Sources */ = {isa = PBXBuildFile; fileRef = F7FCC23B1C351A5E00263EED /* XMASSwiftProtocolFaker.swift */; };
		F7FCC23D1C351A6300263EED /* XMASSwiftProtocolFaker.swift in Sources */ = {isa = PBXBuildFile; fileRef = F7FCC23B1C351A5E00263EED /* XMASSwiftProtocolFaker.swift */; };
		F7FCC23F1C351A9F00263EED /* XMASSwiftProtocolFakerSpec.mm in Sources */ = {isa = PBXBuildFile; fileRef = F7FCC23E1C351A9F00263EED /* XMASSwiftProtocolFakerSpec.mm */; };
		F7FCC2491C35227000263EED /* XMASFakeProtocolPersister.swift in Sources */ = {isa = PBXBuildFile; fileRef = F7FCC2481C35226F00263EED /* XMASFakeProtocolPersister.swift */; };
		F7FCC24A1C35227000263EED /* XMASFakeProtocolPersister.swift in Sources */ = {isa = PBXBuildFile; fileRef = F7FCC2481C35226F00263EED /* XMASFakeProtocolPersister.swift */; };
/* End PBXBuildFile section */

/* Begin PBXContainerItemProxy section */
		34A32ED21C433C05009D3FA6 /* PBXContainerItemProxy */ = {
			isa = PBXContainerItemProxy;
			containerPortal = F7E009221B7FDA8900B9E6E6 /* Blindside.xcodeproj */;
			proxyType = 1;
			remoteGlobalIDString = 29CAC6E3150292AD00731862;
			remoteInfo = Blindside;
		};
		34A32ED61C433C14009D3FA6 /* PBXContainerItemProxy */ = {
			isa = PBXContainerItemProxy;
			containerPortal = 960FA0861605819F00923A87 /* Project object */;
			proxyType = 1;
			remoteGlobalIDString = F749C7431C310EBC00A0ACDC;
			remoteInfo = BetterRefactorToolsKit;
		};
		F72C17E41C33C390002B7FD9 /* PBXContainerItemProxy */ = {
			isa = PBXContainerItemProxy;
			containerPortal = F7E009221B7FDA8900B9E6E6 /* Blindside.xcodeproj */;
			proxyType = 1;
			remoteGlobalIDString = 29CAC6E3150292AD00731862;
			remoteInfo = Blindside;
		};
		F72C17E61C33C394002B7FD9 /* PBXContainerItemProxy */ = {
			isa = PBXContainerItemProxy;
			containerPortal = F7BA62491B2233D0005B99AF /* Cedar.xcodeproj */;
			proxyType = 1;
			remoteGlobalIDString = AEEE1FB511DC271300029872;
			remoteInfo = Cedar;
		};
		F75C4B241C37C19800615FFF /* PBXContainerItemProxy */ = {
			isa = PBXContainerItemProxy;
			containerPortal = 960FA0861605819F00923A87 /* Project object */;
			proxyType = 1;
			remoteGlobalIDString = F749C7431C310EBC00A0ACDC;
			remoteInfo = BetterRefactorToolsKit;
		};
		F78BDE431BC3A00000AFB7D9 /* PBXContainerItemProxy */ = {
			isa = PBXContainerItemProxy;
			containerPortal = F7E009221B7FDA8900B9E6E6 /* Blindside.xcodeproj */;
			proxyType = 2;
			remoteGlobalIDString = 34E710AB1B9F85210088AB71;
			remoteInfo = "Blindside-watchOS";
		};
		F78BDE451BC3A00000AFB7D9 /* PBXContainerItemProxy */ = {
			isa = PBXContainerItemProxy;
			containerPortal = F7E009221B7FDA8900B9E6E6 /* Blindside.xcodeproj */;
			proxyType = 2;
			remoteGlobalIDString = 34A18BD31B9F887200A65DB3;
			remoteInfo = "Blindside-watchOS BuildTest";
		};
		F78BDE471BC3A00000AFB7D9 /* PBXContainerItemProxy */ = {
			isa = PBXContainerItemProxy;
			containerPortal = F7E009221B7FDA8900B9E6E6 /* Blindside.xcodeproj */;
			proxyType = 2;
			remoteGlobalIDString = 34A18BDF1B9F887300A65DB3;
			remoteInfo = "Blindside-watchOS BuildTest Extension";
		};
		F791FB721CCA8D99004C31EB /* PBXContainerItemProxy */ = {
			isa = PBXContainerItemProxy;
			containerPortal = F7BA62491B2233D0005B99AF /* Cedar.xcodeproj */;
			proxyType = 2;
			remoteGlobalIDString = 346261DF1B995239002CAEBD;
			remoteInfo = "Cedar-watchOS";
		};
		F791FB741CCA8D99004C31EB /* PBXContainerItemProxy */ = {
			isa = PBXContainerItemProxy;
			containerPortal = F7BA62491B2233D0005B99AF /* Cedar.xcodeproj */;
			proxyType = 2;
			remoteGlobalIDString = 34D7C3CA1BB9747400E8E523;
			remoteInfo = "Cedar-tvOS";
		};
		F791FB761CCA8D99004C31EB /* PBXContainerItemProxy */ = {
			isa = PBXContainerItemProxy;
			containerPortal = F7BA62491B2233D0005B99AF /* Cedar.xcodeproj */;
			proxyType = 2;
			remoteGlobalIDString = 34852D211BBE35FF0072D249;
			remoteInfo = "Cedar-watchOS HostApp";
		};
		F791FB781CCA8D99004C31EB /* PBXContainerItemProxy */ = {
			isa = PBXContainerItemProxy;
			containerPortal = F7BA62491B2233D0005B99AF /* Cedar.xcodeproj */;
			proxyType = 2;
			remoteGlobalIDString = 346262781B99C1DB002CAEBD;
			remoteInfo = "Cedar-watchOS Specs";
		};
		F791FB7A1CCA8D99004C31EB /* PBXContainerItemProxy */ = {
			isa = PBXContainerItemProxy;
			containerPortal = F7BA62491B2233D0005B99AF /* Cedar.xcodeproj */;
			proxyType = 2;
			remoteGlobalIDString = 346262841B99C1DC002CAEBD;
			remoteInfo = "Cedar-watchOS Specs Extension";
		};
		F791FB7C1CCA8D99004C31EB /* PBXContainerItemProxy */ = {
			isa = PBXContainerItemProxy;
			containerPortal = F7BA62491B2233D0005B99AF /* Cedar.xcodeproj */;
			proxyType = 2;
			remoteGlobalIDString = 34D7C4691BB9B71600E8E523;
			remoteInfo = "Cedar-tvOS SpecBundle";
		};
		F7BA62591B2233D0005B99AF /* PBXContainerItemProxy */ = {
			isa = PBXContainerItemProxy;
			containerPortal = F7BA62491B2233D0005B99AF /* Cedar.xcodeproj */;
			proxyType = 2;
			remoteGlobalIDString = AEEE1FB611DC271300029872;
			remoteInfo = Cedar;
		};
		F7BA625B1B2233D0005B99AF /* PBXContainerItemProxy */ = {
			isa = PBXContainerItemProxy;
			containerPortal = F7BA62491B2233D0005B99AF /* Cedar.xcodeproj */;
			proxyType = 2;
			remoteGlobalIDString = AEEE218611DC28E200029872;
			remoteInfo = "Cedar OS X Specs";
		};
		F7BA625D1B2233D0005B99AF /* PBXContainerItemProxy */ = {
			isa = PBXContainerItemProxy;
			containerPortal = F7BA62491B2233D0005B99AF /* Cedar.xcodeproj */;
			proxyType = 2;
			remoteGlobalIDString = 96A07F0813F276640021974D;
			remoteInfo = "Cedar OS X FocusedSpecs";
		};
		F7BA625F1B2233D0005B99AF /* PBXContainerItemProxy */ = {
			isa = PBXContainerItemProxy;
			containerPortal = F7BA62491B2233D0005B99AF /* Cedar.xcodeproj */;
			proxyType = 2;
			remoteGlobalIDString = AEEE222911DC2B0600029872;
			remoteInfo = "Cedar-StaticLib";
		};
		F7BA62611B2233D0005B99AF /* PBXContainerItemProxy */ = {
			isa = PBXContainerItemProxy;
			containerPortal = F7BA62491B2233D0005B99AF /* Cedar.xcodeproj */;
			proxyType = 2;
			remoteGlobalIDString = AEEE227611DC2CF900029872;
			remoteInfo = "Cedar iOS Specs";
		};
		F7BA62631B2233D0005B99AF /* PBXContainerItemProxy */ = {
			isa = PBXContainerItemProxy;
			containerPortal = F7BA62491B2233D0005B99AF /* Cedar.xcodeproj */;
			proxyType = 2;
			remoteGlobalIDString = AE02E7E4184EABCD00414F19;
			remoteInfo = "Cedar iOS FrameworkSpecs";
		};
		F7BA62651B2233D0005B99AF /* PBXContainerItemProxy */ = {
			isa = PBXContainerItemProxy;
			containerPortal = F7BA62491B2233D0005B99AF /* Cedar.xcodeproj */;
			proxyType = 2;
			remoteGlobalIDString = 96B5F9F6144A81A7000A6A5D;
			remoteInfo = "Cedar iOS Host App";
		};
		F7BA62691B2233D0005B99AF /* PBXContainerItemProxy */ = {
			isa = PBXContainerItemProxy;
			containerPortal = F7BA62491B2233D0005B99AF /* Cedar.xcodeproj */;
			proxyType = 2;
			remoteGlobalIDString = 1F45A3DD180E4796003C1E36;
			remoteInfo = "Cedar iOS XCTest Tests";
		};
		F7BA626B1B2233D0005B99AF /* PBXContainerItemProxy */ = {
			isa = PBXContainerItemProxy;
			containerPortal = F7BA62491B2233D0005B99AF /* Cedar.xcodeproj */;
			proxyType = 2;
			remoteGlobalIDString = AE248F9819DCD52500092C14;
			remoteInfo = "Cedar OS X Host App";
		};
		F7BA626D1B2233D0005B99AF /* PBXContainerItemProxy */ = {
			isa = PBXContainerItemProxy;
			containerPortal = F7BA62491B2233D0005B99AF /* Cedar.xcodeproj */;
			proxyType = 2;
			remoteGlobalIDString = AE248FAA19DCD52500092C14;
			remoteInfo = "Cedar OS X Host AppTests";
		};
		F7E0092C1B7FDA8A00B9E6E6 /* PBXContainerItemProxy */ = {
			isa = PBXContainerItemProxy;
			containerPortal = F7E009221B7FDA8900B9E6E6 /* Blindside.xcodeproj */;
			proxyType = 2;
			remoteGlobalIDString = 29CAC6E4150292AD00731862;
			remoteInfo = Blindside;
		};
		F7E0092E1B7FDA8A00B9E6E6 /* PBXContainerItemProxy */ = {
			isa = PBXContainerItemProxy;
			containerPortal = F7E009221B7FDA8900B9E6E6 /* Blindside.xcodeproj */;
			proxyType = 2;
			remoteGlobalIDString = 29CAC7001502932000731862;
			remoteInfo = Specs;
		};
		F7E009301B7FDA8A00B9E6E6 /* PBXContainerItemProxy */ = {
			isa = PBXContainerItemProxy;
			containerPortal = F7E009221B7FDA8900B9E6E6 /* Blindside.xcodeproj */;
			proxyType = 2;
			remoteGlobalIDString = 29997B471505EC0B00C12110;
			remoteInfo = "Blindside-StaticLib";
		};
		F7E009321B7FDA8A00B9E6E6 /* PBXContainerItemProxy */ = {
			isa = PBXContainerItemProxy;
			containerPortal = F7E009221B7FDA8900B9E6E6 /* Blindside.xcodeproj */;
			proxyType = 2;
			remoteGlobalIDString = AE4864BD1B066F11005DB302;
			remoteInfo = "Blindside-iOS-Framework";
		};
		F7E009341B7FDA8A00B9E6E6 /* PBXContainerItemProxy */ = {
			isa = PBXContainerItemProxy;
			containerPortal = F7E009221B7FDA8900B9E6E6 /* Blindside.xcodeproj */;
			proxyType = 2;
			remoteGlobalIDString = AE03FC1A1B0A57DD00013784;
			remoteInfo = "Blindside-iOS-Framework BuildTest";
		};
		F7E0BFFF1BABE89B00A4A669 /* PBXContainerItemProxy */ = {
			isa = PBXContainerItemProxy;
			containerPortal = F7BA62491B2233D0005B99AF /* Cedar.xcodeproj */;
			proxyType = 2;
			remoteGlobalIDString = AE4864F81B067620005DB302;
			remoteInfo = "Cedar-iOS-Framework";
		};
		F7E0C0011BABE89B00A4A669 /* PBXContainerItemProxy */ = {
			isa = PBXContainerItemProxy;
			containerPortal = F7BA62491B2233D0005B99AF /* Cedar.xcodeproj */;
			proxyType = 2;
			remoteGlobalIDString = AE03FBE91B06C33B00013784;
			remoteInfo = "Cedar-iOS-Framework Specs";
		};
		F7FCC2301C33D04C00263EED /* PBXContainerItemProxy */ = {
			isa = PBXContainerItemProxy;
			containerPortal = F7E009221B7FDA8900B9E6E6 /* Blindside.xcodeproj */;
			proxyType = 1;
			remoteGlobalIDString = 29CAC6E3150292AD00731862;
			remoteInfo = Blindside;
		};
/* End PBXContainerItemProxy section */

/* Begin PBXCopyFilesBuildPhase section */
		34A32ED91C433C4B009D3FA6 /* Copy Frameworks */ = {
			isa = PBXCopyFilesBuildPhase;
			buildActionMask = 2147483647;
			dstPath = "";
			dstSubfolderSpec = 10;
			files = (
				F774D63C1E3699E00069D1A3 /* SWXMLHash.framework in Copy Frameworks */,
				F7CCB03E1E2F03AC00AAA549 /* Yams.framework in Copy Frameworks */,
				34A32EDC1C433DCC009D3FA6 /* Blindside.framework in Copy Frameworks */,
				34A32EDA1C433C68009D3FA6 /* Fake4SwiftKit.framework in Copy Frameworks */,
				F7ED4E621E2EF7AF00F482FF /* SourceKittenFramework.framework in Copy Frameworks */,
				F7CCB03D1E2F039C00AAA549 /* Mustache.framework in Copy Frameworks */,
			);
			name = "Copy Frameworks";
			runOnlyForDeploymentPostprocessing = 0;
		};
		F72C17F41C33C49D002B7FD9 /* Copy Frameworks */ = {
			isa = PBXCopyFilesBuildPhase;
			buildActionMask = 2147483647;
			dstPath = "";
			dstSubfolderSpec = 10;
			files = (
				F7ED4E5F1E2EE2B600F482FF /* Mustache.framework in Copy Frameworks */,
				F7ED4E661E2EF84C00F482FF /* SourceKittenFramework.framework in Copy Frameworks */,
				F7ED4E671E2EF84C00F482FF /* Yams.framework in Copy Frameworks */,
				F774D63B1E32D7FE0069D1A3 /* SWXMLHash.framework in Copy Frameworks */,
			);
			name = "Copy Frameworks";
			runOnlyForDeploymentPostprocessing = 0;
		};
		F72C180F1C33CAC5002B7FD9 /* Copy Fixtures */ = {
			isa = PBXCopyFilesBuildPhase;
			buildActionMask = 2147483647;
			dstPath = "";
			dstSubfolderSpec = 7;
			files = (
				F7F8A66F1E2FEB1E00BB3050 /* SwiftCounterfeitClass.mustache in Copy Fixtures */,
				F7F8A6701E2FEB1E00BB3050 /* SwiftCounterfeitStruct.mustache in Copy Fixtures */,
				F7F8A6711E2FEB1E00BB3050 /* SwiftEquatableStruct.mustache in Copy Fixtures */,
				F7CCB0391E2F01C300AAA549 /* EmptyProtocol.swift in Copy Fixtures */,
				F7CCB03C1E2F024700AAA549 /* FakeForMyMutatingProtocol.swift in Copy Fixtures */,
				F7ED4E821E2EFE6B00F482FF /* FakeForMySomewhatSpecialProtocol.swift in Copy Fixtures */,
				F7ED4E781E2EFCB600F482FF /* MySpecialStructEquatableExtension.swift in Copy Fixtures */,
				F7ED4E701E2EFA9F00F482FF /* MySpecialStruct.swift in Copy Fixtures */,
				F7ED4E741E2EFBAF00F482FF /* ProtocolEdgeCases.swift in Copy Fixtures */,
				F7ED4E751E2EFBAF00F482FF /* MySpecialStruct+Equatable.swift in Copy Fixtures */,
			);
			name = "Copy Fixtures";
			runOnlyForDeploymentPostprocessing = 0;
		};
		F7994F1A1E6406C90067A169 /* CopyFiles */ = {
			isa = PBXCopyFilesBuildPhase;
			buildActionMask = 2147483647;
			dstPath = "";
			dstSubfolderSpec = 10;
			files = (
				F7994F1B1E6406D50067A169 /* Nimble.framework in CopyFiles */,
				F7994F1C1E6406D50067A169 /* Quick.framework in CopyFiles */,
			);
			runOnlyForDeploymentPostprocessing = 0;
		};
		F7FCC2431C351E1200263EED /* Copy Templates */ = {
			isa = PBXCopyFilesBuildPhase;
			buildActionMask = 2147483647;
			dstPath = "";
			dstSubfolderSpec = 7;
			files = (
				F7F8A66C1E2FE9AA00BB3050 /* SwiftCounterfeitClass.mustache in Copy Templates */,
				F7F8A66D1E2FE9AA00BB3050 /* SwiftCounterfeitStruct.mustache in Copy Templates */,
				F7F8A66E1E2FE9AA00BB3050 /* SwiftEquatableStruct.mustache in Copy Templates */,
			);
			name = "Copy Templates";
			runOnlyForDeploymentPostprocessing = 0;
		};
/* End PBXCopyFilesBuildPhase section */

/* Begin PBXFileReference section */
		34A32EC01C433A2B009D3FA6 /* fake4swift.app */ = {isa = PBXFileReference; explicitFileType = wrapper.application; includeInIndex = 0; path = fake4swift.app; sourceTree = BUILT_PRODUCTS_DIR; };
		34A32EC91C433A2B009D3FA6 /* Info.plist */ = {isa = PBXFileReference; lastKnownFileType = text.plist.xml; path = Info.plist; sourceTree = "<group>"; };
		34C263721C44977B00CCBDBB /* Oracles.swift */ = {isa = PBXFileReference; fileEncoding = 4; lastKnownFileType = sourcecode.swift; path = Oracles.swift; sourceTree = "<group>"; };
		960FA0921605819F00923A87 /* CoreFoundation.framework */ = {isa = PBXFileReference; lastKnownFileType = wrapper.framework; name = CoreFoundation.framework; path = System/Library/Frameworks/CoreFoundation.framework; sourceTree = SDKROOT; };
		960FA0961605819F00923A87 /* Info.plist */ = {isa = PBXFileReference; lastKnownFileType = text.plist.xml; path = Info.plist; sourceTree = "<group>"; };
		960FA0A31605858400923A87 /* AppKit.framework */ = {isa = PBXFileReference; lastKnownFileType = wrapper.framework; name = AppKit.framework; path = System/Library/Frameworks/AppKit.framework; sourceTree = SDKROOT; };
		F70354121C37B18600936B55 /* XMASSelectedSourceFileOracle.swift */ = {isa = PBXFileReference; fileEncoding = 4; lastKnownFileType = sourcecode.swift; path = XMASSelectedSourceFileOracle.swift; sourceTree = "<group>"; };
		F70354151C37BD3F00936B55 /* XMASGenerateFakeForSwiftProtocolUseCase.h */ = {isa = PBXFileReference; fileEncoding = 4; lastKnownFileType = sourcecode.c.h; path = XMASGenerateFakeForSwiftProtocolUseCase.h; sourceTree = "<group>"; };
		F70354161C37BD3F00936B55 /* XMASGenerateFakeForSwiftProtocolUseCase.m */ = {isa = PBXFileReference; fileEncoding = 4; lastKnownFileType = sourcecode.c.objc; path = XMASGenerateFakeForSwiftProtocolUseCase.m; sourceTree = "<group>"; };
		F70354191C37BD4C00936B55 /* XMASGenerateFakeForSwiftProtocolUseCaseSpec.mm */ = {isa = PBXFileReference; fileEncoding = 4; lastKnownFileType = sourcecode.cpp.objcpp; path = XMASGenerateFakeForSwiftProtocolUseCaseSpec.mm; sourceTree = "<group>"; };
		F71748FC1C390F4900A1D7EA /* main.swift */ = {isa = PBXFileReference; lastKnownFileType = sourcecode.swift; path = main.swift; sourceTree = "<group>"; };
		F71749121C3A47CE00A1D7EA /* TerminalAlerter.swift */ = {isa = PBXFileReference; fileEncoding = 4; lastKnownFileType = sourcecode.swift; path = TerminalAlerter.swift; sourceTree = "<group>"; };
		F71749141C3A47FA00A1D7EA /* ArgsParser.swift */ = {isa = PBXFileReference; fileEncoding = 4; lastKnownFileType = sourcecode.swift; path = ArgsParser.swift; sourceTree = "<group>"; };
		F72C17A91C33C366002B7FD9 /* Fake4SwiftKitSpecs.app */ = {isa = PBXFileReference; explicitFileType = wrapper.application; includeInIndex = 0; path = Fake4SwiftKitSpecs.app; sourceTree = BUILT_PRODUCTS_DIR; };
		F72C17AF1C33C366002B7FD9 /* main.mm */ = {isa = PBXFileReference; lastKnownFileType = sourcecode.cpp.objcpp; path = main.mm; sourceTree = "<group>"; };
		F72C17B61C33C366002B7FD9 /* Info.plist */ = {isa = PBXFileReference; lastKnownFileType = text.plist.xml; path = Info.plist; sourceTree = "<group>"; };
		F72C17FB1C33C754002B7FD9 /* Fake4SwiftKitSpecs-Bridging-Header.h */ = {isa = PBXFileReference; lastKnownFileType = sourcecode.c.h; path = "Fake4SwiftKitSpecs-Bridging-Header.h"; sourceTree = "<group>"; };
		F72C18001C33C7FB002B7FD9 /* XMASParseSelectedProtocolWorkFlowSpec.mm */ = {isa = PBXFileReference; fileEncoding = 4; lastKnownFileType = sourcecode.cpp.objcpp; path = XMASParseSelectedProtocolWorkFlowSpec.mm; sourceTree = "<group>"; };
		F72C18071C33C8E7002B7FD9 /* Fake4SwiftKitModule.h */ = {isa = PBXFileReference; fileEncoding = 4; lastKnownFileType = sourcecode.c.h; path = Fake4SwiftKitModule.h; sourceTree = "<group>"; };
		F72C18081C33C8E7002B7FD9 /* Fake4SwiftKitModule.m */ = {isa = PBXFileReference; fileEncoding = 4; lastKnownFileType = sourcecode.c.objc; path = Fake4SwiftKitModule.m; sourceTree = "<group>"; };
		F72C180C1C33C9AF002B7FD9 /* KitSwiftCompatibilityHeader.h */ = {isa = PBXFileReference; lastKnownFileType = sourcecode.c.h; path = KitSwiftCompatibilityHeader.h; sourceTree = "<group>"; };
		F747F80C1C33BAD50040827B /* XMASSelectedProtocolOracle.swift */ = {isa = PBXFileReference; fileEncoding = 4; lastKnownFileType = sourcecode.swift; path = XMASSelectedProtocolOracle.swift; sourceTree = "<group>"; };
		F747F80F1C33BBAB0040827B /* SwiftProtocolDeclaration.swift */ = {isa = PBXFileReference; fileEncoding = 4; lastKnownFileType = sourcecode.swift; path = SwiftProtocolDeclaration.swift; sourceTree = "<group>"; };
		F747F8111C33BC980040827B /* XMASSwiftParser.swift */ = {isa = PBXFileReference; fileEncoding = 4; lastKnownFileType = sourcecode.swift; path = XMASSwiftParser.swift; sourceTree = "<group>"; };
		F747F8161C33BE7C0040827B /* XMASParseSelectedProtocolWorkFlow.swift */ = {isa = PBXFileReference; fileEncoding = 4; lastKnownFileType = sourcecode.swift; path = XMASParseSelectedProtocolWorkFlow.swift; sourceTree = "<group>"; };
		F749C7441C310EBC00A0ACDC /* Fake4SwiftKit.framework */ = {isa = PBXFileReference; explicitFileType = wrapper.framework; includeInIndex = 0; path = Fake4SwiftKit.framework; sourceTree = BUILT_PRODUCTS_DIR; };
		F749C7461C310EBC00A0ACDC /* Fake4SwiftKit.h */ = {isa = PBXFileReference; lastKnownFileType = sourcecode.c.h; path = Fake4SwiftKit.h; sourceTree = "<group>"; };
		F749C7481C310EBC00A0ACDC /* Info.plist */ = {isa = PBXFileReference; lastKnownFileType = text.plist.xml; path = Info.plist; sourceTree = "<group>"; };
		F749C77D1C31218700A0ACDC /* XMASAlerter.h */ = {isa = PBXFileReference; fileEncoding = 4; lastKnownFileType = sourcecode.c.h; path = XMASAlerter.h; sourceTree = "<group>"; };
		F75404061C580B480040749F /* XMASImplementEquatableUseCase.swift */ = {isa = PBXFileReference; fileEncoding = 4; lastKnownFileType = sourcecode.swift; path = XMASImplementEquatableUseCase.swift; sourceTree = "<group>"; };
		F75404311C580E7C0040749F /* XMASImplementEquatableUseCaseSpec.mm */ = {isa = PBXFileReference; fileEncoding = 4; lastKnownFileType = sourcecode.cpp.objcpp; path = XMASImplementEquatableUseCaseSpec.mm; sourceTree = "<group>"; };
		F754E93C1E380999008CD743 /* Nimble.framework */ = {isa = PBXFileReference; lastKnownFileType = wrapper.framework; name = Nimble.framework; path = Carthage/Build/Mac/Nimble.framework; sourceTree = SOURCE_ROOT; };
		F754E93D1E380999008CD743 /* Quick.framework */ = {isa = PBXFileReference; lastKnownFileType = wrapper.framework; name = Quick.framework; path = Carthage/Build/Mac/Quick.framework; sourceTree = SOURCE_ROOT; };
		F754E9411E380AB1008CD743 /* MyMutatingProtocol.swift */ = {isa = PBXFileReference; fileEncoding = 4; lastKnownFileType = sourcecode.swift; path = MyMutatingProtocol.swift; sourceTree = "<group>"; };
		F754E9431E380BB6008CD743 /* MySomewhatSpecialProtocol.swift */ = {isa = PBXFileReference; fileEncoding = 4; lastKnownFileType = sourcecode.swift; path = MySomewhatSpecialProtocol.swift; sourceTree = "<group>"; };
		F76510E51BE9FA5800BFDAD8 /* GeneratedFakesBehavioralSpecs.xctest */ = {isa = PBXFileReference; explicitFileType = wrapper.cfbundle; includeInIndex = 0; path = GeneratedFakesBehavioralSpecs.xctest; sourceTree = BUILT_PRODUCTS_DIR; };
		F76510E91BE9FA5800BFDAD8 /* Info.plist */ = {isa = PBXFileReference; lastKnownFileType = text.plist.xml; path = Info.plist; sourceTree = "<group>"; };
		F765113D1BE9FB2400BFDAD8 /* FakeMySomewhatSpecialProtocolSpec.swift */ = {isa = PBXFileReference; fileEncoding = 4; lastKnownFileType = sourcecode.swift; path = FakeMySomewhatSpecialProtocolSpec.swift; sourceTree = "<group>"; };
		F774D6381E32D66E0069D1A3 /* clean.sh */ = {isa = PBXFileReference; fileEncoding = 4; lastKnownFileType = text.script.sh; path = clean.sh; sourceTree = "<group>"; };
		F774D6391E32D7F80069D1A3 /* SWXMLHash.framework */ = {isa = PBXFileReference; lastKnownFileType = wrapper.framework; name = SWXMLHash.framework; path = Carthage/Build/Mac/SWXMLHash.framework; sourceTree = SOURCE_ROOT; };
		F78743A61C4572F2001DCFE7 /* XMASAddFileToXcodeProjectWorkflow.swift */ = {isa = PBXFileReference; fileEncoding = 4; lastKnownFileType = sourcecode.swift; path = XMASAddFileToXcodeProjectWorkflow.swift; sourceTree = "<group>"; };
		F7BA62491B2233D0005B99AF /* Cedar.xcodeproj */ = {isa = PBXFileReference; lastKnownFileType = "wrapper.pb-project"; name = Cedar.xcodeproj; path = Cedar/Cedar.xcodeproj; sourceTree = "<group>"; };
		F7C74BFA1C57541F001F9CE6 /* XMASParseSelectedStructWorkflow.swift */ = {isa = PBXFileReference; fileEncoding = 4; lastKnownFileType = sourcecode.swift; path = XMASParseSelectedStructWorkflow.swift; sourceTree = "<group>"; };
		F7C74BFD1C57550C001F9CE6 /* XMASSelectedStructOracle.swift */ = {isa = PBXFileReference; fileEncoding = 4; lastKnownFileType = sourcecode.swift; path = XMASSelectedStructOracle.swift; sourceTree = "<group>"; };
		F7C74C001C57554C001F9CE6 /* SwiftStructDeclaration.swift */ = {isa = PBXFileReference; fileEncoding = 4; lastKnownFileType = sourcecode.swift; path = SwiftStructDeclaration.swift; sourceTree = "<group>"; };
		F7C74C041C57570C001F9CE6 /* XMASParseSelectedStructWorkflowSpec.mm */ = {isa = PBXFileReference; fileEncoding = 4; lastKnownFileType = sourcecode.cpp.objcpp; path = XMASParseSelectedStructWorkflowSpec.mm; sourceTree = "<group>"; };
		F7C74C0F1C57E42C001F9CE6 /* XMASEquatableWriter.swift */ = {isa = PBXFileReference; fileEncoding = 4; lastKnownFileType = sourcecode.swift; path = XMASEquatableWriter.swift; sourceTree = "<group>"; };
		F7C74C121C57E4B2001F9CE6 /* XMASEquatableTemplateStamper.swift */ = {isa = PBXFileReference; fileEncoding = 4; lastKnownFileType = sourcecode.swift; path = XMASEquatableTemplateStamper.swift; sourceTree = "<group>"; };
		F7C74C151C57E617001F9CE6 /* XMASEquatableTemplateStamperSpec.mm */ = {isa = PBXFileReference; fileEncoding = 4; lastKnownFileType = sourcecode.cpp.objcpp; path = XMASEquatableTemplateStamperSpec.mm; sourceTree = "<group>"; };
		F7C74C291C57FACB001F9CE6 /* XMASEquatableWriterSpec.mm */ = {isa = PBXFileReference; fileEncoding = 4; lastKnownFileType = sourcecode.cpp.objcpp; path = XMASEquatableWriterSpec.mm; sourceTree = "<group>"; };
		F7CCB00A1E2F01B100AAA549 /* EmptyProtocol.swift */ = {isa = PBXFileReference; fileEncoding = 4; lastKnownFileType = sourcecode.swift; path = EmptyProtocol.swift; sourceTree = "<group>"; };
		F7CCB03A1E2F022D00AAA549 /* FakeForMyMutatingProtocol.swift */ = {isa = PBXFileReference; fileEncoding = 4; lastKnownFileType = sourcecode.swift; path = FakeForMyMutatingProtocol.swift; sourceTree = "<group>"; };
		F7DB97571BEFFC9900A9C474 /* FakeMyMutatingProtocolSpec.swift */ = {isa = PBXFileReference; fileEncoding = 4; lastKnownFileType = sourcecode.swift; path = FakeMyMutatingProtocolSpec.swift; sourceTree = "<group>"; };
		F7E009221B7FDA8900B9E6E6 /* Blindside.xcodeproj */ = {isa = PBXFileReference; lastKnownFileType = "wrapper.pb-project"; name = Blindside.xcodeproj; path = Blindside/Blindside.xcodeproj; sourceTree = "<group>"; };
		F7ED4E571E2EDE1700F482FF /* Mustache.framework */ = {isa = PBXFileReference; lastKnownFileType = wrapper.framework; name = Mustache.framework; path = Carthage/Build/Mac/Mustache.framework; sourceTree = SOURCE_ROOT; };
		F7ED4E5B1E2EE28B00F482FF /* TempFileHelper.h */ = {isa = PBXFileReference; fileEncoding = 4; lastKnownFileType = sourcecode.c.h; path = TempFileHelper.h; sourceTree = "<group>"; };
		F7ED4E5C1E2EE28B00F482FF /* TempFileHelper.m */ = {isa = PBXFileReference; fileEncoding = 4; lastKnownFileType = sourcecode.c.objc; path = TempFileHelper.m; sourceTree = "<group>"; };
		F7ED4E601E2EF7AC00F482FF /* SourceKittenFramework.framework */ = {isa = PBXFileReference; lastKnownFileType = wrapper.framework; name = SourceKittenFramework.framework; path = Carthage/Build/Mac/SourceKittenFramework.framework; sourceTree = SOURCE_ROOT; };
		F7ED4E641E2EF7EA00F482FF /* Yams.framework */ = {isa = PBXFileReference; lastKnownFileType = wrapper.framework; name = Yams.framework; path = Carthage/Build/Mac/Yams.framework; sourceTree = SOURCE_ROOT; };
		F7ED4E6A1E2EF9F800F482FF /* MySpecialStruct.swift */ = {isa = PBXFileReference; fileEncoding = 4; lastKnownFileType = sourcecode.swift; path = MySpecialStruct.swift; sourceTree = "<group>"; };
		F7ED4E6B1E2EF9F800F482FF /* MySpecialStruct+Equatable.swift */ = {isa = PBXFileReference; fileEncoding = 4; lastKnownFileType = sourcecode.swift; path = "MySpecialStruct+Equatable.swift"; sourceTree = "<group>"; };
		F7ED4E721E2EFB8100F482FF /* ProtocolEdgeCases.swift */ = {isa = PBXFileReference; fileEncoding = 4; lastKnownFileType = sourcecode.swift; path = ProtocolEdgeCases.swift; sourceTree = "<group>"; };
		F7ED4E761E2EFC9A00F482FF /* MySpecialStructEquatableExtension.swift */ = {isa = PBXFileReference; fileEncoding = 4; lastKnownFileType = sourcecode.swift; path = MySpecialStructEquatableExtension.swift; sourceTree = "<group>"; };
		F7ED4E7A1E2EFDCA00F482FF /* SwiftCounterfeitClass.mustache */ = {isa = PBXFileReference; fileEncoding = 4; lastKnownFileType = text; path = SwiftCounterfeitClass.mustache; sourceTree = "<group>"; };
		F7ED4E7B1E2EFDCA00F482FF /* SwiftCounterfeitStruct.mustache */ = {isa = PBXFileReference; fileEncoding = 4; lastKnownFileType = text; path = SwiftCounterfeitStruct.mustache; sourceTree = "<group>"; };
		F7ED4E7C1E2EFDCA00F482FF /* SwiftEquatableStruct.mustache */ = {isa = PBXFileReference; fileEncoding = 4; lastKnownFileType = text; path = SwiftEquatableStruct.mustache; sourceTree = "<group>"; };
		F7ED4E801E2EFE4B00F482FF /* FakeForMySomewhatSpecialProtocol.swift */ = {isa = PBXFileReference; fileEncoding = 4; lastKnownFileType = sourcecode.swift; path = FakeForMySomewhatSpecialProtocol.swift; sourceTree = "<group>"; };
		F7F670681C312B96007DDF2E /* XMASLogger.swift */ = {isa = PBXFileReference; fileEncoding = 4; lastKnownFileType = sourcecode.swift; path = XMASLogger.swift; sourceTree = "<group>"; };
		F7FB6F231C37C35900BC75AF /* XMASFileManager.swift */ = {isa = PBXFileReference; fileEncoding = 4; lastKnownFileType = sourcecode.swift; path = XMASFileManager.swift; sourceTree = "<group>"; };
		F7FCC2391C3519F900263EED /* XMASFakeProtocolPersisterSpec.mm */ = {isa = PBXFileReference; fileEncoding = 4; lastKnownFileType = sourcecode.cpp.objcpp; path = XMASFakeProtocolPersisterSpec.mm; sourceTree = "<group>"; };
		F7FCC23B1C351A5E00263EED /* XMASSwiftProtocolFaker.swift */ = {isa = PBXFileReference; fileEncoding = 4; lastKnownFileType = sourcecode.swift; path = XMASSwiftProtocolFaker.swift; sourceTree = "<group>"; };
		F7FCC23E1C351A9F00263EED /* XMASSwiftProtocolFakerSpec.mm */ = {isa = PBXFileReference; fileEncoding = 4; lastKnownFileType = sourcecode.cpp.objcpp; path = XMASSwiftProtocolFakerSpec.mm; sourceTree = "<group>"; };
		F7FCC2481C35226F00263EED /* XMASFakeProtocolPersister.swift */ = {isa = PBXFileReference; fileEncoding = 4; lastKnownFileType = sourcecode.swift; path = XMASFakeProtocolPersister.swift; sourceTree = "<group>"; };
/* End PBXFileReference section */

/* Begin PBXFrameworksBuildPhase section */
		34A32EBD1C433A2B009D3FA6 /* Frameworks */ = {
			isa = PBXFrameworksBuildPhase;
			buildActionMask = 2147483647;
			files = (
				34A32ED81C433C3A009D3FA6 /* Fake4SwiftKit.framework in Frameworks */,
				F7F8A6661E2FE3FE00BB3050 /* Blindside.framework in Frameworks */,
				F774D63A1E32D7F80069D1A3 /* SWXMLHash.framework in Frameworks */,
				F7F8A6671E2FE3FE00BB3050 /* Mustache.framework in Frameworks */,
				F7F8A6681E2FE3FE00BB3050 /* SourceKittenFramework.framework in Frameworks */,
				F7F8A6691E2FE3FE00BB3050 /* Yams.framework in Frameworks */,
			);
			runOnlyForDeploymentPostprocessing = 0;
		};
		F72C17A61C33C366002B7FD9 /* Frameworks */ = {
			isa = PBXFrameworksBuildPhase;
			buildActionMask = 2147483647;
			files = (
				F72C17EF1C33C3CA002B7FD9 /* Cedar.framework in Frameworks */,
				F72C17EE1C33C3C2002B7FD9 /* Blindside.framework in Frameworks */,
				F7ED4E591E2EE13300F482FF /* Mustache.framework in Frameworks */,
			);
			runOnlyForDeploymentPostprocessing = 0;
		};
		F749C7401C310EBC00A0ACDC /* Frameworks */ = {
			isa = PBXFrameworksBuildPhase;
			buildActionMask = 2147483647;
			files = (
				F7FCC2321C33D05300263EED /* Blindside.framework in Frameworks */,
				F7ED4E581E2EDE2300F482FF /* Mustache.framework in Frameworks */,
				F7ED4E681E2EF86200F482FF /* SourceKittenFramework.framework in Frameworks */,
			);
			runOnlyForDeploymentPostprocessing = 0;
		};
		F76510E21BE9FA5800BFDAD8 /* Frameworks */ = {
			isa = PBXFrameworksBuildPhase;
			buildActionMask = 2147483647;
			files = (
				F754E93E1E3809CE008CD743 /* Nimble.framework in Frameworks */,
				F754E93F1E3809CE008CD743 /* Quick.framework in Frameworks */,
			);
			runOnlyForDeploymentPostprocessing = 0;
		};
/* End PBXFrameworksBuildPhase section */

/* Begin PBXGroup section */
		960FA0841605819F00923A87 = {
			isa = PBXGroup;
			children = (
				F7BA62481B2233B0005B99AF /* Externals */,
				F71748FB1C390F4800A1D7EA /* fake4swift */,
				F749C7451C310EBC00A0ACDC /* Fake4SwiftKit */,
				F72C17AA1C33C366002B7FD9 /* Fake4SwiftKitSpecs */,
				960FA0911605819F00923A87 /* Frameworks */,
				F76510E61BE9FA5800BFDAD8 /* GeneratedFakesBehavioralSpecs */,
				960FA0901605819F00923A87 /* Products */,
				F7ED4E791E2EFDBC00F482FF /* Templates */,
			);
			sourceTree = "<group>";
		};
		960FA0901605819F00923A87 /* Products */ = {
			isa = PBXGroup;
			children = (
				F76510E51BE9FA5800BFDAD8 /* GeneratedFakesBehavioralSpecs.xctest */,
				F749C7441C310EBC00A0ACDC /* Fake4SwiftKit.framework */,
				F72C17A91C33C366002B7FD9 /* Fake4SwiftKitSpecs.app */,
				34A32EC01C433A2B009D3FA6 /* fake4swift.app */,
			);
			name = Products;
			sourceTree = "<group>";
		};
		960FA0911605819F00923A87 /* Frameworks */ = {
			isa = PBXGroup;
			children = (
				960FA0A31605858400923A87 /* AppKit.framework */,
				960FA0921605819F00923A87 /* CoreFoundation.framework */,
			);
			name = Frameworks;
			sourceTree = "<group>";
		};
		960FA0951605819F00923A87 /* Supporting Files */ = {
			isa = PBXGroup;
			children = (
				960FA0961605819F00923A87 /* Info.plist */,
			);
			path = "Supporting Files";
			sourceTree = "<group>";
		};
		F71748FB1C390F4800A1D7EA /* fake4swift */ = {
			isa = PBXGroup;
			children = (
				F71749141C3A47FA00A1D7EA /* ArgsParser.swift */,
				F774D6381E32D66E0069D1A3 /* clean.sh */,
				34A32EC91C433A2B009D3FA6 /* Info.plist */,
				F71748FC1C390F4900A1D7EA /* main.swift */,
				34C263721C44977B00CCBDBB /* Oracles.swift */,
				960FA0951605819F00923A87 /* Supporting Files */,
				F71749121C3A47CE00A1D7EA /* TerminalAlerter.swift */,
			);
			path = fake4swift;
			sourceTree = "<group>";
		};
		F72C17AA1C33C366002B7FD9 /* Fake4SwiftKitSpecs */ = {
			isa = PBXGroup;
			children = (
				F7ED4E691E2EF9A300F482FF /* Fixtures */,
				F7ED4E5A1E2EE23900F482FF /* Helpers */,
				F72C17AE1C33C366002B7FD9 /* Supporting Files */,
				F72C17FE1C33C795002B7FD9 /* Use Cases */,
			);
			path = Fake4SwiftKitSpecs;
			sourceTree = "<group>";
		};
		F72C17AE1C33C366002B7FD9 /* Supporting Files */ = {
			isa = PBXGroup;
			children = (
				F72C17FB1C33C754002B7FD9 /* Fake4SwiftKitSpecs-Bridging-Header.h */,
				F72C17B61C33C366002B7FD9 /* Info.plist */,
				F72C17AF1C33C366002B7FD9 /* main.mm */,
			);
			name = "Supporting Files";
			sourceTree = "<group>";
		};
		F72C17FE1C33C795002B7FD9 /* Use Cases */ = {
			isa = PBXGroup;
			children = (
				F7C74C031C5756D7001F9CE6 /* Implement Equatable */,
				F72C17FF1C33C7A7002B7FD9 /* Parse Swift Protocol */,
			);
			path = "Use Cases";
			sourceTree = "<group>";
		};
		F72C17FF1C33C7A7002B7FD9 /* Parse Swift Protocol */ = {
			isa = PBXGroup;
			children = (
				F7FCC2391C3519F900263EED /* XMASFakeProtocolPersisterSpec.mm */,
				F70354191C37BD4C00936B55 /* XMASGenerateFakeForSwiftProtocolUseCaseSpec.mm */,
				F72C18001C33C7FB002B7FD9 /* XMASParseSelectedProtocolWorkFlowSpec.mm */,
				F7FCC23E1C351A9F00263EED /* XMASSwiftProtocolFakerSpec.mm */,
			);
			path = "Parse Swift Protocol";
			sourceTree = "<group>";
		};
		F72C18061C33C8A9002B7FD9 /* Dependency Injection */ = {
			isa = PBXGroup;
			children = (
				F72C18071C33C8E7002B7FD9 /* Fake4SwiftKitModule.h */,
				F72C18081C33C8E7002B7FD9 /* Fake4SwiftKitModule.m */,
			);
			path = "Dependency Injection";
			sourceTree = "<group>";
		};
		F747F8091C33BA860040827B /* Use Cases */ = {
			isa = PBXGroup;
			children = (
				F7C74BC51C57516B001F9CE6 /* Implement Equatable */,
				F747F80B1C33BAA60040827B /* Parse Swift Protocol */,
			);
			path = "Use Cases";
			sourceTree = "<group>";
		};
		F747F80A1C33BA950040827B /* Supporting Files */ = {
			isa = PBXGroup;
			children = (
				F749C7481C310EBC00A0ACDC /* Info.plist */,
				F72C180C1C33C9AF002B7FD9 /* KitSwiftCompatibilityHeader.h */,
			);
			name = "Supporting Files";
			sourceTree = "<group>";
		};
		F747F80B1C33BAA60040827B /* Parse Swift Protocol */ = {
			isa = PBXGroup;
			children = (
				F787437D1C457204001DCFE7 /* Dependencies */,
				F70354151C37BD3F00936B55 /* XMASGenerateFakeForSwiftProtocolUseCase.h */,
				F70354161C37BD3F00936B55 /* XMASGenerateFakeForSwiftProtocolUseCase.m */,
			);
			path = "Parse Swift Protocol";
			sourceTree = "<group>";
		};
		F747F80E1C33BAF60040827B /* Entities */ = {
			isa = PBXGroup;
			children = (
				F747F80F1C33BBAB0040827B /* SwiftProtocolDeclaration.swift */,
				F7C74C001C57554C001F9CE6 /* SwiftStructDeclaration.swift */,
			);
			path = Entities;
			sourceTree = "<group>";
		};
		F749C7451C310EBC00A0ACDC /* Fake4SwiftKit */ = {
			isa = PBXGroup;
			children = (
				F749C7461C310EBC00A0ACDC /* Fake4SwiftKit.h */,
				F72C18061C33C8A9002B7FD9 /* Dependency Injection */,
				F747F80E1C33BAF60040827B /* Entities */,
				F7F670671C312B82007DDF2E /* Logging */,
				F747F80A1C33BA950040827B /* Supporting Files */,
				F749C7741C3118C100A0ACDC /* UI */,
				F747F8091C33BA860040827B /* Use Cases */,
			);
			path = Fake4SwiftKit;
			sourceTree = "<group>";
		};
		F749C7741C3118C100A0ACDC /* UI */ = {
			isa = PBXGroup;
			children = (
				F749C77D1C31218700A0ACDC /* XMASAlerter.h */,
			);
			path = UI;
			sourceTree = "<group>";
		};
		F76510E61BE9FA5800BFDAD8 /* GeneratedFakesBehavioralSpecs */ = {
			isa = PBXGroup;
			children = (
				F76510E91BE9FA5800BFDAD8 /* Info.plist */,
				F765113D1BE9FB2400BFDAD8 /* FakeMySomewhatSpecialProtocolSpec.swift */,
				F7DB97571BEFFC9900A9C474 /* FakeMyMutatingProtocolSpec.swift */,
			);
			path = GeneratedFakesBehavioralSpecs;
			sourceTree = "<group>";
		};
		F787437D1C457204001DCFE7 /* Dependencies */ = {
			isa = PBXGroup;
			children = (
				F7FCC2481C35226F00263EED /* XMASFakeProtocolPersister.swift */,
				F7FB6F231C37C35900BC75AF /* XMASFileManager.swift */,
				F747F8161C33BE7C0040827B /* XMASParseSelectedProtocolWorkFlow.swift */,
				F747F80C1C33BAD50040827B /* XMASSelectedProtocolOracle.swift */,
				F70354121C37B18600936B55 /* XMASSelectedSourceFileOracle.swift */,
				F747F8111C33BC980040827B /* XMASSwiftParser.swift */,
				F7FCC23B1C351A5E00263EED /* XMASSwiftProtocolFaker.swift */,
				F78743A61C4572F2001DCFE7 /* XMASAddFileToXcodeProjectWorkflow.swift */,
			);
			path = Dependencies;
			sourceTree = "<group>";
		};
		F7BA62481B2233B0005B99AF /* Externals */ = {
			isa = PBXGroup;
			children = (
				F754E93C1E380999008CD743 /* Nimble.framework */,
				F754E93D1E380999008CD743 /* Quick.framework */,
				F7E009221B7FDA8900B9E6E6 /* Blindside.xcodeproj */,
				F7BA62491B2233D0005B99AF /* Cedar.xcodeproj */,
				F7ED4E571E2EDE1700F482FF /* Mustache.framework */,
				F7ED4E601E2EF7AC00F482FF /* SourceKittenFramework.framework */,
				F774D6391E32D7F80069D1A3 /* SWXMLHash.framework */,
				F7ED4E641E2EF7EA00F482FF /* Yams.framework */,
			);
			path = Externals;
			sourceTree = "<group>";
		};
		F7BA624A1B2233D0005B99AF /* Products */ = {
			isa = PBXGroup;
			children = (
				F7BA625A1B2233D0005B99AF /* Cedar.framework */,
				F7E0C0001BABE89B00A4A669 /* Cedar.framework */,
				F791FB731CCA8D99004C31EB /* Cedar.framework */,
				F791FB751CCA8D99004C31EB /* Cedar.framework */,
				F7BA62601B2233D0005B99AF /* libCedar.a */,
				F7BA625C1B2233D0005B99AF /* Cedar-OSX Specs */,
				F7BA625E1B2233D0005B99AF /* Cedar-OSX FocusedSpecs */,
				F7E0C0021BABE89B00A4A669 /* Cedar-iOS Specs.app */,
				F7BA62621B2233D0005B99AF /* Cedar-iOS StaticLib Specs.app */,
				F7BA62641B2233D0005B99AF /* Cedar-iOS StaticFrameworkSpecs.app */,
				F7BA626C1B2233D0005B99AF /* Cedar-OSX HostApp.app */,
				F7BA62661B2233D0005B99AF /* Cedar-iOS HostApp.app */,
				F791FB771CCA8D99004C31EB /* Cedar-watchOS HostApp.app */,
				F7BA626E1B2233D0005B99AF /* Cedar-OSX SpecBundle.xctest */,
				F7BA626A1B2233D0005B99AF /* Cedar-iOS SpecBundle.xctest */,
				F791FB791CCA8D99004C31EB /* Cedar-watchOS Specs.app */,
				F791FB7B1CCA8D99004C31EB /* Cedar-watchOS Specs Extension.appex */,
				F791FB7D1CCA8D99004C31EB /* Cedar-tvOS SpecBundle.xctest */,
			);
			name = Products;
			sourceTree = "<group>";
		};
		F7C74BC51C57516B001F9CE6 /* Implement Equatable */ = {
			isa = PBXGroup;
			children = (
				F7C74BF61C5753D5001F9CE6 /* Dependencies */,
				F75404061C580B480040749F /* XMASImplementEquatableUseCase.swift */,
			);
			path = "Implement Equatable";
			sourceTree = "<group>";
		};
		F7C74BF61C5753D5001F9CE6 /* Dependencies */ = {
			isa = PBXGroup;
			children = (
				F7C74BFA1C57541F001F9CE6 /* XMASParseSelectedStructWorkflow.swift */,
				F7C74BFD1C57550C001F9CE6 /* XMASSelectedStructOracle.swift */,
				F7C74C0F1C57E42C001F9CE6 /* XMASEquatableWriter.swift */,
				F7C74C121C57E4B2001F9CE6 /* XMASEquatableTemplateStamper.swift */,
			);
			path = Dependencies;
			sourceTree = "<group>";
		};
		F7C74C031C5756D7001F9CE6 /* Implement Equatable */ = {
			isa = PBXGroup;
			children = (
				F7C74C041C57570C001F9CE6 /* XMASParseSelectedStructWorkflowSpec.mm */,
				F7C74C151C57E617001F9CE6 /* XMASEquatableTemplateStamperSpec.mm */,
				F7C74C291C57FACB001F9CE6 /* XMASEquatableWriterSpec.mm */,
				F75404311C580E7C0040749F /* XMASImplementEquatableUseCaseSpec.mm */,
			);
			path = "Implement Equatable";
			sourceTree = "<group>";
		};
		F7E009231B7FDA8900B9E6E6 /* Products */ = {
			isa = PBXGroup;
			children = (
				F7E0092D1B7FDA8A00B9E6E6 /* Blindside.framework */,
				F7E0092F1B7FDA8A00B9E6E6 /* Specs */,
				F7E009311B7FDA8A00B9E6E6 /* libBlindside-StaticLib.a */,
				F7E009331B7FDA8A00B9E6E6 /* Blindside.framework */,
				F7E009351B7FDA8A00B9E6E6 /* Blindside-iOS-Framework BuildTest.app */,
				F78BDE441BC3A00000AFB7D9 /* Blindside.framework */,
				F78BDE461BC3A00000AFB7D9 /* Blindside-watchOS BuildTest.app */,
				F78BDE481BC3A00000AFB7D9 /* Blindside-watchOS BuildTest Extension.appex */,
			);
			name = Products;
			sourceTree = "<group>";
		};
		F7ED4E5A1E2EE23900F482FF /* Helpers */ = {
			isa = PBXGroup;
			children = (
				F7ED4E5B1E2EE28B00F482FF /* TempFileHelper.h */,
				F7ED4E5C1E2EE28B00F482FF /* TempFileHelper.m */,
			);
			path = Helpers;
			sourceTree = "<group>";
		};
		F7ED4E691E2EF9A300F482FF /* Fixtures */ = {
			isa = PBXGroup;
			children = (
				F7CCB00A1E2F01B100AAA549 /* EmptyProtocol.swift */,
				F7CCB03A1E2F022D00AAA549 /* FakeForMyMutatingProtocol.swift */,
				F7ED4E801E2EFE4B00F482FF /* FakeForMySomewhatSpecialProtocol.swift */,
				F7ED4E6A1E2EF9F800F482FF /* MySpecialStruct.swift */,
				F7ED4E6B1E2EF9F800F482FF /* MySpecialStruct+Equatable.swift */,
				F7ED4E761E2EFC9A00F482FF /* MySpecialStructEquatableExtension.swift */,
				F7ED4E721E2EFB8100F482FF /* ProtocolEdgeCases.swift */,
				F754E9411E380AB1008CD743 /* MyMutatingProtocol.swift */,
				F754E9431E380BB6008CD743 /* MySomewhatSpecialProtocol.swift */,
			);
			path = Fixtures;
			sourceTree = "<group>";
		};
		F7ED4E791E2EFDBC00F482FF /* Templates */ = {
			isa = PBXGroup;
			children = (
				F7ED4E7A1E2EFDCA00F482FF /* SwiftCounterfeitClass.mustache */,
				F7ED4E7B1E2EFDCA00F482FF /* SwiftCounterfeitStruct.mustache */,
				F7ED4E7C1E2EFDCA00F482FF /* SwiftEquatableStruct.mustache */,
			);
			path = Templates;
			sourceTree = "<group>";
		};
		F7F670671C312B82007DDF2E /* Logging */ = {
			isa = PBXGroup;
			children = (
				F7F670681C312B96007DDF2E /* XMASLogger.swift */,
			);
			path = Logging;
			sourceTree = "<group>";
		};
/* End PBXGroup section */

/* Begin PBXHeadersBuildPhase section */
		F749C7411C310EBC00A0ACDC /* Headers */ = {
			isa = PBXHeadersBuildPhase;
			buildActionMask = 2147483647;
			files = (
				F70354171C37BD3F00936B55 /* XMASGenerateFakeForSwiftProtocolUseCase.h in Headers */,
				F749C77E1C31218700A0ACDC /* XMASAlerter.h in Headers */,
				F749C7471C310EBC00A0ACDC /* Fake4SwiftKit.h in Headers */,
			);
			runOnlyForDeploymentPostprocessing = 0;
		};
		F75C4B1E1C37C07800615FFF /* Headers */ = {
			isa = PBXHeadersBuildPhase;
			buildActionMask = 2147483647;
			files = (
				F7ED4E5D1E2EE28B00F482FF /* TempFileHelper.h in Headers */,
				F75C4B1F1C37C08D00615FFF /* XMASAlerter.h in Headers */,
				F75C4B201C37C09100615FFF /* XMASGenerateFakeForSwiftProtocolUseCase.h in Headers */,
				F75C4B211C37C09800615FFF /* Fake4SwiftKitModule.h in Headers */,
				F75C4B221C37C09B00615FFF /* Fake4SwiftKit.h in Headers */,
			);
			runOnlyForDeploymentPostprocessing = 0;
		};
/* End PBXHeadersBuildPhase section */

/* Begin PBXLegacyTarget section */
		96387012161815C600BE29E7 /* Clean */ = {
			isa = PBXLegacyTarget;
			buildArgumentsString = "${PROJECT_DIR}/${PROJECT}/clean.sh";
			buildConfigurationList = 96387013161815C600BE29E7 /* Build configuration list for PBXLegacyTarget "Clean" */;
			buildPhases = (
			);
			buildToolPath = /bin/sh;
			buildWorkingDirectory = "";
			dependencies = (
			);
			name = Clean;
			passBuildSettingsInEnvironment = 1;
			productName = Clean;
		};
/* End PBXLegacyTarget section */

/* Begin PBXNativeTarget section */
		34A32EBF1C433A2B009D3FA6 /* fake4swift */ = {
			isa = PBXNativeTarget;
			buildConfigurationList = 34A32ECA1C433A2B009D3FA6 /* Build configuration list for PBXNativeTarget "fake4swift" */;
			buildPhases = (
				34A32EBC1C433A2B009D3FA6 /* Sources */,
				34A32EBD1C433A2B009D3FA6 /* Frameworks */,
				34A32ED91C433C4B009D3FA6 /* Copy Frameworks */,
			);
			buildRules = (
			);
			dependencies = (
				34A32ED31C433C05009D3FA6 /* PBXTargetDependency */,
				34A32ED71C433C14009D3FA6 /* PBXTargetDependency */,
			);
			name = fake4swift;
			productName = "fake4swift-app";
			productReference = 34A32EC01C433A2B009D3FA6 /* fake4swift.app */;
			productType = "com.apple.product-type.application";
		};
		F72C17A81C33C366002B7FD9 /* Fake4SwiftKitSpecs */ = {
			isa = PBXNativeTarget;
			buildConfigurationList = F72C17E11C33C366002B7FD9 /* Build configuration list for PBXNativeTarget "Fake4SwiftKitSpecs" */;
			buildPhases = (
				F75C4B1E1C37C07800615FFF /* Headers */,
				F72C17A51C33C366002B7FD9 /* Sources */,
				F72C17A61C33C366002B7FD9 /* Frameworks */,
				F72C17F41C33C49D002B7FD9 /* Copy Frameworks */,
				F72C180F1C33CAC5002B7FD9 /* Copy Fixtures */,
			);
			buildRules = (
			);
			dependencies = (
				F75C4B251C37C19800615FFF /* PBXTargetDependency */,
				F72C17E71C33C394002B7FD9 /* PBXTargetDependency */,
				F72C17E51C33C390002B7FD9 /* PBXTargetDependency */,
			);
			name = Fake4SwiftKitSpecs;
			productName = BetterRefactorToolsKitSpecs;
			productReference = F72C17A91C33C366002B7FD9 /* Fake4SwiftKitSpecs.app */;
			productType = "com.apple.product-type.application";
		};
		F749C7431C310EBC00A0ACDC /* Fake4SwiftKit */ = {
			isa = PBXNativeTarget;
			buildConfigurationList = F749C7731C310EBC00A0ACDC /* Build configuration list for PBXNativeTarget "Fake4SwiftKit" */;
			buildPhases = (
				F749C73F1C310EBC00A0ACDC /* Sources */,
				F749C7401C310EBC00A0ACDC /* Frameworks */,
				F749C7411C310EBC00A0ACDC /* Headers */,
				F7FCC2431C351E1200263EED /* Copy Templates */,
			);
			buildRules = (
			);
			dependencies = (
				F7FCC2311C33D04C00263EED /* PBXTargetDependency */,
			);
			name = Fake4SwiftKit;
			productName = BetterRefactorToolsKit;
			productReference = F749C7441C310EBC00A0ACDC /* Fake4SwiftKit.framework */;
			productType = "com.apple.product-type.framework";
		};
		F76510E41BE9FA5800BFDAD8 /* GeneratedFakesBehavioralSpecs */ = {
			isa = PBXNativeTarget;
			buildConfigurationList = F76511011BE9FA5800BFDAD8 /* Build configuration list for PBXNativeTarget "GeneratedFakesBehavioralSpecs" */;
			buildPhases = (
				F76510E11BE9FA5800BFDAD8 /* Sources */,
				F76510E21BE9FA5800BFDAD8 /* Frameworks */,
				F7994F1A1E6406C90067A169 /* CopyFiles */,
			);
			buildRules = (
			);
			dependencies = (
			);
			name = GeneratedFakesBehavioralSpecs;
			productName = GeneratedFakesBehavioralSpecs;
			productReference = F76510E51BE9FA5800BFDAD8 /* GeneratedFakesBehavioralSpecs.xctest */;
			productType = "com.apple.product-type.bundle.unit-test";
		};
/* End PBXNativeTarget section */

/* Begin PBXProject section */
		960FA0861605819F00923A87 /* Project object */ = {
			isa = PBXProject;
			attributes = {
				LastSwiftUpdateCheck = 0720;
				LastUpgradeCheck = 0720;
				TargetAttributes = {
					34A32EBF1C433A2B009D3FA6 = {
						CreatedOnToolsVersion = 7.2;
					};
					F72C17A81C33C366002B7FD9 = {
						CreatedOnToolsVersion = 7.2;
					};
					F749C7431C310EBC00A0ACDC = {
						CreatedOnToolsVersion = 7.2;
						LastSwiftMigration = 0810;
					};
					F76510E41BE9FA5800BFDAD8 = {
						CreatedOnToolsVersion = 7.1;
					};
				};
			};
			buildConfigurationList = 960FA0891605819F00923A87 /* Build configuration list for PBXProject "Fake4Swift" */;
			compatibilityVersion = "Xcode 3.2";
			developmentRegion = English;
			hasScannedForEncodings = 0;
			knownRegions = (
				en,
				Base,
			);
			mainGroup = 960FA0841605819F00923A87;
			productRefGroup = 960FA0901605819F00923A87 /* Products */;
			projectDirPath = "";
			projectReferences = (
				{
					ProductGroup = F7E009231B7FDA8900B9E6E6 /* Products */;
					ProjectRef = F7E009221B7FDA8900B9E6E6 /* Blindside.xcodeproj */;
				},
				{
					ProductGroup = F7BA624A1B2233D0005B99AF /* Products */;
					ProjectRef = F7BA62491B2233D0005B99AF /* Cedar.xcodeproj */;
				},
			);
			projectRoot = "";
			targets = (
				96387012161815C600BE29E7 /* Clean */,
				F76510E41BE9FA5800BFDAD8 /* GeneratedFakesBehavioralSpecs */,
				F749C7431C310EBC00A0ACDC /* Fake4SwiftKit */,
				F72C17A81C33C366002B7FD9 /* Fake4SwiftKitSpecs */,
				34A32EBF1C433A2B009D3FA6 /* fake4swift */,
			);
		};
/* End PBXProject section */

/* Begin PBXReferenceProxy section */
		F78BDE441BC3A00000AFB7D9 /* Blindside.framework */ = {
			isa = PBXReferenceProxy;
			fileType = wrapper.framework;
			path = Blindside.framework;
			remoteRef = F78BDE431BC3A00000AFB7D9 /* PBXContainerItemProxy */;
			sourceTree = BUILT_PRODUCTS_DIR;
		};
		F78BDE461BC3A00000AFB7D9 /* Blindside-watchOS BuildTest.app */ = {
			isa = PBXReferenceProxy;
			fileType = wrapper.application;
			path = "Blindside-watchOS BuildTest.app";
			remoteRef = F78BDE451BC3A00000AFB7D9 /* PBXContainerItemProxy */;
			sourceTree = BUILT_PRODUCTS_DIR;
		};
		F78BDE481BC3A00000AFB7D9 /* Blindside-watchOS BuildTest Extension.appex */ = {
			isa = PBXReferenceProxy;
			fileType = "wrapper.app-extension";
			path = "Blindside-watchOS BuildTest Extension.appex";
			remoteRef = F78BDE471BC3A00000AFB7D9 /* PBXContainerItemProxy */;
			sourceTree = BUILT_PRODUCTS_DIR;
		};
		F791FB731CCA8D99004C31EB /* Cedar.framework */ = {
			isa = PBXReferenceProxy;
			fileType = wrapper.framework;
			path = Cedar.framework;
			remoteRef = F791FB721CCA8D99004C31EB /* PBXContainerItemProxy */;
			sourceTree = BUILT_PRODUCTS_DIR;
		};
		F791FB751CCA8D99004C31EB /* Cedar.framework */ = {
			isa = PBXReferenceProxy;
			fileType = wrapper.framework;
			path = Cedar.framework;
			remoteRef = F791FB741CCA8D99004C31EB /* PBXContainerItemProxy */;
			sourceTree = BUILT_PRODUCTS_DIR;
		};
		F791FB771CCA8D99004C31EB /* Cedar-watchOS HostApp.app */ = {
			isa = PBXReferenceProxy;
			fileType = wrapper.application;
			path = "Cedar-watchOS HostApp.app";
			remoteRef = F791FB761CCA8D99004C31EB /* PBXContainerItemProxy */;
			sourceTree = BUILT_PRODUCTS_DIR;
		};
		F791FB791CCA8D99004C31EB /* Cedar-watchOS Specs.app */ = {
			isa = PBXReferenceProxy;
			fileType = wrapper.application;
			path = "Cedar-watchOS Specs.app";
			remoteRef = F791FB781CCA8D99004C31EB /* PBXContainerItemProxy */;
			sourceTree = BUILT_PRODUCTS_DIR;
		};
		F791FB7B1CCA8D99004C31EB /* Cedar-watchOS Specs Extension.appex */ = {
			isa = PBXReferenceProxy;
			fileType = "wrapper.app-extension";
			path = "Cedar-watchOS Specs Extension.appex";
			remoteRef = F791FB7A1CCA8D99004C31EB /* PBXContainerItemProxy */;
			sourceTree = BUILT_PRODUCTS_DIR;
		};
		F791FB7D1CCA8D99004C31EB /* Cedar-tvOS SpecBundle.xctest */ = {
			isa = PBXReferenceProxy;
			fileType = wrapper.cfbundle;
			path = "Cedar-tvOS SpecBundle.xctest";
			remoteRef = F791FB7C1CCA8D99004C31EB /* PBXContainerItemProxy */;
			sourceTree = BUILT_PRODUCTS_DIR;
		};
		F7BA625A1B2233D0005B99AF /* Cedar.framework */ = {
			isa = PBXReferenceProxy;
			fileType = wrapper.framework;
			path = Cedar.framework;
			remoteRef = F7BA62591B2233D0005B99AF /* PBXContainerItemProxy */;
			sourceTree = BUILT_PRODUCTS_DIR;
		};
		F7BA625C1B2233D0005B99AF /* Cedar-OSX Specs */ = {
			isa = PBXReferenceProxy;
			fileType = "compiled.mach-o.executable";
			path = "Cedar-OSX Specs";
			remoteRef = F7BA625B1B2233D0005B99AF /* PBXContainerItemProxy */;
			sourceTree = BUILT_PRODUCTS_DIR;
		};
		F7BA625E1B2233D0005B99AF /* Cedar-OSX FocusedSpecs */ = {
			isa = PBXReferenceProxy;
			fileType = "compiled.mach-o.executable";
			path = "Cedar-OSX FocusedSpecs";
			remoteRef = F7BA625D1B2233D0005B99AF /* PBXContainerItemProxy */;
			sourceTree = BUILT_PRODUCTS_DIR;
		};
		F7BA62601B2233D0005B99AF /* libCedar.a */ = {
			isa = PBXReferenceProxy;
			fileType = archive.ar;
			path = libCedar.a;
			remoteRef = F7BA625F1B2233D0005B99AF /* PBXContainerItemProxy */;
			sourceTree = BUILT_PRODUCTS_DIR;
		};
		F7BA62621B2233D0005B99AF /* Cedar-iOS StaticLib Specs.app */ = {
			isa = PBXReferenceProxy;
			fileType = wrapper.application;
			path = "Cedar-iOS StaticLib Specs.app";
			remoteRef = F7BA62611B2233D0005B99AF /* PBXContainerItemProxy */;
			sourceTree = BUILT_PRODUCTS_DIR;
		};
		F7BA62641B2233D0005B99AF /* Cedar-iOS StaticFrameworkSpecs.app */ = {
			isa = PBXReferenceProxy;
			fileType = wrapper.application;
			path = "Cedar-iOS StaticFrameworkSpecs.app";
			remoteRef = F7BA62631B2233D0005B99AF /* PBXContainerItemProxy */;
			sourceTree = BUILT_PRODUCTS_DIR;
		};
		F7BA62661B2233D0005B99AF /* Cedar-iOS HostApp.app */ = {
			isa = PBXReferenceProxy;
			fileType = wrapper.application;
			path = "Cedar-iOS HostApp.app";
			remoteRef = F7BA62651B2233D0005B99AF /* PBXContainerItemProxy */;
			sourceTree = BUILT_PRODUCTS_DIR;
		};
		F7BA626A1B2233D0005B99AF /* Cedar-iOS SpecBundle.xctest */ = {
			isa = PBXReferenceProxy;
			fileType = wrapper.cfbundle;
			path = "Cedar-iOS SpecBundle.xctest";
			remoteRef = F7BA62691B2233D0005B99AF /* PBXContainerItemProxy */;
			sourceTree = BUILT_PRODUCTS_DIR;
		};
		F7BA626C1B2233D0005B99AF /* Cedar-OSX HostApp.app */ = {
			isa = PBXReferenceProxy;
			fileType = wrapper.application;
			path = "Cedar-OSX HostApp.app";
			remoteRef = F7BA626B1B2233D0005B99AF /* PBXContainerItemProxy */;
			sourceTree = BUILT_PRODUCTS_DIR;
		};
		F7BA626E1B2233D0005B99AF /* Cedar-OSX SpecBundle.xctest */ = {
			isa = PBXReferenceProxy;
			fileType = wrapper.cfbundle;
			path = "Cedar-OSX SpecBundle.xctest";
			remoteRef = F7BA626D1B2233D0005B99AF /* PBXContainerItemProxy */;
			sourceTree = BUILT_PRODUCTS_DIR;
		};
		F7E0092D1B7FDA8A00B9E6E6 /* Blindside.framework */ = {
			isa = PBXReferenceProxy;
			fileType = wrapper.framework;
			path = Blindside.framework;
			remoteRef = F7E0092C1B7FDA8A00B9E6E6 /* PBXContainerItemProxy */;
			sourceTree = BUILT_PRODUCTS_DIR;
		};
		F7E0092F1B7FDA8A00B9E6E6 /* Specs */ = {
			isa = PBXReferenceProxy;
			fileType = "compiled.mach-o.executable";
			path = Specs;
			remoteRef = F7E0092E1B7FDA8A00B9E6E6 /* PBXContainerItemProxy */;
			sourceTree = BUILT_PRODUCTS_DIR;
		};
		F7E009311B7FDA8A00B9E6E6 /* libBlindside-StaticLib.a */ = {
			isa = PBXReferenceProxy;
			fileType = archive.ar;
			path = "libBlindside-StaticLib.a";
			remoteRef = F7E009301B7FDA8A00B9E6E6 /* PBXContainerItemProxy */;
			sourceTree = BUILT_PRODUCTS_DIR;
		};
		F7E009331B7FDA8A00B9E6E6 /* Blindside.framework */ = {
			isa = PBXReferenceProxy;
			fileType = wrapper.framework;
			path = Blindside.framework;
			remoteRef = F7E009321B7FDA8A00B9E6E6 /* PBXContainerItemProxy */;
			sourceTree = BUILT_PRODUCTS_DIR;
		};
		F7E009351B7FDA8A00B9E6E6 /* Blindside-iOS-Framework BuildTest.app */ = {
			isa = PBXReferenceProxy;
			fileType = wrapper.application;
			path = "Blindside-iOS-Framework BuildTest.app";
			remoteRef = F7E009341B7FDA8A00B9E6E6 /* PBXContainerItemProxy */;
			sourceTree = BUILT_PRODUCTS_DIR;
		};
		F7E0C0001BABE89B00A4A669 /* Cedar.framework */ = {
			isa = PBXReferenceProxy;
			fileType = wrapper.framework;
			path = Cedar.framework;
			remoteRef = F7E0BFFF1BABE89B00A4A669 /* PBXContainerItemProxy */;
			sourceTree = BUILT_PRODUCTS_DIR;
		};
		F7E0C0021BABE89B00A4A669 /* Cedar-iOS Specs.app */ = {
			isa = PBXReferenceProxy;
			fileType = wrapper.application;
			path = "Cedar-iOS Specs.app";
			remoteRef = F7E0C0011BABE89B00A4A669 /* PBXContainerItemProxy */;
			sourceTree = BUILT_PRODUCTS_DIR;
		};
/* End PBXReferenceProxy section */

/* Begin PBXSourcesBuildPhase section */
		34A32EBC1C433A2B009D3FA6 /* Sources */ = {
			isa = PBXSourcesBuildPhase;
			buildActionMask = 2147483647;
			files = (
				34A32ECD1C433BE8009D3FA6 /* main.swift in Sources */,
				34C263731C44977B00CCBDBB /* Oracles.swift in Sources */,
				34A32ECF1C433BE8009D3FA6 /* ArgsParser.swift in Sources */,
				34A32ECE1C433BE8009D3FA6 /* TerminalAlerter.swift in Sources */,
			);
			runOnlyForDeploymentPostprocessing = 0;
		};
		F72C17A51C33C366002B7FD9 /* Sources */ = {
			isa = PBXSourcesBuildPhase;
			buildActionMask = 2147483647;
			files = (
				F75404321C580E7C0040749F /* XMASImplementEquatableUseCaseSpec.mm in Sources */,
				F7ED4E5E1E2EE28B00F482FF /* TempFileHelper.m in Sources */,
				F72C18041C33C839002B7FD9 /* XMASSelectedProtocolOracle.swift in Sources */,
				F72C18021C33C82D002B7FD9 /* XMASParseSelectedProtocolWorkFlow.swift in Sources */,
				F75C4AF41C37BFAA00615FFF /* XMASLogger.swift in Sources */,
				F7C74C161C57E617001F9CE6 /* XMASEquatableTemplateStamperSpec.mm in Sources */,
				F72C18051C33C844002B7FD9 /* SwiftProtocolDeclaration.swift in Sources */,
				F7FB6F251C37C35900BC75AF /* XMASFileManager.swift in Sources */,
				F72C18011C33C7FB002B7FD9 /* XMASParseSelectedProtocolWorkFlowSpec.mm in Sources */,
				F7C74C111C57E42C001F9CE6 /* XMASEquatableWriter.swift in Sources */,
				F7FCC24A1C35227000263EED /* XMASFakeProtocolPersister.swift in Sources */,
				F72C17B01C33C366002B7FD9 /* main.mm in Sources */,
				F7FCC23F1C351A9F00263EED /* XMASSwiftProtocolFakerSpec.mm in Sources */,
				F72C18031C33C837002B7FD9 /* XMASSwiftParser.swift in Sources */,
				F7C74C051C57570C001F9CE6 /* XMASParseSelectedStructWorkflowSpec.mm in Sources */,
				F703541A1C37BD4C00936B55 /* XMASGenerateFakeForSwiftProtocolUseCaseSpec.mm in Sources */,
				F75C4B1D1C37C01A00615FFF /* XMASGenerateFakeForSwiftProtocolUseCase.m in Sources */,
				F75C4B231C37C0F500615FFF /* XMASSelectedSourceFileOracle.swift in Sources */,
				F7C74C2A1C57FACB001F9CE6 /* XMASEquatableWriterSpec.mm in Sources */,
				F7C74BFF1C57550C001F9CE6 /* XMASSelectedStructOracle.swift in Sources */,
				F78743A81C4572F2001DCFE7 /* XMASAddFileToXcodeProjectWorkflow.swift in Sources */,
				F7C74C141C57E4B2001F9CE6 /* XMASEquatableTemplateStamper.swift in Sources */,
				F7C74BFC1C57541F001F9CE6 /* XMASParseSelectedStructWorkflow.swift in Sources */,
				F72C180B1C33C8E7002B7FD9 /* Fake4SwiftKitModule.m in Sources */,
				F7FCC23D1C351A6300263EED /* XMASSwiftProtocolFaker.swift in Sources */,
				F7FCC23A1C3519F900263EED /* XMASFakeProtocolPersisterSpec.mm in Sources */,
				F75404081C580B480040749F /* XMASImplementEquatableUseCase.swift in Sources */,
				F7C74C021C57554C001F9CE6 /* SwiftStructDeclaration.swift in Sources */,
			);
			runOnlyForDeploymentPostprocessing = 0;
		};
		F749C73F1C310EBC00A0ACDC /* Sources */ = {
			isa = PBXSourcesBuildPhase;
			buildActionMask = 2147483647;
			files = (
				F70354181C37BD3F00936B55 /* XMASGenerateFakeForSwiftProtocolUseCase.m in Sources */,
				F78743A71C4572F2001DCFE7 /* XMASAddFileToXcodeProjectWorkflow.swift in Sources */,
				F7C74BFB1C57541F001F9CE6 /* XMASParseSelectedStructWorkflow.swift in Sources */,
				F7C74C011C57554C001F9CE6 /* SwiftStructDeclaration.swift in Sources */,
				F747F80D1C33BAD50040827B /* XMASSelectedProtocolOracle.swift in Sources */,
				F7C74BFE1C57550C001F9CE6 /* XMASSelectedStructOracle.swift in Sources */,
				F7C74C101C57E42C001F9CE6 /* XMASEquatableWriter.swift in Sources */,
				F7F670691C312B96007DDF2E /* XMASLogger.swift in Sources */,
				F75404071C580B480040749F /* XMASImplementEquatableUseCase.swift in Sources */,
				F747F8101C33BBAB0040827B /* SwiftProtocolDeclaration.swift in Sources */,
				F747F8171C33BE7C0040827B /* XMASParseSelectedProtocolWorkFlow.swift in Sources */,
				F7C74C131C57E4B2001F9CE6 /* XMASEquatableTemplateStamper.swift in Sources */,
				F747F8121C33BC980040827B /* XMASSwiftParser.swift in Sources */,
				F7FCC2491C35227000263EED /* XMASFakeProtocolPersister.swift in Sources */,
				F70354131C37B18600936B55 /* XMASSelectedSourceFileOracle.swift in Sources */,
				F7FB6F241C37C35900BC75AF /* XMASFileManager.swift in Sources */,
				F7FCC23C1C351A5E00263EED /* XMASSwiftProtocolFaker.swift in Sources */,
			);
			runOnlyForDeploymentPostprocessing = 0;
		};
		F76510E11BE9FA5800BFDAD8 /* Sources */ = {
			isa = PBXSourcesBuildPhase;
			buildActionMask = 2147483647;
			files = (
				F754E9421E380AB1008CD743 /* MyMutatingProtocol.swift in Sources */,
				F754E9401E380A1F008CD743 /* FakeForMyMutatingProtocol.swift in Sources */,
				F754E9451E380BD4008CD743 /* FakeForMySomewhatSpecialProtocol.swift in Sources */,
				F7DB97581BEFFC9900A9C474 /* FakeMyMutatingProtocolSpec.swift in Sources */,
				F754E9441E380BB6008CD743 /* MySomewhatSpecialProtocol.swift in Sources */,
				F765113E1BE9FB2400BFDAD8 /* FakeMySomewhatSpecialProtocolSpec.swift in Sources */,
			);
			runOnlyForDeploymentPostprocessing = 0;
		};
/* End PBXSourcesBuildPhase section */

/* Begin PBXTargetDependency section */
		34A32ED31C433C05009D3FA6 /* PBXTargetDependency */ = {
			isa = PBXTargetDependency;
			name = Blindside;
			targetProxy = 34A32ED21C433C05009D3FA6 /* PBXContainerItemProxy */;
		};
		34A32ED71C433C14009D3FA6 /* PBXTargetDependency */ = {
			isa = PBXTargetDependency;
			target = F749C7431C310EBC00A0ACDC /* Fake4SwiftKit */;
			targetProxy = 34A32ED61C433C14009D3FA6 /* PBXContainerItemProxy */;
		};
		F72C17E51C33C390002B7FD9 /* PBXTargetDependency */ = {
			isa = PBXTargetDependency;
			name = Blindside;
			targetProxy = F72C17E41C33C390002B7FD9 /* PBXContainerItemProxy */;
		};
		F72C17E71C33C394002B7FD9 /* PBXTargetDependency */ = {
			isa = PBXTargetDependency;
			name = Cedar;
			targetProxy = F72C17E61C33C394002B7FD9 /* PBXContainerItemProxy */;
		};
		F75C4B251C37C19800615FFF /* PBXTargetDependency */ = {
			isa = PBXTargetDependency;
			target = F749C7431C310EBC00A0ACDC /* Fake4SwiftKit */;
			targetProxy = F75C4B241C37C19800615FFF /* PBXContainerItemProxy */;
		};
		F7FCC2311C33D04C00263EED /* PBXTargetDependency */ = {
			isa = PBXTargetDependency;
			name = Blindside;
			targetProxy = F7FCC2301C33D04C00263EED /* PBXContainerItemProxy */;
		};
/* End PBXTargetDependency section */

/* Begin XCBuildConfiguration section */
		34A32ECB1C433A2B009D3FA6 /* Debug */ = {
			isa = XCBuildConfiguration;
			buildSettings = {
				ALWAYS_SEARCH_USER_PATHS = NO;
				CLANG_CXX_LANGUAGE_STANDARD = "gnu++0x";
				CLANG_CXX_LIBRARY = "libc++";
				CLANG_ENABLE_MODULES = YES;
				CLANG_ENABLE_OBJC_ARC = YES;
				CLANG_WARN_BOOL_CONVERSION = YES;
				CLANG_WARN_CONSTANT_CONVERSION = YES;
				CLANG_WARN_DIRECT_OBJC_ISA_USAGE = YES_ERROR;
				CLANG_WARN_EMPTY_BODY = YES;
				CLANG_WARN_ENUM_CONVERSION = YES;
				CLANG_WARN_INT_CONVERSION = YES;
				CLANG_WARN_OBJC_ROOT_CLASS = YES_ERROR;
				CLANG_WARN_UNREACHABLE_CODE = YES;
				CODE_SIGN_IDENTITY = "";
				COMBINE_HIDPI_IMAGES = YES;
				COPY_PHASE_STRIP = NO;
				DEBUG_INFORMATION_FORMAT = dwarf;
				DSTROOT = /usr/local;
				ENABLE_STRICT_OBJC_MSGSEND = YES;
				FRAMEWORK_SEARCH_PATHS = (
					"$(inherited)",
					"$(PROJECT_DIR)/Carthage/Build/Mac",
				);
				GCC_C_LANGUAGE_STANDARD = gnu99;
				GCC_DYNAMIC_NO_PIC = NO;
				GCC_NO_COMMON_BLOCKS = YES;
				GCC_PREPROCESSOR_DEFINITIONS = (
					"DEBUG=1",
					"$(inherited)",
				);
				GCC_WARN_ABOUT_RETURN_TYPE = YES_ERROR;
				GCC_WARN_UNDECLARED_SELECTOR = YES;
				GCC_WARN_UNINITIALIZED_AUTOS = YES_AGGRESSIVE;
				GCC_WARN_UNUSED_FUNCTION = YES;
				INFOPLIST_FILE = fake4swift/Info.plist;
				INSTALL_PATH = /bin;
				LD_RUNPATH_SEARCH_PATHS = "$(inherited) @executable_path @executable_path/Fake4SwiftKit.framework/Versions/Current/Frameworks @executable_path/SourceKittenFramework.framework/Versions/Current/Frameworks @executable_path/../Frameworks @executable_path/../Frameworks/Fake4SwiftKit.framework/Versions/Current/Frameworks @executable_path/../Frameworks/SourceKittenFramework.framework/Versions/Current/Frameworks";
				MACOSX_DEPLOYMENT_TARGET = 10.10;
				MTL_ENABLE_DEBUG_INFO = YES;
				PRODUCT_BUNDLE_IDENTIFIER = com.xmas.fake4swift;
				PRODUCT_NAME = fake4swift;
				SDKROOT = macosx;
				STRIP_INSTALLED_PRODUCT = NO;
				SWIFT_OPTIMIZATION_LEVEL = "-Onone";
				SWIFT_VERSION = 3.0.1;
			};
			name = Debug;
		};
		34A32ECC1C433A2B009D3FA6 /* Release */ = {
			isa = XCBuildConfiguration;
			buildSettings = {
				ALWAYS_SEARCH_USER_PATHS = NO;
				CLANG_CXX_LANGUAGE_STANDARD = "gnu++0x";
				CLANG_CXX_LIBRARY = "libc++";
				CLANG_ENABLE_MODULES = YES;
				CLANG_ENABLE_OBJC_ARC = YES;
				CLANG_WARN_BOOL_CONVERSION = YES;
				CLANG_WARN_CONSTANT_CONVERSION = YES;
				CLANG_WARN_DIRECT_OBJC_ISA_USAGE = YES_ERROR;
				CLANG_WARN_EMPTY_BODY = YES;
				CLANG_WARN_ENUM_CONVERSION = YES;
				CLANG_WARN_INT_CONVERSION = YES;
				CLANG_WARN_OBJC_ROOT_CLASS = YES_ERROR;
				CLANG_WARN_UNREACHABLE_CODE = YES;
				CODE_SIGN_IDENTITY = "";
				COMBINE_HIDPI_IMAGES = YES;
				COPY_PHASE_STRIP = NO;
				DSTROOT = /usr/local;
				ENABLE_NS_ASSERTIONS = NO;
				ENABLE_STRICT_OBJC_MSGSEND = YES;
				FRAMEWORK_SEARCH_PATHS = (
					"$(inherited)",
					"$(PROJECT_DIR)/Carthage/Build/Mac",
				);
				GCC_C_LANGUAGE_STANDARD = gnu99;
				GCC_NO_COMMON_BLOCKS = YES;
				GCC_WARN_ABOUT_RETURN_TYPE = YES_ERROR;
				GCC_WARN_UNDECLARED_SELECTOR = YES;
				GCC_WARN_UNINITIALIZED_AUTOS = YES_AGGRESSIVE;
				GCC_WARN_UNUSED_FUNCTION = YES;
				INFOPLIST_FILE = fake4swift/Info.plist;
				INSTALL_PATH = /bin;
				LD_RUNPATH_SEARCH_PATHS = "$(inherited) @executable_path @executable_path/Fake4SwiftKit.framework/Versions/Current/Frameworks @executable_path/SourceKittenFramework.framework/Versions/Current/Frameworks @executable_path/../Frameworks @executable_path/../Frameworks/Fake4SwiftKit.framework/Versions/Current/Frameworks @executable_path/../Frameworks/SourceKittenFramework.framework/Versions/Current/Frameworks";
				MACOSX_DEPLOYMENT_TARGET = 10.10;
				MTL_ENABLE_DEBUG_INFO = NO;
				PRODUCT_BUNDLE_IDENTIFIER = com.xmas.fake4swift;
				PRODUCT_NAME = fake4swift;
				SDKROOT = macosx;
				STRIP_INSTALLED_PRODUCT = NO;
				SWIFT_VERSION = 3.0.1;
			};
			name = Release;
		};
		960FA09B160581A000923A87 /* Debug */ = {
			isa = XCBuildConfiguration;
			buildSettings = {
				CLANG_WARN__DUPLICATE_METHOD_MATCH = YES;
				ENABLE_TESTABILITY = YES;
				GCC_C_LANGUAGE_STANDARD = c99;
				GCC_OPTIMIZATION_LEVEL = 0;
				GCC_PREPROCESSOR_DEFINITIONS = "";
				GCC_TREAT_WARNINGS_AS_ERRORS = YES;
				GCC_WARN_64_TO_32_BIT_CONVERSION = YES;
				GCC_WARN_ABOUT_RETURN_TYPE = YES;
				GCC_WARN_UNINITIALIZED_AUTOS = YES;
				GCC_WARN_UNUSED_VARIABLE = YES;
				ONLY_ACTIVE_ARCH = YES;
				SDKROOT = macosx;
			};
			name = Debug;
		};
		960FA09C160581A000923A87 /* Release */ = {
			isa = XCBuildConfiguration;
			buildSettings = {
				CLANG_WARN__DUPLICATE_METHOD_MATCH = YES;
				DEBUG_INFORMATION_FORMAT = "dwarf-with-dsym";
				GCC_C_LANGUAGE_STANDARD = c99;
				GCC_OPTIMIZATION_LEVEL = 0;
				GCC_PREPROCESSOR_DEFINITIONS = "";
				GCC_TREAT_WARNINGS_AS_ERRORS = YES;
				GCC_WARN_64_TO_32_BIT_CONVERSION = YES;
				GCC_WARN_ABOUT_RETURN_TYPE = YES;
				GCC_WARN_UNINITIALIZED_AUTOS = YES;
				GCC_WARN_UNUSED_VARIABLE = YES;
				SDKROOT = macosx;
			};
			name = Release;
		};
		96387014161815C600BE29E7 /* Debug */ = {
			isa = XCBuildConfiguration;
			buildSettings = {
				ALWAYS_SEARCH_USER_PATHS = NO;
				CLANG_CXX_LANGUAGE_STANDARD = "gnu++0x";
				COMBINE_HIDPI_IMAGES = YES;
				COPY_PHASE_STRIP = NO;
				DEBUGGING_SYMBOLS = YES;
				GCC_C_LANGUAGE_STANDARD = gnu99;
				GCC_DYNAMIC_NO_PIC = NO;
				GCC_ENABLE_OBJC_EXCEPTIONS = YES;
				GCC_GENERATE_DEBUGGING_SYMBOLS = YES;
				GCC_OPTIMIZATION_LEVEL = 0;
				GCC_SYMBOLS_PRIVATE_EXTERN = NO;
				MACOSX_DEPLOYMENT_TARGET = 10.8;
				ONLY_ACTIVE_ARCH = YES;
				OTHER_CFLAGS = "";
				OTHER_LDFLAGS = "";
				PRODUCT_NAME = "$(TARGET_NAME)";
			};
			name = Debug;
		};
		96387015161815C600BE29E7 /* Release */ = {
			isa = XCBuildConfiguration;
			buildSettings = {
				ALWAYS_SEARCH_USER_PATHS = NO;
				CLANG_CXX_LANGUAGE_STANDARD = "gnu++0x";
				COMBINE_HIDPI_IMAGES = YES;
				COPY_PHASE_STRIP = YES;
				GCC_C_LANGUAGE_STANDARD = gnu99;
				GCC_ENABLE_OBJC_EXCEPTIONS = YES;
				MACOSX_DEPLOYMENT_TARGET = 10.8;
				OTHER_CFLAGS = "";
				OTHER_LDFLAGS = "";
				PRODUCT_NAME = "$(TARGET_NAME)";
			};
			name = Release;
		};
		F72C17B71C33C366002B7FD9 /* Debug */ = {
			isa = XCBuildConfiguration;
			buildSettings = {
				ALWAYS_SEARCH_USER_PATHS = NO;
				ASSETCATALOG_COMPILER_APPICON_NAME = AppIcon;
				CLANG_CXX_LANGUAGE_STANDARD = "gnu++0x";
				CLANG_CXX_LIBRARY = "libc++";
				CLANG_ENABLE_MODULES = YES;
				CLANG_ENABLE_OBJC_ARC = YES;
				CLANG_WARN_BOOL_CONVERSION = YES;
				CLANG_WARN_CONSTANT_CONVERSION = YES;
				CLANG_WARN_DIRECT_OBJC_ISA_USAGE = YES_ERROR;
				CLANG_WARN_EMPTY_BODY = YES;
				CLANG_WARN_ENUM_CONVERSION = YES;
				CLANG_WARN_INT_CONVERSION = YES;
				CLANG_WARN_OBJC_ROOT_CLASS = YES_ERROR;
				CLANG_WARN_UNREACHABLE_CODE = YES;
				CODE_SIGN_IDENTITY = "";
				COMBINE_HIDPI_IMAGES = YES;
				COPY_PHASE_STRIP = NO;
				DEBUG_INFORMATION_FORMAT = dwarf;
				ENABLE_STRICT_OBJC_MSGSEND = YES;
				FRAMEWORK_SEARCH_PATHS = (
					"$(inherited)",
					"$(PROJECT_DIR)/Externals/**",
					"$(PROJECT_DIR)/Carthage/Build/Mac",
				);
				GCC_C_LANGUAGE_STANDARD = gnu99;
				GCC_DYNAMIC_NO_PIC = NO;
				GCC_NO_COMMON_BLOCKS = YES;
				GCC_PREPROCESSOR_DEFINITIONS = (
					"DEBUG=1",
					"$(inherited)",
					"SPECS=1",
				);
				GCC_WARN_ABOUT_RETURN_TYPE = YES_ERROR;
				GCC_WARN_UNDECLARED_SELECTOR = YES;
				GCC_WARN_UNINITIALIZED_AUTOS = YES_AGGRESSIVE;
				GCC_WARN_UNUSED_FUNCTION = YES;
				INFOPLIST_FILE = Fake4SwiftKitSpecs/Info.plist;
				LD_RUNPATH_SEARCH_PATHS = "$(inherited) @executable_path/../Frameworks @loader_path/../Frameworks/ @loader_path/../Frameworks/SourceKittenFramework.framework/Versions/Current/Frameworks";
				MACOSX_DEPLOYMENT_TARGET = 10.11;
				MTL_ENABLE_DEBUG_INFO = YES;
				PRODUCT_BUNDLE_IDENTIFIER = com.glg.Fake4SwiftKitSpecs;
				PRODUCT_NAME = "$(TARGET_NAME)";
				SDKROOT = macosx;
				SWIFT_OBJC_BRIDGING_HEADER = "Fake4SwiftKitSpecs/Fake4SwiftKitSpecs-Bridging-Header.h";
				SWIFT_OPTIMIZATION_LEVEL = "-Onone";
				SWIFT_VERSION = 3.0.1;
			};
			name = Debug;
		};
		F72C17B81C33C366002B7FD9 /* Release */ = {
			isa = XCBuildConfiguration;
			buildSettings = {
				ALWAYS_SEARCH_USER_PATHS = NO;
				ASSETCATALOG_COMPILER_APPICON_NAME = AppIcon;
				CLANG_CXX_LANGUAGE_STANDARD = "gnu++0x";
				CLANG_CXX_LIBRARY = "libc++";
				CLANG_ENABLE_MODULES = YES;
				CLANG_ENABLE_OBJC_ARC = YES;
				CLANG_WARN_BOOL_CONVERSION = YES;
				CLANG_WARN_CONSTANT_CONVERSION = YES;
				CLANG_WARN_DIRECT_OBJC_ISA_USAGE = YES_ERROR;
				CLANG_WARN_EMPTY_BODY = YES;
				CLANG_WARN_ENUM_CONVERSION = YES;
				CLANG_WARN_INT_CONVERSION = YES;
				CLANG_WARN_OBJC_ROOT_CLASS = YES_ERROR;
				CLANG_WARN_UNREACHABLE_CODE = YES;
				CODE_SIGN_IDENTITY = "";
				COMBINE_HIDPI_IMAGES = YES;
				COPY_PHASE_STRIP = NO;
				ENABLE_NS_ASSERTIONS = NO;
				ENABLE_STRICT_OBJC_MSGSEND = YES;
				FRAMEWORK_SEARCH_PATHS = (
					"$(inherited)",
					"$(PROJECT_DIR)/Externals/**",
					"$(PROJECT_DIR)/Carthage/Build/Mac",
				);
				GCC_C_LANGUAGE_STANDARD = gnu99;
				GCC_NO_COMMON_BLOCKS = YES;
				GCC_PREPROCESSOR_DEFINITIONS = "SPECS=1";
				GCC_WARN_ABOUT_RETURN_TYPE = YES_ERROR;
				GCC_WARN_UNDECLARED_SELECTOR = YES;
				GCC_WARN_UNINITIALIZED_AUTOS = YES_AGGRESSIVE;
				GCC_WARN_UNUSED_FUNCTION = YES;
				INFOPLIST_FILE = Fake4SwiftKitSpecs/Info.plist;
				LD_RUNPATH_SEARCH_PATHS = "$(inherited) @executable_path/../Frameworks @loader_path/../Frameworks/ @loader_path/../Frameworks/SourceKittenFramework.framework/Versions/Current/Frameworks";
				MACOSX_DEPLOYMENT_TARGET = 10.11;
				MTL_ENABLE_DEBUG_INFO = NO;
				PRODUCT_BUNDLE_IDENTIFIER = com.glg.Fake4SwiftKitSpecs;
				PRODUCT_NAME = "$(TARGET_NAME)";
				SDKROOT = macosx;
				SWIFT_OBJC_BRIDGING_HEADER = "Fake4SwiftKitSpecs/Fake4SwiftKitSpecs-Bridging-Header.h";
				SWIFT_OPTIMIZATION_LEVEL = "-Onone";
				SWIFT_VERSION = 3.0.1;
			};
			name = Release;
		};
		F749C7491C310EBC00A0ACDC /* Debug */ = {
			isa = XCBuildConfiguration;
			buildSettings = {
				ALWAYS_SEARCH_USER_PATHS = NO;
				CLANG_CXX_LANGUAGE_STANDARD = "gnu++0x";
				CLANG_CXX_LIBRARY = "libc++";
				CLANG_ENABLE_MODULES = YES;
				CLANG_ENABLE_OBJC_ARC = YES;
				CLANG_WARN_BOOL_CONVERSION = YES;
				CLANG_WARN_CONSTANT_CONVERSION = YES;
				CLANG_WARN_DIRECT_OBJC_ISA_USAGE = YES_ERROR;
				CLANG_WARN_EMPTY_BODY = YES;
				CLANG_WARN_ENUM_CONVERSION = YES;
				CLANG_WARN_INT_CONVERSION = YES;
				CLANG_WARN_OBJC_ROOT_CLASS = YES_ERROR;
				CLANG_WARN_UNREACHABLE_CODE = YES;
				CODE_SIGN_IDENTITY = "";
				COMBINE_HIDPI_IMAGES = YES;
				COPY_PHASE_STRIP = NO;
				CURRENT_PROJECT_VERSION = 1;
				DEBUG_INFORMATION_FORMAT = dwarf;
				DEFINES_MODULE = YES;
				DEPLOYMENT_LOCATION = YES;
				DEPLOYMENT_POSTPROCESSING = YES;
				DYLIB_COMPATIBILITY_VERSION = 1;
				DYLIB_CURRENT_VERSION = 1;
				DYLIB_INSTALL_NAME_BASE = "@rpath";
				EMBEDDED_CONTENT_CONTAINS_SWIFT = YES;
				ENABLE_STRICT_OBJC_MSGSEND = YES;
				FRAMEWORK_SEARCH_PATHS = (
					"$(inherited)",
					"$(PROJECT_DIR)/Externals/**",
					"$(PROJECT_DIR)/Carthage/Build/Mac/**",
					"$(PROJECT_DIR)/Carthage/Build/Mac",
				);
				FRAMEWORK_VERSION = A;
				GCC_C_LANGUAGE_STANDARD = gnu99;
				GCC_DYNAMIC_NO_PIC = NO;
				GCC_NO_COMMON_BLOCKS = YES;
				GCC_PREPROCESSOR_DEFINITIONS = (
					"DEBUG=1",
					"$(inherited)",
				);
				GCC_WARN_ABOUT_RETURN_TYPE = YES_ERROR;
				GCC_WARN_UNDECLARED_SELECTOR = YES;
				GCC_WARN_UNINITIALIZED_AUTOS = YES_AGGRESSIVE;
				GCC_WARN_UNUSED_FUNCTION = YES;
				INFOPLIST_FILE = Fake4SwiftKit/Info.plist;
				INSTALL_PATH = "$(LOCAL_LIBRARY_DIR)/Frameworks";
				LD_RUNPATH_SEARCH_PATHS = "$(inherited) @executable_path @loader_path/Frameworks";
				MACOSX_DEPLOYMENT_TARGET = 10.10;
				MTL_ENABLE_DEBUG_INFO = YES;
				PRODUCT_BUNDLE_IDENTIFIER = com.glg.Fake4SwiftKit;
				PRODUCT_NAME = "$(TARGET_NAME)";
				SKIP_INSTALL = YES;
				SWIFT_OPTIMIZATION_LEVEL = "-Onone";
				SWIFT_VERSION = 3.0;
				VERSIONING_SYSTEM = "apple-generic";
				VERSION_INFO_PREFIX = "";
			};
			name = Debug;
		};
		F749C74A1C310EBC00A0ACDC /* Release */ = {
			isa = XCBuildConfiguration;
			buildSettings = {
				ALWAYS_SEARCH_USER_PATHS = NO;
				CLANG_CXX_LANGUAGE_STANDARD = "gnu++0x";
				CLANG_CXX_LIBRARY = "libc++";
				CLANG_ENABLE_MODULES = YES;
				CLANG_ENABLE_OBJC_ARC = YES;
				CLANG_WARN_BOOL_CONVERSION = YES;
				CLANG_WARN_CONSTANT_CONVERSION = YES;
				CLANG_WARN_DIRECT_OBJC_ISA_USAGE = YES_ERROR;
				CLANG_WARN_EMPTY_BODY = YES;
				CLANG_WARN_ENUM_CONVERSION = YES;
				CLANG_WARN_INT_CONVERSION = YES;
				CLANG_WARN_OBJC_ROOT_CLASS = YES_ERROR;
				CLANG_WARN_UNREACHABLE_CODE = YES;
				CODE_SIGN_IDENTITY = "";
				COMBINE_HIDPI_IMAGES = YES;
				COPY_PHASE_STRIP = NO;
				CURRENT_PROJECT_VERSION = 1;
				DEFINES_MODULE = YES;
				DEPLOYMENT_LOCATION = YES;
				DEPLOYMENT_POSTPROCESSING = YES;
				DYLIB_COMPATIBILITY_VERSION = 1;
				DYLIB_CURRENT_VERSION = 1;
				DYLIB_INSTALL_NAME_BASE = "@rpath";
				EMBEDDED_CONTENT_CONTAINS_SWIFT = YES;
				ENABLE_NS_ASSERTIONS = NO;
				ENABLE_STRICT_OBJC_MSGSEND = YES;
				FRAMEWORK_SEARCH_PATHS = (
					"$(inherited)",
					"$(PROJECT_DIR)/Externals/**",
					"$(PROJECT_DIR)/Carthage/Build/Mac/**",
					"$(PROJECT_DIR)/Carthage/Build/Mac",
				);
				FRAMEWORK_VERSION = A;
				GCC_C_LANGUAGE_STANDARD = gnu99;
				GCC_NO_COMMON_BLOCKS = YES;
				GCC_WARN_ABOUT_RETURN_TYPE = YES_ERROR;
				GCC_WARN_UNDECLARED_SELECTOR = YES;
				GCC_WARN_UNINITIALIZED_AUTOS = YES_AGGRESSIVE;
				GCC_WARN_UNUSED_FUNCTION = YES;
				INFOPLIST_FILE = Fake4SwiftKit/Info.plist;
				INSTALL_PATH = "$(LOCAL_LIBRARY_DIR)/Frameworks";
				LD_RUNPATH_SEARCH_PATHS = "$(inherited) @executable_path @loader_path/Frameworks";
				MACOSX_DEPLOYMENT_TARGET = 10.10;
				MTL_ENABLE_DEBUG_INFO = NO;
				PRODUCT_BUNDLE_IDENTIFIER = com.glg.Fake4SwiftKit;
				PRODUCT_NAME = "$(TARGET_NAME)";
				SKIP_INSTALL = YES;
				SWIFT_OPTIMIZATION_LEVEL = "-Onone";
				SWIFT_VERSION = 3.0;
				VERSIONING_SYSTEM = "apple-generic";
				VERSION_INFO_PREFIX = "";
			};
			name = Release;
		};
		F76510EA1BE9FA5800BFDAD8 /* Debug */ = {
			isa = XCBuildConfiguration;
			buildSettings = {
				ALWAYS_SEARCH_USER_PATHS = NO;
				CLANG_CXX_LANGUAGE_STANDARD = "gnu++0x";
				CLANG_CXX_LIBRARY = "libc++";
				CLANG_ENABLE_MODULES = YES;
				CLANG_ENABLE_OBJC_ARC = YES;
				CLANG_WARN_BOOL_CONVERSION = YES;
				CLANG_WARN_CONSTANT_CONVERSION = YES;
				CLANG_WARN_DIRECT_OBJC_ISA_USAGE = YES_ERROR;
				CLANG_WARN_EMPTY_BODY = YES;
				CLANG_WARN_ENUM_CONVERSION = YES;
				CLANG_WARN_INT_CONVERSION = YES;
				CLANG_WARN_OBJC_ROOT_CLASS = YES_ERROR;
				CLANG_WARN_UNREACHABLE_CODE = YES;
				CODE_SIGN_IDENTITY = "";
				COMBINE_HIDPI_IMAGES = YES;
				COPY_PHASE_STRIP = NO;
				DEBUG_INFORMATION_FORMAT = dwarf;
				ENABLE_STRICT_OBJC_MSGSEND = YES;
				FRAMEWORK_SEARCH_PATHS = (
					"$(inherited)",
					"$(PROJECT_DIR)/Carthage/Build/Mac",
				);
				GCC_C_LANGUAGE_STANDARD = gnu99;
				GCC_DYNAMIC_NO_PIC = NO;
				GCC_NO_COMMON_BLOCKS = YES;
				GCC_PREPROCESSOR_DEFINITIONS = (
					"DEBUG=1",
					"$(inherited)",
				);
				GCC_WARN_ABOUT_RETURN_TYPE = YES_ERROR;
				GCC_WARN_UNDECLARED_SELECTOR = YES;
				GCC_WARN_UNINITIALIZED_AUTOS = YES_AGGRESSIVE;
				GCC_WARN_UNUSED_FUNCTION = YES;
				INFOPLIST_FILE = GeneratedFakesBehavioralSpecs/Info.plist;
				LD_RUNPATH_SEARCH_PATHS = "$(inherited) @executable_path/../Frameworks @loader_path/../Frameworks";
				MACOSX_DEPLOYMENT_TARGET = 10.11;
				MTL_ENABLE_DEBUG_INFO = YES;
				PRODUCT_BUNDLE_IDENTIFIER = com.glg.GeneratedFakesBehavioralSpecs;
				PRODUCT_NAME = "$(TARGET_NAME)";
				SWIFT_OPTIMIZATION_LEVEL = "-Onone";
				SWIFT_VERSION = 3.0;
			};
			name = Debug;
		};
		F76510EB1BE9FA5800BFDAD8 /* Release */ = {
			isa = XCBuildConfiguration;
			buildSettings = {
				ALWAYS_SEARCH_USER_PATHS = NO;
				CLANG_CXX_LANGUAGE_STANDARD = "gnu++0x";
				CLANG_CXX_LIBRARY = "libc++";
				CLANG_ENABLE_MODULES = YES;
				CLANG_ENABLE_OBJC_ARC = YES;
				CLANG_WARN_BOOL_CONVERSION = YES;
				CLANG_WARN_CONSTANT_CONVERSION = YES;
				CLANG_WARN_DIRECT_OBJC_ISA_USAGE = YES_ERROR;
				CLANG_WARN_EMPTY_BODY = YES;
				CLANG_WARN_ENUM_CONVERSION = YES;
				CLANG_WARN_INT_CONVERSION = YES;
				CLANG_WARN_OBJC_ROOT_CLASS = YES_ERROR;
				CLANG_WARN_UNREACHABLE_CODE = YES;
				CODE_SIGN_IDENTITY = "";
				COMBINE_HIDPI_IMAGES = YES;
				COPY_PHASE_STRIP = NO;
				ENABLE_NS_ASSERTIONS = NO;
				ENABLE_STRICT_OBJC_MSGSEND = YES;
				FRAMEWORK_SEARCH_PATHS = (
					"$(inherited)",
					"$(PROJECT_DIR)/Carthage/Build/Mac",
				);
				GCC_C_LANGUAGE_STANDARD = gnu99;
				GCC_NO_COMMON_BLOCKS = YES;
				GCC_WARN_ABOUT_RETURN_TYPE = YES_ERROR;
				GCC_WARN_UNDECLARED_SELECTOR = YES;
				GCC_WARN_UNINITIALIZED_AUTOS = YES_AGGRESSIVE;
				GCC_WARN_UNUSED_FUNCTION = YES;
				INFOPLIST_FILE = GeneratedFakesBehavioralSpecs/Info.plist;
				LD_RUNPATH_SEARCH_PATHS = "$(inherited) @executable_path/../Frameworks @loader_path/../Frameworks";
				MACOSX_DEPLOYMENT_TARGET = 10.11;
				MTL_ENABLE_DEBUG_INFO = NO;
				PRODUCT_BUNDLE_IDENTIFIER = com.glg.GeneratedFakesBehavioralSpecs;
				PRODUCT_NAME = "$(TARGET_NAME)";
				SWIFT_VERSION = 3.0;
			};
			name = Release;
		};
/* End XCBuildConfiguration section */

/* Begin XCConfigurationList section */
		34A32ECA1C433A2B009D3FA6 /* Build configuration list for PBXNativeTarget "fake4swift" */ = {
			isa = XCConfigurationList;
			buildConfigurations = (
				34A32ECB1C433A2B009D3FA6 /* Debug */,
				34A32ECC1C433A2B009D3FA6 /* Release */,
			);
			defaultConfigurationIsVisible = 0;
			defaultConfigurationName = Release;
		};
		960FA0891605819F00923A87 /* Build configuration list for PBXProject "Fake4Swift" */ = {
			isa = XCConfigurationList;
			buildConfigurations = (
				960FA09B160581A000923A87 /* Debug */,
				960FA09C160581A000923A87 /* Release */,
			);
			defaultConfigurationIsVisible = 0;
			defaultConfigurationName = Release;
		};
		96387013161815C600BE29E7 /* Build configuration list for PBXLegacyTarget "Clean" */ = {
			isa = XCConfigurationList;
			buildConfigurations = (
				96387014161815C600BE29E7 /* Debug */,
				96387015161815C600BE29E7 /* Release */,
			);
			defaultConfigurationIsVisible = 0;
			defaultConfigurationName = Release;
		};
		F72C17E11C33C366002B7FD9 /* Build configuration list for PBXNativeTarget "Fake4SwiftKitSpecs" */ = {
			isa = XCConfigurationList;
			buildConfigurations = (
				F72C17B71C33C366002B7FD9 /* Debug */,
				F72C17B81C33C366002B7FD9 /* Release */,
			);
			defaultConfigurationIsVisible = 0;
			defaultConfigurationName = Release;
		};
		F749C7731C310EBC00A0ACDC /* Build configuration list for PBXNativeTarget "Fake4SwiftKit" */ = {
			isa = XCConfigurationList;
			buildConfigurations = (
				F749C7491C310EBC00A0ACDC /* Debug */,
				F749C74A1C310EBC00A0ACDC /* Release */,
			);
			defaultConfigurationIsVisible = 0;
			defaultConfigurationName = Release;
		};
		F76511011BE9FA5800BFDAD8 /* Build configuration list for PBXNativeTarget "GeneratedFakesBehavioralSpecs" */ = {
			isa = XCConfigurationList;
			buildConfigurations = (
				F76510EA1BE9FA5800BFDAD8 /* Debug */,
				F76510EB1BE9FA5800BFDAD8 /* Release */,
			);
			defaultConfigurationIsVisible = 0;
			defaultConfigurationName = Release;
		};
/* End XCConfigurationList section */
	};
	rootObject = 960FA0861605819F00923A87 /* Project object */;
}
