// !$*UTF8*$!
{
	archiveVersion = 1;
	classes = {
	};
	objectVersion = 46;
	objects = {

/* Begin PBXBuildFile section */
		960FA0931605819F00923A87 /* CoreFoundation.framework in Frameworks */ = {isa = PBXBuildFile; fileRef = 960FA0921605819F00923A87 /* CoreFoundation.framework */; };
		960FA0A2160584AC00923A87 /* XMASBetterRefactorTools.m in Sources */ = {isa = PBXBuildFile; fileRef = 960FA0A1160584AC00923A87 /* XMASBetterRefactorTools.m */; };
		960FA0A51605858E00923A87 /* AppKit.framework in Frameworks */ = {isa = PBXBuildFile; fileRef = 960FA0A31605858400923A87 /* AppKit.framework */; };
		969FAA5216224F4700E48B0A /* XMASEditMenu.m in Sources */ = {isa = PBXBuildFile; fileRef = 969FAA5116224F4700E48B0A /* XMASEditMenu.m */; };
		AE07954F1B68009E000DE4C8 /* XMASObjcMethodDeclarationRewriter.m in Sources */ = {isa = PBXBuildFile; fileRef = AE07954E1B68009E000DE4C8 /* XMASObjcMethodDeclarationRewriter.m */; };
		AE0795501B68009E000DE4C8 /* XMASObjcMethodDeclarationRewriter.m in Sources */ = {isa = PBXBuildFile; fileRef = AE07954E1B68009E000DE4C8 /* XMASObjcMethodDeclarationRewriter.m */; };
		AE07955E1B68029D000DE4C8 /* XMASObjcMethodDeclarationRewriterSpec.mm in Sources */ = {isa = PBXBuildFile; fileRef = AE07955D1B68029D000DE4C8 /* XMASObjcMethodDeclarationRewriterSpec.mm */; };
		AE71D5B21B66F5CE00E40833 /* XMASXcodeAdditions.m in Sources */ = {isa = PBXBuildFile; fileRef = AE71D5B11B66F5CE00E40833 /* XMASXcodeAdditions.m */; };
		AE7635691B68249C00F85396 /* RefactorMethodDeclarationExpected.m in Copy Fixtures */ = {isa = PBXBuildFile; fileRef = AE76355C1B68245B00F85396 /* RefactorMethodDeclarationExpected.m */; };
		AE76356C1B68266100F85396 /* XMASObjcMethodDeclarationStringWriter.m in Sources */ = {isa = PBXBuildFile; fileRef = AE76356B1B68266100F85396 /* XMASObjcMethodDeclarationStringWriter.m */; };
		AE76356D1B68266100F85396 /* XMASObjcMethodDeclarationStringWriter.m in Sources */ = {isa = PBXBuildFile; fileRef = AE76356B1B68266100F85396 /* XMASObjcMethodDeclarationStringWriter.m */; };
		AE7635701B68283C00F85396 /* XMASObjcMethodDeclarationStringWriterSpec.mm in Sources */ = {isa = PBXBuildFile; fileRef = AE76356E1B68283C00F85396 /* XMASObjcMethodDeclarationStringWriterSpec.mm */; };
		F70A034C1B49D0910009B348 /* XMASMethodOccurrencesRepositorySpec.mm in Sources */ = {isa = PBXBuildFile; fileRef = F70A034B1B49D0910009B348 /* XMASMethodOccurrencesRepositorySpec.mm */; };
		F70A03721B4B98820009B348 /* XMASObjcMethodCallParserSpec.mm in Sources */ = {isa = PBXBuildFile; fileRef = F70A03711B4B98820009B348 /* XMASObjcMethodCallParserSpec.mm */; };
		F70B5ED91B2435B300AA32BB /* ClangKit.framework in Frameworks */ = {isa = PBXBuildFile; fileRef = F7E491F61B23EBC400BE3A61 /* ClangKit.framework */; };
		F70B5EE71B2435F800AA32BB /* ClangKit.framework in Copy ClangKit framework */ = {isa = PBXBuildFile; fileRef = F7E491F61B23EBC400BE3A61 /* ClangKit.framework */; settings = {ATTRIBUTES = (CodeSignOnCopy, RemoveHeadersOnCopy, ); }; };
		F70C1E5A1B5C62F600EC1801 /* XMASChangeMethodSignatureController.xib in Sources */ = {isa = PBXBuildFile; fileRef = F7BEDD111B5C5FB800A4704B /* XMASChangeMethodSignatureController.xib */; };
		F70C1E671B5C630800EC1801 /* XMASChangeMethodSignatureController.xib in Sources */ = {isa = PBXBuildFile; fileRef = F7BEDD111B5C5FB800A4704B /* XMASChangeMethodSignatureController.xib */; };
		F70E1FB71B24375B00D971E6 /* XMASObjcMethodDeclarationParserSpec.mm in Sources */ = {isa = PBXBuildFile; fileRef = F70E1FB61B24375B00D971E6 /* XMASObjcMethodDeclarationParserSpec.mm */; };
		F70E1FC11B243AF000D971E6 /* MethodDeclaration.m in Copy Fixtures */ = {isa = PBXBuildFile; fileRef = F70E1FBE1B243A7A00D971E6 /* MethodDeclaration.m */; };
		F70E1FC61B24DA1300D971E6 /* XMASObjcSelectorSpec.mm in Sources */ = {isa = PBXBuildFile; fileRef = F70E1FC51B24DA1300D971E6 /* XMASObjcSelectorSpec.mm */; };
		F71E82A61B5974FC00BE93DC /* RefactorMethodFixture.m in Copy Fixtures */ = {isa = PBXBuildFile; fileRef = F71E82A41B5974C700BE93DC /* RefactorMethodFixture.m */; };
		F71E82BE1B59F65800BE93DC /* XMASObjcCallExpressionRewriter.m in Sources */ = {isa = PBXBuildFile; fileRef = F71E82BD1B59F65800BE93DC /* XMASObjcCallExpressionRewriter.m */; };
		F71E82BF1B59F65800BE93DC /* XMASObjcCallExpressionRewriter.m in Sources */ = {isa = PBXBuildFile; fileRef = F71E82BD1B59F65800BE93DC /* XMASObjcCallExpressionRewriter.m */; };
		F71E82C11B59F67600BE93DC /* XMASObjcCallExpressionRewriterSpec.mm in Sources */ = {isa = PBXBuildFile; fileRef = F71E82C01B59F67600BE93DC /* XMASObjcCallExpressionRewriterSpec.mm */; };
		F71E82C41B59F6B400BE93DC /* RefactorMethodExpected.m in Copy Fixtures */ = {isa = PBXBuildFile; fileRef = F71E82C21B59F6A800BE93DC /* RefactorMethodExpected.m */; };
		F727495F1B4901AE00BB8483 /* XMASMethodOccurrencesRepository.m in Sources */ = {isa = PBXBuildFile; fileRef = F727495E1B4901AE00BB8483 /* XMASMethodOccurrencesRepository.m */; };
		F72749601B4901AE00BB8483 /* XMASMethodOccurrencesRepository.m in Sources */ = {isa = PBXBuildFile; fileRef = F727495E1B4901AE00BB8483 /* XMASMethodOccurrencesRepository.m */; };
		F73511B71B2559F100104F8C /* XMASObjcTypeParserSpec.mm in Sources */ = {isa = PBXBuildFile; fileRef = F73511B61B2559F100104F8C /* XMASObjcTypeParserSpec.mm */; };
		F74BBB501B273D760092AED9 /* XMASRefactorMethodAction.m in Sources */ = {isa = PBXBuildFile; fileRef = F74BBB4F1B273D760092AED9 /* XMASRefactorMethodAction.m */; };
		F74BBB5D1B273D810092AED9 /* XMASRefactorMethodAction.m in Sources */ = {isa = PBXBuildFile; fileRef = F74BBB4F1B273D760092AED9 /* XMASRefactorMethodAction.m */; };
		F74C39D61B3D1A280002FC97 /* XMASComponentSwapperSpec.mm in Sources */ = {isa = PBXBuildFile; fileRef = F74C39D51B3D1A280002FC97 /* XMASComponentSwapperSpec.mm */; };
		F761C3DB1B56E2D200A41589 /* XMASObjcCallExpressionTokenFilterSpec.mm in Sources */ = {isa = PBXBuildFile; fileRef = F761C3DA1B56E2D200A41589 /* XMASObjcCallExpressionTokenFilterSpec.mm */; };
		F76B9B781B23F3050028AC9A /* ClangKit.framework in CopyFiles */ = {isa = PBXBuildFile; fileRef = F7E491F61B23EBC400BE3A61 /* ClangKit.framework */; settings = {ATTRIBUTES = (CodeSignOnCopy, RemoveHeadersOnCopy, ); }; };
		F78E4F551B23F29000FC845C /* ClangKit.framework in Frameworks */ = {isa = PBXBuildFile; fileRef = F7E491F61B23EBC400BE3A61 /* ClangKit.framework */; };
		F798375D1B365CAE000F1EBD /* XMASEditMenuSpec.mm in Sources */ = {isa = PBXBuildFile; fileRef = F798375C1B365CAE000F1EBD /* XMASEditMenuSpec.mm */; };
		F79837601B365D44000F1EBD /* XMASRefactorMethodActionProvider.m in Sources */ = {isa = PBXBuildFile; fileRef = F798375F1B365D44000F1EBD /* XMASRefactorMethodActionProvider.m */; };
		F79837611B365D49000F1EBD /* XMASRefactorMethodActionProvider.m in Sources */ = {isa = PBXBuildFile; fileRef = F798375F1B365D44000F1EBD /* XMASRefactorMethodActionProvider.m */; };
		F79837621B365DC2000F1EBD /* XMASEditMenu.m in Sources */ = {isa = PBXBuildFile; fileRef = 969FAA5116224F4700E48B0A /* XMASEditMenu.m */; };
		F79837651B365F68000F1EBD /* XMASRefactorMethodActionProviderSpec.mm in Sources */ = {isa = PBXBuildFile; fileRef = F79837641B365F68000F1EBD /* XMASRefactorMethodActionProviderSpec.mm */; };
		F7B1D2881B5C5F7900C28AE7 /* XMASAlert.m in Sources */ = {isa = PBXBuildFile; fileRef = F7B1D2851B5C5F7900C28AE7 /* XMASAlert.m */; };
		F7B1D2891B5C5F7900C28AE7 /* XMASAlert.m in Sources */ = {isa = PBXBuildFile; fileRef = F7B1D2851B5C5F7900C28AE7 /* XMASAlert.m */; };
		F7B1D28A1B5C5F7900C28AE7 /* XMASXcode.m in Sources */ = {isa = PBXBuildFile; fileRef = F7B1D2871B5C5F7900C28AE7 /* XMASXcode.m */; };
		F7B1D28B1B5C5F7900C28AE7 /* XMASXcode.m in Sources */ = {isa = PBXBuildFile; fileRef = F7B1D2871B5C5F7900C28AE7 /* XMASXcode.m */; };
		F7B550811B294CEB006E59F9 /* XMASChangeMethodSignatureControllerProviderSpec.mm in Sources */ = {isa = PBXBuildFile; fileRef = F7B550801B294CEB006E59F9 /* XMASChangeMethodSignatureControllerProviderSpec.mm */; };
		F7B550831B294FEA006E59F9 /* XMASChangeMethodSignatureControllerSpec.mm in Sources */ = {isa = PBXBuildFile; fileRef = F7B550821B294FEA006E59F9 /* XMASChangeMethodSignatureControllerSpec.mm */; };
		F7BA62301B223369005B99AF /* main.m in Sources */ = {isa = PBXBuildFile; fileRef = F7BA622F1B223369005B99AF /* main.m */; };
		F7BA62731B22BF8E005B99AF /* Cedar.framework in Frameworks */ = {isa = PBXBuildFile; fileRef = F7BA625A1B2233D0005B99AF /* Cedar.framework */; };
		F7BEDD161B5C5FB800A4704B /* XMASChangeMethodSignatureController.m in Sources */ = {isa = PBXBuildFile; fileRef = F7BEDD101B5C5FB800A4704B /* XMASChangeMethodSignatureController.m */; };
		F7BEDD171B5C5FB800A4704B /* XMASChangeMethodSignatureController.m in Sources */ = {isa = PBXBuildFile; fileRef = F7BEDD101B5C5FB800A4704B /* XMASChangeMethodSignatureController.m */; };
		F7BEDD181B5C5FB800A4704B /* XMASChangeMethodSignatureControllerProvider.m in Sources */ = {isa = PBXBuildFile; fileRef = F7BEDD131B5C5FB800A4704B /* XMASChangeMethodSignatureControllerProvider.m */; };
		F7BEDD191B5C5FB800A4704B /* XMASChangeMethodSignatureControllerProvider.m in Sources */ = {isa = PBXBuildFile; fileRef = F7BEDD131B5C5FB800A4704B /* XMASChangeMethodSignatureControllerProvider.m */; };
		F7BEDD1A1B5C5FB800A4704B /* XMASWindowProvider.m in Sources */ = {isa = PBXBuildFile; fileRef = F7BEDD151B5C5FB800A4704B /* XMASWindowProvider.m */; };
		F7BEDD1B1B5C5FB800A4704B /* XMASWindowProvider.m in Sources */ = {isa = PBXBuildFile; fileRef = F7BEDD151B5C5FB800A4704B /* XMASWindowProvider.m */; };
		F7D01BFD1B5C601700FE62DA /* XMASObjcTypeParser.m in Sources */ = {isa = PBXBuildFile; fileRef = F7D01BFC1B5C601700FE62DA /* XMASObjcTypeParser.m */; };
		F7D01BFE1B5C601700FE62DA /* XMASObjcTypeParser.m in Sources */ = {isa = PBXBuildFile; fileRef = F7D01BFC1B5C601700FE62DA /* XMASObjcTypeParser.m */; };
		F7D01C051B5C602700FE62DA /* XMASObjcCallExpressionTokenFilter.m in Sources */ = {isa = PBXBuildFile; fileRef = F7D01C001B5C602700FE62DA /* XMASObjcCallExpressionTokenFilter.m */; };
		F7D01C061B5C602700FE62DA /* XMASObjcCallExpressionTokenFilter.m in Sources */ = {isa = PBXBuildFile; fileRef = F7D01C001B5C602700FE62DA /* XMASObjcCallExpressionTokenFilter.m */; };
		F7D01C071B5C602700FE62DA /* XMASObjcMethodCall.m in Sources */ = {isa = PBXBuildFile; fileRef = F7D01C021B5C602700FE62DA /* XMASObjcMethodCall.m */; };
		F7D01C081B5C602700FE62DA /* XMASObjcMethodCall.m in Sources */ = {isa = PBXBuildFile; fileRef = F7D01C021B5C602700FE62DA /* XMASObjcMethodCall.m */; };
		F7D01C091B5C602700FE62DA /* XMASObjcMethodCallParser.m in Sources */ = {isa = PBXBuildFile; fileRef = F7D01C041B5C602700FE62DA /* XMASObjcMethodCallParser.m */; };
		F7D01C0A1B5C602700FE62DA /* XMASObjcMethodCallParser.m in Sources */ = {isa = PBXBuildFile; fileRef = F7D01C041B5C602700FE62DA /* XMASObjcMethodCallParser.m */; };
		F7D01C131B5C603700FE62DA /* XMASComponentSwapper.m in Sources */ = {isa = PBXBuildFile; fileRef = F7D01C0C1B5C603700FE62DA /* XMASComponentSwapper.m */; };
		F7D01C141B5C603700FE62DA /* XMASComponentSwapper.m in Sources */ = {isa = PBXBuildFile; fileRef = F7D01C0C1B5C603700FE62DA /* XMASComponentSwapper.m */; };
		F7D01C151B5C603700FE62DA /* XMASObjcMethodDeclaration.m in Sources */ = {isa = PBXBuildFile; fileRef = F7D01C0E1B5C603700FE62DA /* XMASObjcMethodDeclaration.m */; };
		F7D01C161B5C603700FE62DA /* XMASObjcMethodDeclaration.m in Sources */ = {isa = PBXBuildFile; fileRef = F7D01C0E1B5C603700FE62DA /* XMASObjcMethodDeclaration.m */; };
		F7D01C171B5C603700FE62DA /* XMASObjcMethodDeclarationParameter.m in Sources */ = {isa = PBXBuildFile; fileRef = F7D01C101B5C603700FE62DA /* XMASObjcMethodDeclarationParameter.m */; };
		F7D01C181B5C603700FE62DA /* XMASObjcMethodDeclarationParameter.m in Sources */ = {isa = PBXBuildFile; fileRef = F7D01C101B5C603700FE62DA /* XMASObjcMethodDeclarationParameter.m */; };
		F7D01C191B5C603700FE62DA /* XMASObjcMethodDeclarationParser.m in Sources */ = {isa = PBXBuildFile; fileRef = F7D01C121B5C603700FE62DA /* XMASObjcMethodDeclarationParser.m */; };
		F7D01C1A1B5C603700FE62DA /* XMASObjcMethodDeclarationParser.m in Sources */ = {isa = PBXBuildFile; fileRef = F7D01C121B5C603700FE62DA /* XMASObjcMethodDeclarationParser.m */; };
		F7D321401B26C0A800729830 /* XMASRefactorMethodActionSpec.mm in Sources */ = {isa = PBXBuildFile; fileRef = F7D3213F1B26C0A800729830 /* XMASRefactorMethodActionSpec.mm */; };
		F7E834281B4CEB7B006DB442 /* NestedCallExpressions.m in Copy Fixtures */ = {isa = PBXBuildFile; fileRef = F7E8341B1B4CEB15006DB442 /* NestedCallExpressions.m */; };
		F7EA8A511B5AB78400367014 /* XMASObjcCallExpressionStringWriter.m in Sources */ = {isa = PBXBuildFile; fileRef = F7EA8A501B5AB78400367014 /* XMASObjcCallExpressionStringWriter.m */; };
		F7EA8A521B5AB78400367014 /* XMASObjcCallExpressionStringWriter.m in Sources */ = {isa = PBXBuildFile; fileRef = F7EA8A501B5AB78400367014 /* XMASObjcCallExpressionStringWriter.m */; };
		F7EA8A601B5AB7FF00367014 /* XMASObjcCallExpressionStringWriterSpec.mm in Sources */ = {isa = PBXBuildFile; fileRef = F7EA8A5F1B5AB7FF00367014 /* XMASObjcCallExpressionStringWriterSpec.mm */; };
		F7F09FF41B281A1F00727AD7 /* XMASWindowProviderSpec.mm in Sources */ = {isa = PBXBuildFile; fileRef = F7F09FF31B281A1F00727AD7 /* XMASWindowProviderSpec.mm */; };
/* End PBXBuildFile section */

/* Begin PBXContainerItemProxy section */
		96387017161816B900BE29E7 /* PBXContainerItemProxy */ = {
			isa = PBXContainerItemProxy;
			containerPortal = 960FA0861605819F00923A87 /* Project object */;
			proxyType = 1;
			remoteGlobalIDString = 96387012161815C600BE29E7;
			remoteInfo = Clean;
		};
		F7BA62591B2233D0005B99AF /* PBXContainerItemProxy */ = {
			isa = PBXContainerItemProxy;
			containerPortal = F7BA62491B2233D0005B99AF /* Cedar.xcodeproj */;
			proxyType = 2;
			remoteGlobalIDString = AEEE1FB611DC271300029872;
			remoteInfo = Cedar;
		};
		F7BA625B1B2233D0005B99AF /* PBXContainerItemProxy */ = {
			isa = PBXContainerItemProxy;
			containerPortal = F7BA62491B2233D0005B99AF /* Cedar.xcodeproj */;
			proxyType = 2;
			remoteGlobalIDString = AEEE218611DC28E200029872;
			remoteInfo = "Cedar OS X Specs";
		};
		F7BA625D1B2233D0005B99AF /* PBXContainerItemProxy */ = {
			isa = PBXContainerItemProxy;
			containerPortal = F7BA62491B2233D0005B99AF /* Cedar.xcodeproj */;
			proxyType = 2;
			remoteGlobalIDString = 96A07F0813F276640021974D;
			remoteInfo = "Cedar OS X FocusedSpecs";
		};
		F7BA625F1B2233D0005B99AF /* PBXContainerItemProxy */ = {
			isa = PBXContainerItemProxy;
			containerPortal = F7BA62491B2233D0005B99AF /* Cedar.xcodeproj */;
			proxyType = 2;
			remoteGlobalIDString = AEEE222911DC2B0600029872;
			remoteInfo = "Cedar-StaticLib";
		};
		F7BA62611B2233D0005B99AF /* PBXContainerItemProxy */ = {
			isa = PBXContainerItemProxy;
			containerPortal = F7BA62491B2233D0005B99AF /* Cedar.xcodeproj */;
			proxyType = 2;
			remoteGlobalIDString = AEEE227611DC2CF900029872;
			remoteInfo = "Cedar iOS Specs";
		};
		F7BA62631B2233D0005B99AF /* PBXContainerItemProxy */ = {
			isa = PBXContainerItemProxy;
			containerPortal = F7BA62491B2233D0005B99AF /* Cedar.xcodeproj */;
			proxyType = 2;
			remoteGlobalIDString = AE02E7E4184EABCD00414F19;
			remoteInfo = "Cedar iOS FrameworkSpecs";
		};
		F7BA62651B2233D0005B99AF /* PBXContainerItemProxy */ = {
			isa = PBXContainerItemProxy;
			containerPortal = F7BA62491B2233D0005B99AF /* Cedar.xcodeproj */;
			proxyType = 2;
			remoteGlobalIDString = 96B5F9F6144A81A7000A6A5D;
			remoteInfo = "Cedar iOS Host App";
		};
		F7BA62671B2233D0005B99AF /* PBXContainerItemProxy */ = {
			isa = PBXContainerItemProxy;
			containerPortal = F7BA62491B2233D0005B99AF /* Cedar.xcodeproj */;
			proxyType = 2;
			remoteGlobalIDString = 96B5FA11144A81A8000A6A5D;
			remoteInfo = "Cedar iOS SenTestingKit Tests";
		};
		F7BA62691B2233D0005B99AF /* PBXContainerItemProxy */ = {
			isa = PBXContainerItemProxy;
			containerPortal = F7BA62491B2233D0005B99AF /* Cedar.xcodeproj */;
			proxyType = 2;
			remoteGlobalIDString = 1F45A3DD180E4796003C1E36;
			remoteInfo = "Cedar iOS XCTest Tests";
		};
		F7BA626B1B2233D0005B99AF /* PBXContainerItemProxy */ = {
			isa = PBXContainerItemProxy;
			containerPortal = F7BA62491B2233D0005B99AF /* Cedar.xcodeproj */;
			proxyType = 2;
			remoteGlobalIDString = AE248F9819DCD52500092C14;
			remoteInfo = "Cedar OS X Host App";
		};
		F7BA626D1B2233D0005B99AF /* PBXContainerItemProxy */ = {
			isa = PBXContainerItemProxy;
			containerPortal = F7BA62491B2233D0005B99AF /* Cedar.xcodeproj */;
			proxyType = 2;
			remoteGlobalIDString = AE248FAA19DCD52500092C14;
			remoteInfo = "Cedar OS X Host AppTests";
		};
		F7BA626F1B2233D0005B99AF /* PBXContainerItemProxy */ = {
			isa = PBXContainerItemProxy;
			containerPortal = F7BA62491B2233D0005B99AF /* Cedar.xcodeproj */;
			proxyType = 2;
			remoteGlobalIDString = AEB8818719DCD62D00F081BA;
			remoteInfo = "Cedar OS X Failing Test Bundle";
		};
		F7BA62711B2233E5005B99AF /* PBXContainerItemProxy */ = {
			isa = PBXContainerItemProxy;
			containerPortal = F7BA62491B2233D0005B99AF /* Cedar.xcodeproj */;
			proxyType = 1;
			remoteGlobalIDString = AEEE1FB511DC271300029872;
			remoteInfo = Cedar;
		};
/* End PBXContainerItemProxy section */

/* Begin PBXCopyFilesBuildPhase section */
		F70B5EE61B2435E900AA32BB /* Copy ClangKit framework */ = {
			isa = PBXCopyFilesBuildPhase;
			buildActionMask = 2147483647;
			dstPath = "";
			dstSubfolderSpec = 10;
			files = (
				F70B5EE71B2435F800AA32BB /* ClangKit.framework in Copy ClangKit framework */,
			);
			name = "Copy ClangKit framework";
			runOnlyForDeploymentPostprocessing = 0;
		};
		F70E1FC01B243ADE00D971E6 /* Copy Fixtures */ = {
			isa = PBXCopyFilesBuildPhase;
			buildActionMask = 2147483647;
			dstPath = "";
			dstSubfolderSpec = 7;
			files = (
				AE7635691B68249C00F85396 /* RefactorMethodDeclarationExpected.m in Copy Fixtures */,
				F7E834281B4CEB7B006DB442 /* NestedCallExpressions.m in Copy Fixtures */,
				F70E1FC11B243AF000D971E6 /* MethodDeclaration.m in Copy Fixtures */,
				F71E82A61B5974FC00BE93DC /* RefactorMethodFixture.m in Copy Fixtures */,
				F71E82C41B59F6B400BE93DC /* RefactorMethodExpected.m in Copy Fixtures */,
			);
			name = "Copy Fixtures";
			runOnlyForDeploymentPostprocessing = 0;
		};
		F76B9B6B1B23F2F90028AC9A /* CopyFiles */ = {
			isa = PBXCopyFilesBuildPhase;
			buildActionMask = 2147483647;
			dstPath = "";
			dstSubfolderSpec = 10;
			files = (
				F76B9B781B23F3050028AC9A /* ClangKit.framework in CopyFiles */,
			);
			runOnlyForDeploymentPostprocessing = 0;
		};
/* End PBXCopyFilesBuildPhase section */

/* Begin PBXFileReference section */
		960FA08F1605819F00923A87 /* XcodeBetterRefactorTools.xcplugin */ = {isa = PBXFileReference; explicitFileType = wrapper.cfbundle; includeInIndex = 0; path = XcodeBetterRefactorTools.xcplugin; sourceTree = BUILT_PRODUCTS_DIR; };
		960FA0921605819F00923A87 /* CoreFoundation.framework */ = {isa = PBXFileReference; lastKnownFileType = wrapper.framework; name = CoreFoundation.framework; path = System/Library/Frameworks/CoreFoundation.framework; sourceTree = SDKROOT; };
		960FA0961605819F00923A87 /* Info.plist */ = {isa = PBXFileReference; lastKnownFileType = text.plist.xml; path = Info.plist; sourceTree = "<group>"; };
		960FA0A0160584AC00923A87 /* XMASBetterRefactorTools.h */ = {isa = PBXFileReference; fileEncoding = 4; lastKnownFileType = sourcecode.c.h; path = XMASBetterRefactorTools.h; sourceTree = "<group>"; };
		960FA0A1160584AC00923A87 /* XMASBetterRefactorTools.m */ = {isa = PBXFileReference; fileEncoding = 4; lastKnownFileType = sourcecode.c.objc; path = XMASBetterRefactorTools.m; sourceTree = "<group>"; };
		960FA0A31605858400923A87 /* AppKit.framework */ = {isa = PBXFileReference; lastKnownFileType = wrapper.framework; name = AppKit.framework; path = System/Library/Frameworks/AppKit.framework; sourceTree = SDKROOT; };
		96387016161816A500BE29E7 /* clean.sh */ = {isa = PBXFileReference; fileEncoding = 4; lastKnownFileType = text.script.sh; path = clean.sh; sourceTree = "<group>"; };
		969FAA5016224F4700E48B0A /* XMASEditMenu.h */ = {isa = PBXFileReference; fileEncoding = 4; lastKnownFileType = sourcecode.c.h; path = XMASEditMenu.h; sourceTree = "<group>"; };
		969FAA5116224F4700E48B0A /* XMASEditMenu.m */ = {isa = PBXFileReference; fileEncoding = 4; lastKnownFileType = sourcecode.c.objc; path = XMASEditMenu.m; sourceTree = "<group>"; };
		AE07954D1B68009E000DE4C8 /* XMASObjcMethodDeclarationRewriter.h */ = {isa = PBXFileReference; fileEncoding = 4; lastKnownFileType = sourcecode.c.h; path = XMASObjcMethodDeclarationRewriter.h; sourceTree = "<group>"; };
		AE07954E1B68009E000DE4C8 /* XMASObjcMethodDeclarationRewriter.m */ = {isa = PBXFileReference; fileEncoding = 4; lastKnownFileType = sourcecode.c.objc; path = XMASObjcMethodDeclarationRewriter.m; sourceTree = "<group>"; };
		AE07955D1B68029D000DE4C8 /* XMASObjcMethodDeclarationRewriterSpec.mm */ = {isa = PBXFileReference; fileEncoding = 4; lastKnownFileType = sourcecode.cpp.objcpp; path = XMASObjcMethodDeclarationRewriterSpec.mm; sourceTree = "<group>"; };
		AE71D5B01B66F5CE00E40833 /* XMASXcodeAdditions.h */ = {isa = PBXFileReference; fileEncoding = 4; lastKnownFileType = sourcecode.c.h; path = XMASXcodeAdditions.h; sourceTree = "<group>"; };
		AE71D5B11B66F5CE00E40833 /* XMASXcodeAdditions.m */ = {isa = PBXFileReference; fileEncoding = 4; lastKnownFileType = sourcecode.c.objc; path = XMASXcodeAdditions.m; sourceTree = "<group>"; };
		AE76355C1B68245B00F85396 /* RefactorMethodDeclarationExpected.m */ = {isa = PBXFileReference; lastKnownFileType = sourcecode.c.objc; path = RefactorMethodDeclarationExpected.m; sourceTree = "<group>"; };
		AE76356A1B68266100F85396 /* XMASObjcMethodDeclarationStringWriter.h */ = {isa = PBXFileReference; fileEncoding = 4; lastKnownFileType = sourcecode.c.h; path = XMASObjcMethodDeclarationStringWriter.h; sourceTree = "<group>"; };
		AE76356B1B68266100F85396 /* XMASObjcMethodDeclarationStringWriter.m */ = {isa = PBXFileReference; fileEncoding = 4; lastKnownFileType = sourcecode.c.objc; path = XMASObjcMethodDeclarationStringWriter.m; sourceTree = "<group>"; };
		AE76356E1B68283C00F85396 /* XMASObjcMethodDeclarationStringWriterSpec.mm */ = {isa = PBXFileReference; fileEncoding = 4; lastKnownFileType = sourcecode.cpp.objcpp; path = XMASObjcMethodDeclarationStringWriterSpec.mm; sourceTree = "<group>"; };
		F70A034B1B49D0910009B348 /* XMASMethodOccurrencesRepositorySpec.mm */ = {isa = PBXFileReference; fileEncoding = 4; lastKnownFileType = sourcecode.cpp.objcpp; path = XMASMethodOccurrencesRepositorySpec.mm; sourceTree = "<group>"; };
		F70A03711B4B98820009B348 /* XMASObjcMethodCallParserSpec.mm */ = {isa = PBXFileReference; fileEncoding = 4; lastKnownFileType = sourcecode.cpp.objcpp; path = XMASObjcMethodCallParserSpec.mm; sourceTree = "<group>"; };
		F70E1FB61B24375B00D971E6 /* XMASObjcMethodDeclarationParserSpec.mm */ = {isa = PBXFileReference; fileEncoding = 4; lastKnownFileType = sourcecode.cpp.objcpp; path = XMASObjcMethodDeclarationParserSpec.mm; sourceTree = "<group>"; };
		F70E1FBE1B243A7A00D971E6 /* MethodDeclaration.m */ = {isa = PBXFileReference; fileEncoding = 4; lastKnownFileType = sourcecode.c.objc; path = MethodDeclaration.m; sourceTree = "<group>"; };
		F70E1FC51B24DA1300D971E6 /* XMASObjcSelectorSpec.mm */ = {isa = PBXFileReference; fileEncoding = 4; lastKnownFileType = sourcecode.cpp.objcpp; path = XMASObjcSelectorSpec.mm; sourceTree = "<group>"; };
		F71E82A41B5974C700BE93DC /* RefactorMethodFixture.m */ = {isa = PBXFileReference; lastKnownFileType = sourcecode.c.objc; path = RefactorMethodFixture.m; sourceTree = "<group>"; };
		F71E82BC1B59F65800BE93DC /* XMASObjcCallExpressionRewriter.h */ = {isa = PBXFileReference; fileEncoding = 4; lastKnownFileType = sourcecode.c.h; path = XMASObjcCallExpressionRewriter.h; sourceTree = "<group>"; };
		F71E82BD1B59F65800BE93DC /* XMASObjcCallExpressionRewriter.m */ = {isa = PBXFileReference; fileEncoding = 4; lastKnownFileType = sourcecode.c.objc; path = XMASObjcCallExpressionRewriter.m; sourceTree = "<group>"; };
		F71E82C01B59F67600BE93DC /* XMASObjcCallExpressionRewriterSpec.mm */ = {isa = PBXFileReference; fileEncoding = 4; lastKnownFileType = sourcecode.cpp.objcpp; path = XMASObjcCallExpressionRewriterSpec.mm; sourceTree = "<group>"; };
		F71E82C21B59F6A800BE93DC /* RefactorMethodExpected.m */ = {isa = PBXFileReference; fileEncoding = 4; lastKnownFileType = sourcecode.c.objc; path = RefactorMethodExpected.m; sourceTree = "<group>"; };
		F727495D1B4901AE00BB8483 /* XMASMethodOccurrencesRepository.h */ = {isa = PBXFileReference; fileEncoding = 4; lastKnownFileType = sourcecode.c.h; path = XMASMethodOccurrencesRepository.h; sourceTree = "<group>"; };
		F727495E1B4901AE00BB8483 /* XMASMethodOccurrencesRepository.m */ = {isa = PBXFileReference; fileEncoding = 4; lastKnownFileType = sourcecode.c.objc; path = XMASMethodOccurrencesRepository.m; sourceTree = "<group>"; };
		F73511B61B2559F100104F8C /* XMASObjcTypeParserSpec.mm */ = {isa = PBXFileReference; fileEncoding = 4; lastKnownFileType = sourcecode.cpp.objcpp; path = XMASObjcTypeParserSpec.mm; sourceTree = "<group>"; };
		F74BBB4E1B273D760092AED9 /* XMASRefactorMethodAction.h */ = {isa = PBXFileReference; fileEncoding = 4; lastKnownFileType = sourcecode.c.h; path = XMASRefactorMethodAction.h; sourceTree = "<group>"; };
		F74BBB4F1B273D760092AED9 /* XMASRefactorMethodAction.m */ = {isa = PBXFileReference; fileEncoding = 4; lastKnownFileType = sourcecode.c.objc; path = XMASRefactorMethodAction.m; sourceTree = "<group>"; };
		F74C39D51B3D1A280002FC97 /* XMASComponentSwapperSpec.mm */ = {isa = PBXFileReference; fileEncoding = 4; lastKnownFileType = sourcecode.cpp.objcpp; path = XMASComponentSwapperSpec.mm; sourceTree = "<group>"; };
		F761C3DA1B56E2D200A41589 /* XMASObjcCallExpressionTokenFilterSpec.mm */ = {isa = PBXFileReference; fileEncoding = 4; lastKnownFileType = sourcecode.cpp.objcpp; path = XMASObjcCallExpressionTokenFilterSpec.mm; sourceTree = "<group>"; };
		F798375C1B365CAE000F1EBD /* XMASEditMenuSpec.mm */ = {isa = PBXFileReference; fileEncoding = 4; lastKnownFileType = sourcecode.cpp.objcpp; path = XMASEditMenuSpec.mm; sourceTree = "<group>"; };
		F798375E1B365D44000F1EBD /* XMASRefactorMethodActionProvider.h */ = {isa = PBXFileReference; fileEncoding = 4; lastKnownFileType = sourcecode.c.h; path = XMASRefactorMethodActionProvider.h; sourceTree = "<group>"; };
		F798375F1B365D44000F1EBD /* XMASRefactorMethodActionProvider.m */ = {isa = PBXFileReference; fileEncoding = 4; lastKnownFileType = sourcecode.c.objc; path = XMASRefactorMethodActionProvider.m; sourceTree = "<group>"; };
		F79837641B365F68000F1EBD /* XMASRefactorMethodActionProviderSpec.mm */ = {isa = PBXFileReference; fileEncoding = 4; lastKnownFileType = sourcecode.cpp.objcpp; path = XMASRefactorMethodActionProviderSpec.mm; sourceTree = "<group>"; };
		F7B1D2831B5C5F7900C28AE7 /* XcodeInterfaces.h */ = {isa = PBXFileReference; fileEncoding = 4; lastKnownFileType = sourcecode.c.h; path = XcodeInterfaces.h; sourceTree = "<group>"; };
		F7B1D2841B5C5F7900C28AE7 /* XMASAlert.h */ = {isa = PBXFileReference; fileEncoding = 4; lastKnownFileType = sourcecode.c.h; path = XMASAlert.h; sourceTree = "<group>"; };
		F7B1D2851B5C5F7900C28AE7 /* XMASAlert.m */ = {isa = PBXFileReference; fileEncoding = 4; lastKnownFileType = sourcecode.c.objc; path = XMASAlert.m; sourceTree = "<group>"; };
		F7B1D2861B5C5F7900C28AE7 /* XMASXcode.h */ = {isa = PBXFileReference; fileEncoding = 4; lastKnownFileType = sourcecode.c.h; path = XMASXcode.h; sourceTree = "<group>"; };
		F7B1D2871B5C5F7900C28AE7 /* XMASXcode.m */ = {isa = PBXFileReference; fileEncoding = 4; lastKnownFileType = sourcecode.c.objc; path = XMASXcode.m; sourceTree = "<group>"; };
		F7B550801B294CEB006E59F9 /* XMASChangeMethodSignatureControllerProviderSpec.mm */ = {isa = PBXFileReference; fileEncoding = 4; lastKnownFileType = sourcecode.cpp.objcpp; path = XMASChangeMethodSignatureControllerProviderSpec.mm; sourceTree = "<group>"; };
		F7B550821B294FEA006E59F9 /* XMASChangeMethodSignatureControllerSpec.mm */ = {isa = PBXFileReference; fileEncoding = 4; lastKnownFileType = sourcecode.cpp.objcpp; path = XMASChangeMethodSignatureControllerSpec.mm; sourceTree = "<group>"; };
		F7BA62281B223369005B99AF /* Specs.app */ = {isa = PBXFileReference; explicitFileType = wrapper.application; includeInIndex = 0; path = Specs.app; sourceTree = BUILT_PRODUCTS_DIR; };
		F7BA622B1B223369005B99AF /* Info.plist */ = {isa = PBXFileReference; lastKnownFileType = text.plist.xml; path = Info.plist; sourceTree = "<group>"; };
		F7BA622F1B223369005B99AF /* main.m */ = {isa = PBXFileReference; lastKnownFileType = sourcecode.c.objc; path = main.m; sourceTree = "<group>"; };
		F7BA62491B2233D0005B99AF /* Cedar.xcodeproj */ = {isa = PBXFileReference; lastKnownFileType = "wrapper.pb-project"; name = Cedar.xcodeproj; path = Cedar/Cedar.xcodeproj; sourceTree = "<group>"; };
		F7BEDD0F1B5C5FB800A4704B /* XMASChangeMethodSignatureController.h */ = {isa = PBXFileReference; fileEncoding = 4; lastKnownFileType = sourcecode.c.h; path = XMASChangeMethodSignatureController.h; sourceTree = "<group>"; };
		F7BEDD101B5C5FB800A4704B /* XMASChangeMethodSignatureController.m */ = {isa = PBXFileReference; fileEncoding = 4; lastKnownFileType = sourcecode.c.objc; path = XMASChangeMethodSignatureController.m; sourceTree = "<group>"; };
		F7BEDD111B5C5FB800A4704B /* XMASChangeMethodSignatureController.xib */ = {isa = PBXFileReference; fileEncoding = 4; lastKnownFileType = file.xib; path = XMASChangeMethodSignatureController.xib; sourceTree = "<group>"; };
		F7BEDD121B5C5FB800A4704B /* XMASChangeMethodSignatureControllerProvider.h */ = {isa = PBXFileReference; fileEncoding = 4; lastKnownFileType = sourcecode.c.h; path = XMASChangeMethodSignatureControllerProvider.h; sourceTree = "<group>"; };
		F7BEDD131B5C5FB800A4704B /* XMASChangeMethodSignatureControllerProvider.m */ = {isa = PBXFileReference; fileEncoding = 4; lastKnownFileType = sourcecode.c.objc; path = XMASChangeMethodSignatureControllerProvider.m; sourceTree = "<group>"; };
		F7BEDD141B5C5FB800A4704B /* XMASWindowProvider.h */ = {isa = PBXFileReference; fileEncoding = 4; lastKnownFileType = sourcecode.c.h; path = XMASWindowProvider.h; sourceTree = "<group>"; };
		F7BEDD151B5C5FB800A4704B /* XMASWindowProvider.m */ = {isa = PBXFileReference; fileEncoding = 4; lastKnownFileType = sourcecode.c.objc; path = XMASWindowProvider.m; sourceTree = "<group>"; };
		F7D01BFB1B5C601700FE62DA /* XMASObjcTypeParser.h */ = {isa = PBXFileReference; fileEncoding = 4; lastKnownFileType = sourcecode.c.h; path = XMASObjcTypeParser.h; sourceTree = "<group>"; };
		F7D01BFC1B5C601700FE62DA /* XMASObjcTypeParser.m */ = {isa = PBXFileReference; fileEncoding = 4; lastKnownFileType = sourcecode.c.objc; path = XMASObjcTypeParser.m; sourceTree = "<group>"; };
		F7D01BFF1B5C602700FE62DA /* XMASObjcCallExpressionTokenFilter.h */ = {isa = PBXFileReference; fileEncoding = 4; lastKnownFileType = sourcecode.c.h; path = XMASObjcCallExpressionTokenFilter.h; sourceTree = "<group>"; };
		F7D01C001B5C602700FE62DA /* XMASObjcCallExpressionTokenFilter.m */ = {isa = PBXFileReference; fileEncoding = 4; lastKnownFileType = sourcecode.c.objc; path = XMASObjcCallExpressionTokenFilter.m; sourceTree = "<group>"; };
		F7D01C011B5C602700FE62DA /* XMASObjcMethodCall.h */ = {isa = PBXFileReference; fileEncoding = 4; lastKnownFileType = sourcecode.c.h; path = XMASObjcMethodCall.h; sourceTree = "<group>"; };
		F7D01C021B5C602700FE62DA /* XMASObjcMethodCall.m */ = {isa = PBXFileReference; fileEncoding = 4; lastKnownFileType = sourcecode.c.objc; path = XMASObjcMethodCall.m; sourceTree = "<group>"; };
		F7D01C031B5C602700FE62DA /* XMASObjcMethodCallParser.h */ = {isa = PBXFileReference; fileEncoding = 4; lastKnownFileType = sourcecode.c.h; path = XMASObjcMethodCallParser.h; sourceTree = "<group>"; };
		F7D01C041B5C602700FE62DA /* XMASObjcMethodCallParser.m */ = {isa = PBXFileReference; fileEncoding = 4; lastKnownFileType = sourcecode.c.objc; path = XMASObjcMethodCallParser.m; sourceTree = "<group>"; };
		F7D01C0B1B5C603700FE62DA /* XMASComponentSwapper.h */ = {isa = PBXFileReference; fileEncoding = 4; lastKnownFileType = sourcecode.c.h; path = XMASComponentSwapper.h; sourceTree = "<group>"; };
		F7D01C0C1B5C603700FE62DA /* XMASComponentSwapper.m */ = {isa = PBXFileReference; fileEncoding = 4; lastKnownFileType = sourcecode.c.objc; path = XMASComponentSwapper.m; sourceTree = "<group>"; };
		F7D01C0D1B5C603700FE62DA /* XMASObjcMethodDeclaration.h */ = {isa = PBXFileReference; fileEncoding = 4; lastKnownFileType = sourcecode.c.h; path = XMASObjcMethodDeclaration.h; sourceTree = "<group>"; };
		F7D01C0E1B5C603700FE62DA /* XMASObjcMethodDeclaration.m */ = {isa = PBXFileReference; fileEncoding = 4; lastKnownFileType = sourcecode.c.objc; path = XMASObjcMethodDeclaration.m; sourceTree = "<group>"; };
		F7D01C0F1B5C603700FE62DA /* XMASObjcMethodDeclarationParameter.h */ = {isa = PBXFileReference; fileEncoding = 4; lastKnownFileType = sourcecode.c.h; path = XMASObjcMethodDeclarationParameter.h; sourceTree = "<group>"; };
		F7D01C101B5C603700FE62DA /* XMASObjcMethodDeclarationParameter.m */ = {isa = PBXFileReference; fileEncoding = 4; lastKnownFileType = sourcecode.c.objc; path = XMASObjcMethodDeclarationParameter.m; sourceTree = "<group>"; };
		F7D01C111B5C603700FE62DA /* XMASObjcMethodDeclarationParser.h */ = {isa = PBXFileReference; fileEncoding = 4; lastKnownFileType = sourcecode.c.h; path = XMASObjcMethodDeclarationParser.h; sourceTree = "<group>"; };
		F7D01C121B5C603700FE62DA /* XMASObjcMethodDeclarationParser.m */ = {isa = PBXFileReference; fileEncoding = 4; lastKnownFileType = sourcecode.c.objc; path = XMASObjcMethodDeclarationParser.m; sourceTree = "<group>"; };
		F7D3213F1B26C0A800729830 /* XMASRefactorMethodActionSpec.mm */ = {isa = PBXFileReference; fileEncoding = 4; lastKnownFileType = sourcecode.cpp.objcpp; path = XMASRefactorMethodActionSpec.mm; sourceTree = "<group>"; };
		F7E491F61B23EBC400BE3A61 /* ClangKit.framework */ = {isa = PBXFileReference; lastKnownFileType = wrapper.framework; path = ClangKit.framework; sourceTree = "<group>"; };
		F7E8341B1B4CEB15006DB442 /* NestedCallExpressions.m */ = {isa = PBXFileReference; lastKnownFileType = sourcecode.c.objc; path = NestedCallExpressions.m; sourceTree = "<group>"; };
		F7EA8A4F1B5AB78400367014 /* XMASObjcCallExpressionStringWriter.h */ = {isa = PBXFileReference; fileEncoding = 4; lastKnownFileType = sourcecode.c.h; path = XMASObjcCallExpressionStringWriter.h; sourceTree = "<group>"; };
		F7EA8A501B5AB78400367014 /* XMASObjcCallExpressionStringWriter.m */ = {isa = PBXFileReference; fileEncoding = 4; lastKnownFileType = sourcecode.c.objc; path = XMASObjcCallExpressionStringWriter.m; sourceTree = "<group>"; };
		F7EA8A5F1B5AB7FF00367014 /* XMASObjcCallExpressionStringWriterSpec.mm */ = {isa = PBXFileReference; fileEncoding = 4; lastKnownFileType = sourcecode.cpp.objcpp; path = XMASObjcCallExpressionStringWriterSpec.mm; sourceTree = "<group>"; };
		F7F09FF31B281A1F00727AD7 /* XMASWindowProviderSpec.mm */ = {isa = PBXFileReference; fileEncoding = 4; lastKnownFileType = sourcecode.cpp.objcpp; path = XMASWindowProviderSpec.mm; sourceTree = "<group>"; };
/* End PBXFileReference section */

/* Begin PBXFrameworksBuildPhase section */
		960FA08C1605819F00923A87 /* Frameworks */ = {
			isa = PBXFrameworksBuildPhase;
			buildActionMask = 2147483647;
			files = (
				F78E4F551B23F29000FC845C /* ClangKit.framework in Frameworks */,
				960FA0A51605858E00923A87 /* AppKit.framework in Frameworks */,
				960FA0931605819F00923A87 /* CoreFoundation.framework in Frameworks */,
			);
			runOnlyForDeploymentPostprocessing = 0;
		};
		F7BA62251B223369005B99AF /* Frameworks */ = {
			isa = PBXFrameworksBuildPhase;
			buildActionMask = 2147483647;
			files = (
				F70B5ED91B2435B300AA32BB /* ClangKit.framework in Frameworks */,
				F7BA62731B22BF8E005B99AF /* Cedar.framework in Frameworks */,
			);
			runOnlyForDeploymentPostprocessing = 0;
		};
/* End PBXFrameworksBuildPhase section */

/* Begin PBXGroup section */
		9608A8FB1622754500763892 /* Menu Additions */ = {
			isa = PBXGroup;
			children = (
				969FAA5016224F4700E48B0A /* XMASEditMenu.h */,
				969FAA5116224F4700E48B0A /* XMASEditMenu.m */,
			);
			path = "Menu Additions";
			sourceTree = "<group>";
		};
		9608A8FD1622755B00763892 /* Actions */ = {
			isa = PBXGroup;
			children = (
				F74BBB4E1B273D760092AED9 /* XMASRefactorMethodAction.h */,
				F74BBB4F1B273D760092AED9 /* XMASRefactorMethodAction.m */,
				F798375E1B365D44000F1EBD /* XMASRefactorMethodActionProvider.h */,
				F798375F1B365D44000F1EBD /* XMASRefactorMethodActionProvider.m */,
			);
			path = Actions;
			sourceTree = "<group>";
		};
		960FA0841605819F00923A87 = {
			isa = PBXGroup;
			children = (
				F7BA62481B2233B0005B99AF /* Externals */,
				960FA0941605819F00923A87 /* XcodeBetterRefactorTools */,
				960FA0951605819F00923A87 /* Supporting Files */,
				F7BA62291B223369005B99AF /* Specs */,
				960FA0911605819F00923A87 /* Frameworks */,
				960FA0901605819F00923A87 /* Products */,
			);
			sourceTree = "<group>";
		};
		960FA0901605819F00923A87 /* Products */ = {
			isa = PBXGroup;
			children = (
				960FA08F1605819F00923A87 /* XcodeBetterRefactorTools.xcplugin */,
				F7BA62281B223369005B99AF /* Specs.app */,
			);
			name = Products;
			sourceTree = "<group>";
		};
		960FA0911605819F00923A87 /* Frameworks */ = {
			isa = PBXGroup;
			children = (
				960FA0A31605858400923A87 /* AppKit.framework */,
				960FA0921605819F00923A87 /* CoreFoundation.framework */,
			);
			name = Frameworks;
			sourceTree = "<group>";
		};
		960FA0941605819F00923A87 /* XcodeBetterRefactorTools */ = {
			isa = PBXGroup;
			children = (
				9608A8FD1622755B00763892 /* Actions */,
				F71E828A1B59715500BE93DC /* Code Rewriting */,
				F72749501B49016D00BB8483 /* Indexes */,
				9608A8FB1622754500763892 /* Menu Additions */,
				F7D01BF81B5C5FE300FE62DA /* Parser */,
				F7BEDD0E1B5C5F9700A4704B /* UI */,
				F7B1D2821B5C5F6200C28AE7 /* Xcode Additions */,
				960FA0A0160584AC00923A87 /* XMASBetterRefactorTools.h */,
				960FA0A1160584AC00923A87 /* XMASBetterRefactorTools.m */,
			);
			path = XcodeBetterRefactorTools;
			sourceTree = "<group>";
		};
		960FA0951605819F00923A87 /* Supporting Files */ = {
			isa = PBXGroup;
			children = (
				960FA0961605819F00923A87 /* Info.plist */,
				96387016161816A500BE29E7 /* clean.sh */,
			);
			name = "Supporting Files";
			path = XcodeBetterRefactorTools;
			sourceTree = "<group>";
		};
		F70A033E1B49D06E0009B348 /* Indexes */ = {
			isa = PBXGroup;
			children = (
				F70A034B1B49D0910009B348 /* XMASMethodOccurrencesRepositorySpec.mm */,
			);
			path = Indexes;
			sourceTree = "<group>";
		};
		F70A03511B49DC420009B348 /* Expected */ = {
			isa = PBXGroup;
			children = (
				F71E82C21B59F6A800BE93DC /* RefactorMethodExpected.m */,
				AE76355C1B68245B00F85396 /* RefactorMethodDeclarationExpected.m */,
			);
			path = Expected;
			sourceTree = "<group>";
		};
		F70E1FA81B24371800D971E6 /* Parser */ = {
			isa = PBXGroup;
			children = (
				F74C39D51B3D1A280002FC97 /* XMASComponentSwapperSpec.mm */,
				F70E1FB61B24375B00D971E6 /* XMASObjcMethodDeclarationParserSpec.mm */,
				F70E1FC51B24DA1300D971E6 /* XMASObjcSelectorSpec.mm */,
				F73511B61B2559F100104F8C /* XMASObjcTypeParserSpec.mm */,
				F70A03711B4B98820009B348 /* XMASObjcMethodCallParserSpec.mm */,
				F761C3DA1B56E2D200A41589 /* XMASObjcCallExpressionTokenFilterSpec.mm */,
			);
			path = Parser;
			sourceTree = "<group>";
		};
		F70E1FBC1B24382000D971E6 /* Fixtures */ = {
			isa = PBXGroup;
			children = (
				F70A03511B49DC420009B348 /* Expected */,
				F70E1FBE1B243A7A00D971E6 /* MethodDeclaration.m */,
				F7E8341B1B4CEB15006DB442 /* NestedCallExpressions.m */,
				F71E82A41B5974C700BE93DC /* RefactorMethodFixture.m */,
			);
			path = Fixtures;
			sourceTree = "<group>";
		};
		F71E828A1B59715500BE93DC /* Code Rewriting */ = {
			isa = PBXGroup;
			children = (
				F71E82BC1B59F65800BE93DC /* XMASObjcCallExpressionRewriter.h */,
				F71E82BD1B59F65800BE93DC /* XMASObjcCallExpressionRewriter.m */,
				F7EA8A4F1B5AB78400367014 /* XMASObjcCallExpressionStringWriter.h */,
				F7EA8A501B5AB78400367014 /* XMASObjcCallExpressionStringWriter.m */,
				AE07954D1B68009E000DE4C8 /* XMASObjcMethodDeclarationRewriter.h */,
				AE07954E1B68009E000DE4C8 /* XMASObjcMethodDeclarationRewriter.m */,
				AE76356A1B68266100F85396 /* XMASObjcMethodDeclarationStringWriter.h */,
				AE76356B1B68266100F85396 /* XMASObjcMethodDeclarationStringWriter.m */,
			);
			path = "Code Rewriting";
			sourceTree = "<group>";
		};
		F71E82A71B59758400BE93DC /* Code Rewriting */ = {
			isa = PBXGroup;
			children = (
				F71E82C01B59F67600BE93DC /* XMASObjcCallExpressionRewriterSpec.mm */,
				F7EA8A5F1B5AB7FF00367014 /* XMASObjcCallExpressionStringWriterSpec.mm */,
				AE07955D1B68029D000DE4C8 /* XMASObjcMethodDeclarationRewriterSpec.mm */,
				AE76356E1B68283C00F85396 /* XMASObjcMethodDeclarationStringWriterSpec.mm */,
			);
			path = "Code Rewriting";
			sourceTree = "<group>";
		};
		F72749501B49016D00BB8483 /* Indexes */ = {
			isa = PBXGroup;
			children = (
				F727495D1B4901AE00BB8483 /* XMASMethodOccurrencesRepository.h */,
				F727495E1B4901AE00BB8483 /* XMASMethodOccurrencesRepository.m */,
			);
			path = Indexes;
			sourceTree = "<group>";
		};
		F798374F1B365C8F000F1EBD /* Menu Additions */ = {
			isa = PBXGroup;
			children = (
				F798375C1B365CAE000F1EBD /* XMASEditMenuSpec.mm */,
			);
			path = "Menu Additions";
			sourceTree = "<group>";
		};
		F7B1D2821B5C5F6200C28AE7 /* Xcode Additions */ = {
			isa = PBXGroup;
			children = (
				F7B1D2831B5C5F7900C28AE7 /* XcodeInterfaces.h */,
				F7B1D2841B5C5F7900C28AE7 /* XMASAlert.h */,
				F7B1D2851B5C5F7900C28AE7 /* XMASAlert.m */,
				F7B1D2861B5C5F7900C28AE7 /* XMASXcode.h */,
				F7B1D2871B5C5F7900C28AE7 /* XMASXcode.m */,
				AE71D5B01B66F5CE00E40833 /* XMASXcodeAdditions.h */,
				AE71D5B11B66F5CE00E40833 /* XMASXcodeAdditions.m */,
			);
			path = "Xcode Additions";
			sourceTree = "<group>";
		};
		F7BA62291B223369005B99AF /* Specs */ = {
			isa = PBXGroup;
			children = (
				F71E82A71B59758400BE93DC /* Code Rewriting */,
				F70A033E1B49D06E0009B348 /* Indexes */,
				F798374F1B365C8F000F1EBD /* Menu Additions */,
				F70E1FBC1B24382000D971E6 /* Fixtures */,
				F70E1FA81B24371800D971E6 /* Parser */,
				F7BA62741B22BFBE005B99AF /* Actions */,
				F7BA622A1B223369005B99AF /* Supporting Files */,
			);
			path = Specs;
			sourceTree = "<group>";
		};
		F7BA622A1B223369005B99AF /* Supporting Files */ = {
			isa = PBXGroup;
			children = (
				F7BA622B1B223369005B99AF /* Info.plist */,
				F7BA622F1B223369005B99AF /* main.m */,
			);
			name = "Supporting Files";
			sourceTree = "<group>";
		};
		F7BA62481B2233B0005B99AF /* Externals */ = {
			isa = PBXGroup;
			children = (
				F7E491F61B23EBC400BE3A61 /* ClangKit.framework */,
				F7BA62491B2233D0005B99AF /* Cedar.xcodeproj */,
			);
			path = Externals;
			sourceTree = "<group>";
		};
		F7BA624A1B2233D0005B99AF /* Products */ = {
			isa = PBXGroup;
			children = (
				F7BA625A1B2233D0005B99AF /* Cedar.framework */,
				F7BA625C1B2233D0005B99AF /* Cedar OS X Specs */,
				F7BA625E1B2233D0005B99AF /* Cedar OS X FocusedSpecs */,
				F7BA62601B2233D0005B99AF /* libCedar-StaticLib.a */,
				F7BA62621B2233D0005B99AF /* Cedar iOS Specs.app */,
				F7BA62641B2233D0005B99AF /* Cedar iOS FrameworkSpecs.app */,
				F7BA62661B2233D0005B99AF /* Cedar iOS Host App.app */,
				F7BA62681B2233D0005B99AF /* Cedar iOS SenTestingKit Tests.octest */,
				F7BA626A1B2233D0005B99AF /* XCUnitAppTests.xctest */,
				F7BA626C1B2233D0005B99AF /* Cedar OS X Host App.app */,
				F7BA626E1B2233D0005B99AF /* Cedar OS X Host AppTests.xctest */,
				F7BA62701B2233D0005B99AF /* Cedar OS X Failing Test Bundle.octest */,
			);
			name = Products;
			sourceTree = "<group>";
		};
		F7BA62741B22BFBE005B99AF /* Actions */ = {
			isa = PBXGroup;
			children = (
				F7D3213F1B26C0A800729830 /* XMASRefactorMethodActionSpec.mm */,
				F7F09FF31B281A1F00727AD7 /* XMASWindowProviderSpec.mm */,
				F7B550801B294CEB006E59F9 /* XMASChangeMethodSignatureControllerProviderSpec.mm */,
				F7B550821B294FEA006E59F9 /* XMASChangeMethodSignatureControllerSpec.mm */,
				F79837641B365F68000F1EBD /* XMASRefactorMethodActionProviderSpec.mm */,
			);
			path = Actions;
			sourceTree = "<group>";
		};
		F7BEDD0E1B5C5F9700A4704B /* UI */ = {
			isa = PBXGroup;
			children = (
				F7BEDD0F1B5C5FB800A4704B /* XMASChangeMethodSignatureController.h */,
				F7BEDD101B5C5FB800A4704B /* XMASChangeMethodSignatureController.m */,
				F7BEDD111B5C5FB800A4704B /* XMASChangeMethodSignatureController.xib */,
				F7BEDD121B5C5FB800A4704B /* XMASChangeMethodSignatureControllerProvider.h */,
				F7BEDD131B5C5FB800A4704B /* XMASChangeMethodSignatureControllerProvider.m */,
				F7BEDD141B5C5FB800A4704B /* XMASWindowProvider.h */,
				F7BEDD151B5C5FB800A4704B /* XMASWindowProvider.m */,
			);
			path = UI;
			sourceTree = "<group>";
		};
		F7D01BF81B5C5FE300FE62DA /* Parser */ = {
			isa = PBXGroup;
			children = (
				F7D01BF91B5C5FF500FE62DA /* Method Calls */,
				F7D01BFA1B5C600300FE62DA /* Method Declarations */,
				F7D01BFB1B5C601700FE62DA /* XMASObjcTypeParser.h */,
				F7D01BFC1B5C601700FE62DA /* XMASObjcTypeParser.m */,
			);
			path = Parser;
			sourceTree = "<group>";
		};
		F7D01BF91B5C5FF500FE62DA /* Method Calls */ = {
			isa = PBXGroup;
			children = (
				F7D01BFF1B5C602700FE62DA /* XMASObjcCallExpressionTokenFilter.h */,
				F7D01C001B5C602700FE62DA /* XMASObjcCallExpressionTokenFilter.m */,
				F7D01C011B5C602700FE62DA /* XMASObjcMethodCall.h */,
				F7D01C021B5C602700FE62DA /* XMASObjcMethodCall.m */,
				F7D01C031B5C602700FE62DA /* XMASObjcMethodCallParser.h */,
				F7D01C041B5C602700FE62DA /* XMASObjcMethodCallParser.m */,
			);
			path = "Method Calls";
			sourceTree = "<group>";
		};
		F7D01BFA1B5C600300FE62DA /* Method Declarations */ = {
			isa = PBXGroup;
			children = (
				F7D01C0B1B5C603700FE62DA /* XMASComponentSwapper.h */,
				F7D01C0C1B5C603700FE62DA /* XMASComponentSwapper.m */,
				F7D01C0D1B5C603700FE62DA /* XMASObjcMethodDeclaration.h */,
				F7D01C0E1B5C603700FE62DA /* XMASObjcMethodDeclaration.m */,
				F7D01C0F1B5C603700FE62DA /* XMASObjcMethodDeclarationParameter.h */,
				F7D01C101B5C603700FE62DA /* XMASObjcMethodDeclarationParameter.m */,
				F7D01C111B5C603700FE62DA /* XMASObjcMethodDeclarationParser.h */,
				F7D01C121B5C603700FE62DA /* XMASObjcMethodDeclarationParser.m */,
			);
			path = "Method Declarations";
			sourceTree = "<group>";
		};
/* End PBXGroup section */

/* Begin PBXLegacyTarget section */
		96387012161815C600BE29E7 /* Clean */ = {
			isa = PBXLegacyTarget;
			buildArgumentsString = "${PROJECT_DIR}/${PROJECT}/clean.sh";
			buildConfigurationList = 96387013161815C600BE29E7 /* Build configuration list for PBXLegacyTarget "Clean" */;
			buildPhases = (
			);
			buildToolPath = /bin/sh;
			buildWorkingDirectory = "";
			dependencies = (
			);
			name = Clean;
			passBuildSettingsInEnvironment = 1;
			productName = Clean;
		};
/* End PBXLegacyTarget section */

/* Begin PBXNativeTarget section */
		960FA08E1605819F00923A87 /* XcodeBetterRefactorTools */ = {
			isa = PBXNativeTarget;
			buildConfigurationList = 960FA09D160581A000923A87 /* Build configuration list for PBXNativeTarget "XcodeBetterRefactorTools" */;
			buildPhases = (
				960FA08B1605819F00923A87 /* Sources */,
				960FA08C1605819F00923A87 /* Frameworks */,
				F76B9B6B1B23F2F90028AC9A /* CopyFiles */,
				F76B9B791B2413220028AC9A /* Rewrite ClangKit runtime search path */,
			);
			buildRules = (
			);
			dependencies = (
				96387018161816B900BE29E7 /* PBXTargetDependency */,
			);
			name = XcodeBetterRefactorTools;
			productName = XcodeBetterRefactorTools;
			productReference = 960FA08F1605819F00923A87 /* XcodeBetterRefactorTools.xcplugin */;
			productType = "com.apple.product-type.bundle";
		};
		F7BA62271B223369005B99AF /* Specs */ = {
			isa = PBXNativeTarget;
			buildConfigurationList = F7BA62461B22336A005B99AF /* Build configuration list for PBXNativeTarget "Specs" */;
			buildPhases = (
				F7BA62241B223369005B99AF /* Sources */,
				F7BA62251B223369005B99AF /* Frameworks */,
				F70B5EE61B2435E900AA32BB /* Copy ClangKit framework */,
				F70E1FC01B243ADE00D971E6 /* Copy Fixtures */,
			);
			buildRules = (
			);
			dependencies = (
				F7BA62721B2233E5005B99AF /* PBXTargetDependency */,
			);
			name = Specs;
			productName = Specs;
			productReference = F7BA62281B223369005B99AF /* Specs.app */;
			productType = "com.apple.product-type.application";
		};
/* End PBXNativeTarget section */

/* Begin PBXProject section */
		960FA0861605819F00923A87 /* Project object */ = {
			isa = PBXProject;
			attributes = {
				LastUpgradeCheck = 0630;
				TargetAttributes = {
					F7BA62271B223369005B99AF = {
						CreatedOnToolsVersion = 6.3.2;
					};
				};
			};
			buildConfigurationList = 960FA0891605819F00923A87 /* Build configuration list for PBXProject "XcodeBetterRefactorTools" */;
			compatibilityVersion = "Xcode 3.2";
			developmentRegion = English;
			hasScannedForEncodings = 0;
			knownRegions = (
				en,
				Base,
			);
			mainGroup = 960FA0841605819F00923A87;
			productRefGroup = 960FA0901605819F00923A87 /* Products */;
			projectDirPath = "";
			projectReferences = (
				{
					ProductGroup = F7BA624A1B2233D0005B99AF /* Products */;
					ProjectRef = F7BA62491B2233D0005B99AF /* Cedar.xcodeproj */;
				},
			);
			projectRoot = "";
			targets = (
				960FA08E1605819F00923A87 /* XcodeBetterRefactorTools */,
				96387012161815C600BE29E7 /* Clean */,
				F7BA62271B223369005B99AF /* Specs */,
			);
		};
/* End PBXProject section */

/* Begin PBXReferenceProxy section */
		F7BA625A1B2233D0005B99AF /* Cedar.framework */ = {
			isa = PBXReferenceProxy;
			fileType = wrapper.framework;
			path = Cedar.framework;
			remoteRef = F7BA62591B2233D0005B99AF /* PBXContainerItemProxy */;
			sourceTree = BUILT_PRODUCTS_DIR;
		};
		F7BA625C1B2233D0005B99AF /* Cedar OS X Specs */ = {
			isa = PBXReferenceProxy;
			fileType = "compiled.mach-o.executable";
			path = "Cedar OS X Specs";
			remoteRef = F7BA625B1B2233D0005B99AF /* PBXContainerItemProxy */;
			sourceTree = BUILT_PRODUCTS_DIR;
		};
		F7BA625E1B2233D0005B99AF /* Cedar OS X FocusedSpecs */ = {
			isa = PBXReferenceProxy;
			fileType = "compiled.mach-o.executable";
			path = "Cedar OS X FocusedSpecs";
			remoteRef = F7BA625D1B2233D0005B99AF /* PBXContainerItemProxy */;
			sourceTree = BUILT_PRODUCTS_DIR;
		};
		F7BA62601B2233D0005B99AF /* libCedar-StaticLib.a */ = {
			isa = PBXReferenceProxy;
			fileType = archive.ar;
			path = "libCedar-StaticLib.a";
			remoteRef = F7BA625F1B2233D0005B99AF /* PBXContainerItemProxy */;
			sourceTree = BUILT_PRODUCTS_DIR;
		};
		F7BA62621B2233D0005B99AF /* Cedar iOS Specs.app */ = {
			isa = PBXReferenceProxy;
			fileType = wrapper.application;
			path = "Cedar iOS Specs.app";
			remoteRef = F7BA62611B2233D0005B99AF /* PBXContainerItemProxy */;
			sourceTree = BUILT_PRODUCTS_DIR;
		};
		F7BA62641B2233D0005B99AF /* Cedar iOS FrameworkSpecs.app */ = {
			isa = PBXReferenceProxy;
			fileType = wrapper.application;
			path = "Cedar iOS FrameworkSpecs.app";
			remoteRef = F7BA62631B2233D0005B99AF /* PBXContainerItemProxy */;
			sourceTree = BUILT_PRODUCTS_DIR;
		};
		F7BA62661B2233D0005B99AF /* Cedar iOS Host App.app */ = {
			isa = PBXReferenceProxy;
			fileType = wrapper.application;
			path = "Cedar iOS Host App.app";
			remoteRef = F7BA62651B2233D0005B99AF /* PBXContainerItemProxy */;
			sourceTree = BUILT_PRODUCTS_DIR;
		};
		F7BA62681B2233D0005B99AF /* Cedar iOS SenTestingKit Tests.octest */ = {
			isa = PBXReferenceProxy;
			fileType = wrapper.cfbundle;
			path = "Cedar iOS SenTestingKit Tests.octest";
			remoteRef = F7BA62671B2233D0005B99AF /* PBXContainerItemProxy */;
			sourceTree = BUILT_PRODUCTS_DIR;
		};
		F7BA626A1B2233D0005B99AF /* XCUnitAppTests.xctest */ = {
			isa = PBXReferenceProxy;
			fileType = wrapper.cfbundle;
			path = XCUnitAppTests.xctest;
			remoteRef = F7BA62691B2233D0005B99AF /* PBXContainerItemProxy */;
			sourceTree = BUILT_PRODUCTS_DIR;
		};
		F7BA626C1B2233D0005B99AF /* Cedar OS X Host App.app */ = {
			isa = PBXReferenceProxy;
			fileType = wrapper.application;
			path = "Cedar OS X Host App.app";
			remoteRef = F7BA626B1B2233D0005B99AF /* PBXContainerItemProxy */;
			sourceTree = BUILT_PRODUCTS_DIR;
		};
		F7BA626E1B2233D0005B99AF /* Cedar OS X Host AppTests.xctest */ = {
			isa = PBXReferenceProxy;
			fileType = wrapper.cfbundle;
			path = "Cedar OS X Host AppTests.xctest";
			remoteRef = F7BA626D1B2233D0005B99AF /* PBXContainerItemProxy */;
			sourceTree = BUILT_PRODUCTS_DIR;
		};
		F7BA62701B2233D0005B99AF /* Cedar OS X Failing Test Bundle.octest */ = {
			isa = PBXReferenceProxy;
			fileType = wrapper.cfbundle;
			path = "Cedar OS X Failing Test Bundle.octest";
			remoteRef = F7BA626F1B2233D0005B99AF /* PBXContainerItemProxy */;
			sourceTree = BUILT_PRODUCTS_DIR;
		};
/* End PBXReferenceProxy section */

/* Begin PBXShellScriptBuildPhase section */
		F76B9B791B2413220028AC9A /* Rewrite ClangKit runtime search path */ = {
			isa = PBXShellScriptBuildPhase;
			buildActionMask = 2147483647;
			files = (
			);
			inputPaths = (
			);
			name = "Rewrite ClangKit runtime search path";
			outputPaths = (
			);
			runOnlyForDeploymentPostprocessing = 0;
			shellPath = /bin/sh;
			shellScript = "install_name_tool -change \"@executable_path/../Frameworks/ClangKit.framework/Versions/A/ClangKit\" \"@loader_path/../Frameworks/ClangKit.framework/Versions/A/ClangKit\" \"$INSTALL_DIR/$EXECUTABLE_PATH\"";
		};
/* End PBXShellScriptBuildPhase section */

/* Begin PBXSourcesBuildPhase section */
		960FA08B1605819F00923A87 /* Sources */ = {
			isa = PBXSourcesBuildPhase;
			buildActionMask = 2147483647;
			files = (
				960FA0A2160584AC00923A87 /* XMASBetterRefactorTools.m in Sources */,
				F7BEDD161B5C5FB800A4704B /* XMASChangeMethodSignatureController.m in Sources */,
				F7D01C151B5C603700FE62DA /* XMASObjcMethodDeclaration.m in Sources */,
				F7B1D2881B5C5F7900C28AE7 /* XMASAlert.m in Sources */,
				F7BEDD1A1B5C5FB800A4704B /* XMASWindowProvider.m in Sources */,
				F7D01C071B5C602700FE62DA /* XMASObjcMethodCall.m in Sources */,
				F7D01C131B5C603700FE62DA /* XMASComponentSwapper.m in Sources */,
				F7D01C051B5C602700FE62DA /* XMASObjcCallExpressionTokenFilter.m in Sources */,
				F7D01C091B5C602700FE62DA /* XMASObjcMethodCallParser.m in Sources */,
				F71E82BE1B59F65800BE93DC /* XMASObjcCallExpressionRewriter.m in Sources */,
				F74BBB501B273D760092AED9 /* XMASRefactorMethodAction.m in Sources */,
				969FAA5216224F4700E48B0A /* XMASEditMenu.m in Sources */,
				F7B1D28A1B5C5F7900C28AE7 /* XMASXcode.m in Sources */,
				F7D01C191B5C603700FE62DA /* XMASObjcMethodDeclarationParser.m in Sources */,
				F727495F1B4901AE00BB8483 /* XMASMethodOccurrencesRepository.m in Sources */,
				F7D01C171B5C603700FE62DA /* XMASObjcMethodDeclarationParameter.m in Sources */,
				AE07954F1B68009E000DE4C8 /* XMASObjcMethodDeclarationRewriter.m in Sources */,
				F79837601B365D44000F1EBD /* XMASRefactorMethodActionProvider.m in Sources */,
				F7D01BFD1B5C601700FE62DA /* XMASObjcTypeParser.m in Sources */,
				F7BEDD181B5C5FB800A4704B /* XMASChangeMethodSignatureControllerProvider.m in Sources */,
				AE76356C1B68266100F85396 /* XMASObjcMethodDeclarationStringWriter.m in Sources */,
				F7EA8A511B5AB78400367014 /* XMASObjcCallExpressionStringWriter.m in Sources */,
				AE71D5B21B66F5CE00E40833 /* XMASXcodeAdditions.m in Sources */,
				F70C1E5A1B5C62F600EC1801 /* XMASChangeMethodSignatureController.xib in Sources */,
			);
			runOnlyForDeploymentPostprocessing = 0;
		};
		F7BA62241B223369005B99AF /* Sources */ = {
			isa = PBXSourcesBuildPhase;
			buildActionMask = 2147483647;
			files = (
				F7B550831B294FEA006E59F9 /* XMASChangeMethodSignatureControllerSpec.mm in Sources */,
				AE7635701B68283C00F85396 /* XMASObjcMethodDeclarationStringWriterSpec.mm in Sources */,
				F70E1FB71B24375B00D971E6 /* XMASObjcMethodDeclarationParserSpec.mm in Sources */,
				F7BEDD1B1B5C5FB800A4704B /* XMASWindowProvider.m in Sources */,
				F7D321401B26C0A800729830 /* XMASRefactorMethodActionSpec.mm in Sources */,
				F73511B71B2559F100104F8C /* XMASObjcTypeParserSpec.mm in Sources */,
				F7B550811B294CEB006E59F9 /* XMASChangeMethodSignatureControllerProviderSpec.mm in Sources */,
				F74BBB5D1B273D810092AED9 /* XMASRefactorMethodAction.m in Sources */,
				F79837621B365DC2000F1EBD /* XMASEditMenu.m in Sources */,
				AE0795501B68009E000DE4C8 /* XMASObjcMethodDeclarationRewriter.m in Sources */,
				F7D01C161B5C603700FE62DA /* XMASObjcMethodDeclaration.m in Sources */,
				F7B1D28B1B5C5F7900C28AE7 /* XMASXcode.m in Sources */,
				AE07955E1B68029D000DE4C8 /* XMASObjcMethodDeclarationRewriterSpec.mm in Sources */,
				F70A03721B4B98820009B348 /* XMASObjcMethodCallParserSpec.mm in Sources */,
				F79837651B365F68000F1EBD /* XMASRefactorMethodActionProviderSpec.mm in Sources */,
				F7BEDD171B5C5FB800A4704B /* XMASChangeMethodSignatureController.m in Sources */,
				F70E1FC61B24DA1300D971E6 /* XMASObjcSelectorSpec.mm in Sources */,
				F7D01C0A1B5C602700FE62DA /* XMASObjcMethodCallParser.m in Sources */,
				F7F09FF41B281A1F00727AD7 /* XMASWindowProviderSpec.mm in Sources */,
				F71E82BF1B59F65800BE93DC /* XMASObjcCallExpressionRewriter.m in Sources */,
				F72749601B4901AE00BB8483 /* XMASMethodOccurrencesRepository.m in Sources */,
				F70A034C1B49D0910009B348 /* XMASMethodOccurrencesRepositorySpec.mm in Sources */,
				F7D01BFE1B5C601700FE62DA /* XMASObjcTypeParser.m in Sources */,
				F7EA8A521B5AB78400367014 /* XMASObjcCallExpressionStringWriter.m in Sources */,
				F7D01C081B5C602700FE62DA /* XMASObjcMethodCall.m in Sources */,
				F7BEDD191B5C5FB800A4704B /* XMASChangeMethodSignatureControllerProvider.m in Sources */,
				F7BA62301B223369005B99AF /* main.m in Sources */,
				F7EA8A601B5AB7FF00367014 /* XMASObjcCallExpressionStringWriterSpec.mm in Sources */,
				F798375D1B365CAE000F1EBD /* XMASEditMenuSpec.mm in Sources */,
				F7D01C181B5C603700FE62DA /* XMASObjcMethodDeclarationParameter.m in Sources */,
				AE76356D1B68266100F85396 /* XMASObjcMethodDeclarationStringWriter.m in Sources */,
				F71E82C11B59F67600BE93DC /* XMASObjcCallExpressionRewriterSpec.mm in Sources */,
				F7D01C1A1B5C603700FE62DA /* XMASObjcMethodDeclarationParser.m in Sources */,
				F74C39D61B3D1A280002FC97 /* XMASComponentSwapperSpec.mm in Sources */,
				F7D01C061B5C602700FE62DA /* XMASObjcCallExpressionTokenFilter.m in Sources */,
				F7B1D2891B5C5F7900C28AE7 /* XMASAlert.m in Sources */,
				F79837611B365D49000F1EBD /* XMASRefactorMethodActionProvider.m in Sources */,
				F761C3DB1B56E2D200A41589 /* XMASObjcCallExpressionTokenFilterSpec.mm in Sources */,
				F7D01C141B5C603700FE62DA /* XMASComponentSwapper.m in Sources */,
				F70C1E671B5C630800EC1801 /* XMASChangeMethodSignatureController.xib in Sources */,
			);
			runOnlyForDeploymentPostprocessing = 0;
		};
/* End PBXSourcesBuildPhase section */

/* Begin PBXTargetDependency section */
		96387018161816B900BE29E7 /* PBXTargetDependency */ = {
			isa = PBXTargetDependency;
			target = 96387012161815C600BE29E7 /* Clean */;
			targetProxy = 96387017161816B900BE29E7 /* PBXContainerItemProxy */;
		};
		F7BA62721B2233E5005B99AF /* PBXTargetDependency */ = {
			isa = PBXTargetDependency;
			name = Cedar;
			targetProxy = F7BA62711B2233E5005B99AF /* PBXContainerItemProxy */;
		};
/* End PBXTargetDependency section */

/* Begin XCBuildConfiguration section */
		960FA09B160581A000923A87 /* Debug */ = {
			isa = XCBuildConfiguration;
			buildSettings = {
				CLANG_WARN__DUPLICATE_METHOD_MATCH = YES;
				GCC_C_LANGUAGE_STANDARD = c99;
				GCC_OPTIMIZATION_LEVEL = 0;
				GCC_PREPROCESSOR_DEFINITIONS = (
					"DEBUG=1",
					"$(inherited)",
				);
				GCC_TREAT_WARNINGS_AS_ERRORS = YES;
				GCC_WARN_64_TO_32_BIT_CONVERSION = YES;
				GCC_WARN_ABOUT_RETURN_TYPE = YES;
				GCC_WARN_UNINITIALIZED_AUTOS = YES;
				GCC_WARN_UNUSED_VARIABLE = YES;
				INSTALL_PATH = "$(HOME)/Library/Application Support/Developer/Shared/Xcode/Plug-ins";
				MACOSX_DEPLOYMENT_TARGET = 10.10;
				ONLY_ACTIVE_ARCH = YES;
				SDKROOT = macosx;
			};
			name = Debug;
		};
		960FA09C160581A000923A87 /* Release */ = {
			isa = XCBuildConfiguration;
			buildSettings = {
				CLANG_WARN__DUPLICATE_METHOD_MATCH = YES;
				DEBUG_INFORMATION_FORMAT = "dwarf-with-dsym";
				GCC_C_LANGUAGE_STANDARD = c99;
				GCC_OPTIMIZATION_LEVEL = 0;
				GCC_TREAT_WARNINGS_AS_ERRORS = YES;
				GCC_WARN_64_TO_32_BIT_CONVERSION = YES;
				GCC_WARN_ABOUT_RETURN_TYPE = YES;
				GCC_WARN_UNINITIALIZED_AUTOS = YES;
				GCC_WARN_UNUSED_VARIABLE = YES;
				INSTALL_PATH = "$(HOME)/Library/Application Support/Developer/Shared/Xcode/Plug-ins";
				MACOSX_DEPLOYMENT_TARGET = 10.10;
				SDKROOT = macosx;
			};
			name = Release;
		};
		960FA09E160581A000923A87 /* Debug */ = {
			isa = XCBuildConfiguration;
			buildSettings = {
				CLANG_ENABLE_OBJC_ARC = YES;
				CLANG_WARN_DEPRECATED_OBJC_IMPLEMENTATIONS = YES;
				CLANG_WARN_IMPLICIT_SIGN_CONVERSION = YES;
				CLANG_WARN_OBJC_IMPLICIT_ATOMIC_PROPERTIES = YES;
				CLANG_WARN_OBJC_MISSING_PROPERTY_SYNTHESIS = NO;
				CLANG_WARN_SUSPICIOUS_IMPLICIT_CONVERSION = YES;
				COMBINE_HIDPI_IMAGES = YES;
				COPY_PHASE_STRIP = NO;
				DEPLOYMENT_LOCATION = YES;
				DEPLOYMENT_POSTPROCESSING = YES;
				DSTROOT = "$(HOME)";
				FRAMEWORK_SEARCH_PATHS = (
					"$(inherited)",
					"$(PROJECT_DIR)/Externals/**",
				);
				GCC_ENABLE_OBJC_GC = unsupported;
				GCC_MODEL_TUNING = G5;
				GCC_TREAT_IMPLICIT_FUNCTION_DECLARATIONS_AS_ERRORS = YES;
				GCC_TREAT_INCOMPATIBLE_POINTER_TYPE_WARNINGS_AS_ERRORS = YES;
				GCC_TREAT_WARNINGS_AS_ERRORS = YES;
				GCC_WARN_ABOUT_MISSING_FIELD_INITIALIZERS = YES;
				GCC_WARN_ABOUT_MISSING_NEWLINE = YES;
				GCC_WARN_ABOUT_MISSING_PROTOTYPES = YES;
				GCC_WARN_SHADOW = YES;
				GCC_WARN_STRICT_SELECTOR_MATCH = YES;
				GCC_WARN_UNDECLARED_SELECTOR = YES;
				INFOPLIST_FILE = XcodeBetterRefactorTools/Info.plist;
				INSTALL_PATH = "/Library/Application Support/Developer/Shared/Xcode/Plug-ins";
				LD_RUNPATH_SEARCH_PATHS = "/Developer @loader_path/../Frameworks/ @executable_path/../Frameworks";
				PRODUCT_NAME = "$(TARGET_NAME)";
				STRIP_INSTALLED_PRODUCT = NO;
				WRAPPER_EXTENSION = xcplugin;
			};
			name = Debug;
		};
		960FA09F160581A000923A87 /* Release */ = {
			isa = XCBuildConfiguration;
			buildSettings = {
				CLANG_ENABLE_OBJC_ARC = YES;
				CLANG_WARN_DEPRECATED_OBJC_IMPLEMENTATIONS = YES;
				CLANG_WARN_IMPLICIT_SIGN_CONVERSION = YES;
				CLANG_WARN_OBJC_IMPLICIT_ATOMIC_PROPERTIES = YES;
				CLANG_WARN_OBJC_MISSING_PROPERTY_SYNTHESIS = NO;
				CLANG_WARN_SUSPICIOUS_IMPLICIT_CONVERSION = YES;
				COMBINE_HIDPI_IMAGES = YES;
				COPY_PHASE_STRIP = NO;
				DEPLOYMENT_LOCATION = YES;
				DEPLOYMENT_POSTPROCESSING = YES;
				DSTROOT = "$(HOME)";
				FRAMEWORK_SEARCH_PATHS = (
					"$(inherited)",
					"$(PROJECT_DIR)/Externals/**",
				);
				GCC_ENABLE_OBJC_GC = unsupported;
				GCC_MODEL_TUNING = G5;
				GCC_TREAT_IMPLICIT_FUNCTION_DECLARATIONS_AS_ERRORS = YES;
				GCC_TREAT_INCOMPATIBLE_POINTER_TYPE_WARNINGS_AS_ERRORS = YES;
				GCC_TREAT_WARNINGS_AS_ERRORS = YES;
				GCC_WARN_ABOUT_MISSING_FIELD_INITIALIZERS = YES;
				GCC_WARN_ABOUT_MISSING_NEWLINE = YES;
				GCC_WARN_ABOUT_MISSING_PROTOTYPES = YES;
				GCC_WARN_SHADOW = YES;
				GCC_WARN_STRICT_SELECTOR_MATCH = YES;
				GCC_WARN_UNDECLARED_SELECTOR = YES;
				INFOPLIST_FILE = XcodeBetterRefactorTools/Info.plist;
				INSTALL_PATH = "/Library/Application Support/Developer/Shared/Xcode/Plug-ins";
				LD_RUNPATH_SEARCH_PATHS = "/Developer @loader_path/../Frameworks/ @executable_path/../Frameworks";
				PRODUCT_NAME = "$(TARGET_NAME)";
				STRIP_INSTALLED_PRODUCT = NO;
				WRAPPER_EXTENSION = xcplugin;
			};
			name = Release;
		};
		96387014161815C600BE29E7 /* Debug */ = {
			isa = XCBuildConfiguration;
			buildSettings = {
				ALWAYS_SEARCH_USER_PATHS = NO;
				CLANG_CXX_LANGUAGE_STANDARD = "gnu++0x";
				COMBINE_HIDPI_IMAGES = YES;
				COPY_PHASE_STRIP = NO;
				DEBUGGING_SYMBOLS = YES;
				GCC_C_LANGUAGE_STANDARD = gnu99;
				GCC_DYNAMIC_NO_PIC = NO;
				GCC_ENABLE_OBJC_EXCEPTIONS = YES;
				GCC_GENERATE_DEBUGGING_SYMBOLS = YES;
				GCC_OPTIMIZATION_LEVEL = 0;
				GCC_SYMBOLS_PRIVATE_EXTERN = NO;
				MACOSX_DEPLOYMENT_TARGET = 10.8;
				ONLY_ACTIVE_ARCH = YES;
				OTHER_CFLAGS = "";
				OTHER_LDFLAGS = "";
				PRODUCT_NAME = "$(TARGET_NAME)";
			};
			name = Debug;
		};
		96387015161815C600BE29E7 /* Release */ = {
			isa = XCBuildConfiguration;
			buildSettings = {
				ALWAYS_SEARCH_USER_PATHS = NO;
				CLANG_CXX_LANGUAGE_STANDARD = "gnu++0x";
				COMBINE_HIDPI_IMAGES = YES;
				COPY_PHASE_STRIP = YES;
				GCC_C_LANGUAGE_STANDARD = gnu99;
				GCC_ENABLE_OBJC_EXCEPTIONS = YES;
				MACOSX_DEPLOYMENT_TARGET = 10.8;
				OTHER_CFLAGS = "";
				OTHER_LDFLAGS = "";
				PRODUCT_NAME = "$(TARGET_NAME)";
			};
			name = Release;
		};
		F7BA62421B22336A005B99AF /* Debug */ = {
			isa = XCBuildConfiguration;
			buildSettings = {
				ALWAYS_SEARCH_USER_PATHS = NO;
				ASSETCATALOG_COMPILER_APPICON_NAME = AppIcon;
				CLANG_CXX_LANGUAGE_STANDARD = "gnu++0x";
				CLANG_CXX_LIBRARY = "libc++";
				CLANG_ENABLE_MODULES = YES;
				CLANG_ENABLE_OBJC_ARC = YES;
				CLANG_WARN_BOOL_CONVERSION = YES;
				CLANG_WARN_CONSTANT_CONVERSION = YES;
				CLANG_WARN_DIRECT_OBJC_ISA_USAGE = YES_ERROR;
				CLANG_WARN_EMPTY_BODY = YES;
				CLANG_WARN_ENUM_CONVERSION = YES;
				CLANG_WARN_INT_CONVERSION = YES;
				CLANG_WARN_OBJC_ROOT_CLASS = YES_ERROR;
				CLANG_WARN_UNREACHABLE_CODE = YES;
				CODE_SIGN_IDENTITY = "";
				COMBINE_HIDPI_IMAGES = YES;
				COPY_PHASE_STRIP = NO;
				DEBUG_INFORMATION_FORMAT = dwarf;
				ENABLE_STRICT_OBJC_MSGSEND = YES;
				FRAMEWORK_SEARCH_PATHS = (
					"$(SRCROOT)/Externals/Cedar/**",
					"$(PROJECT_DIR)/Externals",
				);
				GCC_C_LANGUAGE_STANDARD = gnu99;
				GCC_DYNAMIC_NO_PIC = NO;
				GCC_NO_COMMON_BLOCKS = YES;
				GCC_PREPROCESSOR_DEFINITIONS = (
					"DEBUG=1",
					"$(inherited)",
				);
				GCC_SYMBOLS_PRIVATE_EXTERN = NO;
				GCC_TREAT_WARNINGS_AS_ERRORS = YES;
				GCC_WARN_ABOUT_RETURN_TYPE = YES_ERROR;
				GCC_WARN_UNDECLARED_SELECTOR = YES;
				GCC_WARN_UNINITIALIZED_AUTOS = YES_AGGRESSIVE;
				GCC_WARN_UNUSED_FUNCTION = YES;
				INFOPLIST_FILE = Specs/Info.plist;
				LD_RUNPATH_SEARCH_PATHS = "$(inherited) @executable_path/../Frameworks";
				MACOSX_DEPLOYMENT_TARGET = 10.10;
				MTL_ENABLE_DEBUG_INFO = YES;
				ONLY_ACTIVE_ARCH = YES;
				PRODUCT_NAME = "$(TARGET_NAME)";
			};
			name = Debug;
		};
		F7BA62431B22336A005B99AF /* Release */ = {
			isa = XCBuildConfiguration;
			buildSettings = {
				ALWAYS_SEARCH_USER_PATHS = NO;
				ASSETCATALOG_COMPILER_APPICON_NAME = AppIcon;
				CLANG_CXX_LANGUAGE_STANDARD = "gnu++0x";
				CLANG_CXX_LIBRARY = "libc++";
				CLANG_ENABLE_MODULES = YES;
				CLANG_ENABLE_OBJC_ARC = YES;
				CLANG_WARN_BOOL_CONVERSION = YES;
				CLANG_WARN_CONSTANT_CONVERSION = YES;
				CLANG_WARN_DIRECT_OBJC_ISA_USAGE = YES_ERROR;
				CLANG_WARN_EMPTY_BODY = YES;
				CLANG_WARN_ENUM_CONVERSION = YES;
				CLANG_WARN_INT_CONVERSION = YES;
				CLANG_WARN_OBJC_ROOT_CLASS = YES_ERROR;
				CLANG_WARN_UNREACHABLE_CODE = YES;
				CODE_SIGN_IDENTITY = "";
				COMBINE_HIDPI_IMAGES = YES;
				COPY_PHASE_STRIP = NO;
				ENABLE_NS_ASSERTIONS = NO;
				ENABLE_STRICT_OBJC_MSGSEND = YES;
				FRAMEWORK_SEARCH_PATHS = (
					"$(SRCROOT)/Externals/Cedar/**",
					"$(PROJECT_DIR)/Externals",
				);
				GCC_C_LANGUAGE_STANDARD = gnu99;
				GCC_NO_COMMON_BLOCKS = YES;
				GCC_TREAT_WARNINGS_AS_ERRORS = YES;
				GCC_WARN_ABOUT_RETURN_TYPE = YES_ERROR;
				GCC_WARN_UNDECLARED_SELECTOR = YES;
				GCC_WARN_UNINITIALIZED_AUTOS = YES_AGGRESSIVE;
				GCC_WARN_UNUSED_FUNCTION = YES;
				INFOPLIST_FILE = Specs/Info.plist;
				LD_RUNPATH_SEARCH_PATHS = "$(inherited) @executable_path/../Frameworks";
				MACOSX_DEPLOYMENT_TARGET = 10.10;
				MTL_ENABLE_DEBUG_INFO = NO;
				PRODUCT_NAME = "$(TARGET_NAME)";
			};
			name = Release;
		};
/* End XCBuildConfiguration section */

/* Begin XCConfigurationList section */
		960FA0891605819F00923A87 /* Build configuration list for PBXProject "XcodeBetterRefactorTools" */ = {
			isa = XCConfigurationList;
			buildConfigurations = (
				960FA09B160581A000923A87 /* Debug */,
				960FA09C160581A000923A87 /* Release */,
			);
			defaultConfigurationIsVisible = 0;
			defaultConfigurationName = Release;
		};
		960FA09D160581A000923A87 /* Build configuration list for PBXNativeTarget "XcodeBetterRefactorTools" */ = {
			isa = XCConfigurationList;
			buildConfigurations = (
				960FA09E160581A000923A87 /* Debug */,
				960FA09F160581A000923A87 /* Release */,
			);
			defaultConfigurationIsVisible = 0;
			defaultConfigurationName = Release;
		};
		96387013161815C600BE29E7 /* Build configuration list for PBXLegacyTarget "Clean" */ = {
			isa = XCConfigurationList;
			buildConfigurations = (
				96387014161815C600BE29E7 /* Debug */,
				96387015161815C600BE29E7 /* Release */,
			);
			defaultConfigurationIsVisible = 0;
			defaultConfigurationName = Release;
		};
		F7BA62461B22336A005B99AF /* Build configuration list for PBXNativeTarget "Specs" */ = {
			isa = XCConfigurationList;
			buildConfigurations = (
				F7BA62421B22336A005B99AF /* Debug */,
				F7BA62431B22336A005B99AF /* Release */,
			);
			defaultConfigurationIsVisible = 0;
			defaultConfigurationName = Release;
		};
/* End XCConfigurationList section */
	};
	rootObject = 960FA0861605819F00923A87 /* Project object */;
}
